<?xml version="1.0" encoding="utf-8"?>
<Project ToolsVersion="14.0" xmlns="http://schemas.microsoft.com/developer/msbuild/2003">
  <ItemGroup>
    <ClCompile Include="src\btv_l1.cpp">
      <Filter>Src</Filter>
    </ClCompile>
    <ClCompile Include="src\btv_l1_cuda.cpp">
      <Filter>Src</Filter>
    </ClCompile>
    <ClCompile Include="src\frame_source.cpp">
      <Filter>Src</Filter>
    </ClCompile>
    <ClCompile Include="src\input_array_utility.cpp">
      <Filter>Src</Filter>
    </ClCompile>
    <ClCompile Include="src\optical_flow.cpp">
      <Filter>Src</Filter>
    </ClCompile>
    <ClCompile Include="src\super_resolution.cpp">
      <Filter>Src</Filter>
    </ClCompile>
    <ClCompile Include="opencl_kernels_superres.cpp">
      <Filter>Src\opencl\kernels\autogenerated</Filter>
    </ClCompile>
    <ClCompile Include="opencv_superres_pch.cpp">
      <Filter>Src</Filter>
    </ClCompile>
  </ItemGroup>
  <ItemGroup>
    <ClInclude Include="include\opencv2\superres.hpp">
      <Filter>Include\opencv2</Filter>
    </ClInclude>
    <ClInclude Include="include\opencv2\superres\optical_flow.hpp">
      <Filter>Include\opencv2\superres</Filter>
    </ClInclude>
    <ClInclude Include="opencl_kernels_superres.hpp">
      <Filter>Src\opencl\kernels\autogenerated</Filter>
    </ClInclude>
    <ClInclude Include="src\input_array_utility.hpp">
      <Filter>Src</Filter>
    </ClInclude>
    <ClInclude Include="src\precomp.hpp">
      <Filter>Src</Filter>
    </ClInclude>
    <ClInclude Include="src\ring_buffer.hpp">
      <Filter>Src</Filter>
    </ClInclude>
    <ClInclude Include="..\..\cvconfig.h">
      <Filter>Include</Filter>
    </ClInclude>
    <ClInclude Include="..\..\opencv2\opencv_modules.hpp">
      <Filter>Include</Filter>
    </ClInclude>
  </ItemGroup>
  <ItemGroup>
    <None Include="src\opencl\superres_btvl1.cl">
      <Filter>Src\opencl\kernels</Filter>
    </None>
  </ItemGroup>
  <ItemGroup>
    <Filter Include="Include\opencv2">
      <UniqueIdentifier>{8750B385-9140-448F-99BB-233E082AF528}</UniqueIdentifier>
    </Filter>
    <Filter Include="Include\opencv2\superres">
      <UniqueIdentifier>{238AFEBD-A8AD-46C4-98F4-3D78C2528017}</UniqueIdentifier>
    </Filter>
    <Filter Include="Src\opencl">
      <UniqueIdentifier>{70147B57-CEDA-42CD-92D3-16C9B999534E}</UniqueIdentifier>
    </Filter>
    <Filter Include="Src\opencl\kernels">
      <UniqueIdentifier>{8EABD7EE-7A20-4ABE-94CC-2AC9D0168367}</UniqueIdentifier>
    </Filter>
    <Filter Include="Src\opencl\kernels\autogenerated">
      <UniqueIdentifier>{1B6437DB-2070-4C78-8F92-56CCFF03206D}</UniqueIdentifier>
    </Filter>
    <Filter Include="Src">
      <UniqueIdentifier>{CCD6B23C-58E5-49C5-805C-75D556D2D3DB}</UniqueIdentifier>
    </Filter>
    <Filter Include="Include">
      <UniqueIdentifier>{138C8725-9984-4E38-93C3-432FA044E89A}</UniqueIdentifier>
    </Filter>
  </ItemGroup>
</Project>