<?xml version="1.0" encoding="utf-8"?>
<Project ToolsVersion="14.0" xmlns="http://schemas.microsoft.com/developer/msbuild/2003">
  <ItemGroup>
    <ClCompile Include="caffe.pb.cc">
      <Filter>Src\protobuf</Filter>
    </ClCompile>
    <ClCompile Include="opencl_kernels_dnn.cpp">
      <Filter>Src\opencl\kernels\autogenerated</Filter>
    </ClCompile>
    <ClCompile Include="opencv_dnn_pch.cpp">
      <Filter>Src</Filter>
    </ClCompile>
    <ClCompile Include="src\blob.cpp" />
    <ClCompile Include="src\caffe\caffe_importer.cpp" />
    <ClCompile Include="src\caffe\caffe_io.cpp" />
    <ClCompile Include="src\dnn.cpp" />
    <ClCompile Include="src\init.cpp" />
    <ClCompile Include="src\layers\concat_layer.cpp" />
    <ClCompile Include="src\layers\convolution_layer.cpp" />
    <ClCompile Include="src\layers\fully_connected_layer.cpp" />
    <ClCompile Include="src\layers\im2col.cpp" />
    <ClCompile Include="src\layers\layers_common.cpp" />
    <ClCompile Include="src\layers\lrn_layer.cpp" />
    <ClCompile Include="src\layers\mvn_layer.cpp" />
    <ClCompile Include="src\layers\pooling_layer.cpp" />
    <ClCompile Include="src\layers\reshape_layer.cpp" />
    <ClCompile Include="src\layers\slice_layer.cpp" />
    <ClCompile Include="src\layers\softmax_layer.cpp" />
    <ClCompile Include="src\layers\split_layer.cpp" />
    <ClCompile Include="src\torch\THDiskFile.cpp" />
    <ClCompile Include="src\torch\THFile.cpp" />
    <ClCompile Include="src\torch\THGeneral.cpp" />
    <ClCompile Include="src\torch\torch_importer.cpp" />
  </ItemGroup>
  <ItemGroup>
    <ClInclude Include="caffe.pb.h">
      <Filter>Src\protobuf</Filter>
    </ClInclude>
    <ClInclude Include="opencl_kernels_dnn.hpp">
      <Filter>Src\opencl\kernels\autogenerated</Filter>
    </ClInclude>
    <ClInclude Include="..\..\cvconfig.h">
      <Filter>Include</Filter>
    </ClInclude>
    <ClInclude Include="..\..\opencv2\opencv_modules.hpp">
      <Filter>Include</Filter>
    </ClInclude>
    <ClInclude Include="include\opencv2\dnn.hpp" />
    <ClInclude Include="include\opencv2\dnn\blob.hpp" />
    <ClInclude Include="include\opencv2\dnn\blob.inl.hpp" />
    <ClInclude Include="include\opencv2\dnn\dict.hpp" />
    <ClInclude Include="include\opencv2\dnn\dnn.hpp" />
    <ClInclude Include="include\opencv2\dnn\dnn.inl.hpp" />
    <ClInclude Include="include\opencv2\dnn\layer.hpp" />
    <ClInclude Include="src\caffe\caffe_io.hpp" />
    <ClInclude Include="src\caffe\glog_emulator.hpp" />
    <ClInclude Include="src\layers\blank_layer.hpp" />
    <ClInclude Include="src\layers\concat_layer.hpp" />
    <ClInclude Include="src\layers\convolution_layer.hpp" />
    <ClInclude Include="src\layers\elementwise_layers.hpp" />
    <ClInclude Include="src\layers\fully_connected_layer.hpp" />
    <ClInclude Include="src\layers\im2col.hpp" />
    <ClInclude Include="src\layers\layers_common.hpp" />
    <ClInclude Include="src\layers\lrn_layer.hpp" />
    <ClInclude Include="src\layers\mvn_layer.hpp" />
    <ClInclude Include="src\layers\pooling_layer.hpp" />
    <ClInclude Include="src\layers\reshape_layer.hpp" />
    <ClInclude Include="src\layers\slice_layer.hpp" />
    <ClInclude Include="src\layers\softmax_layer.hpp" />
    <ClInclude Include="src\layers\split_layer.hpp" />
    <ClInclude Include="src\precomp.hpp" />
    <ClInclude Include="src\torch\THDiskFile.h" />
    <ClInclude Include="src\torch\THFile.h" />
    <ClInclude Include="src\torch\THFilePrivate.h" />
    <ClInclude Include="src\torch\THGeneral.h" />
  </ItemGroup>
  <ItemGroup>
    <None Include="src\opencl\im2col.cl" />
  </ItemGroup>
  <ItemGroup>
    <Filter Include="Src\caffe">
      <UniqueIdentifier>{F43C407D-419A-4B05-9374-6AE1C093E176}</UniqueIdentifier>
    </Filter>
    <Filter Include="Src\layers">
      <UniqueIdentifier>{9ACD8C9C-BC5C-425C-917C-E806F526CB3C}</UniqueIdentifier>
    </Filter>
    <Filter Include="Src\torch">
      <UniqueIdentifier>{42737599-1775-434A-BDCD-CBDD48B73532}</UniqueIdentifier>
    </Filter>
    <Filter Include="Src\opencl">
      <UniqueIdentifier>{70147B57-CEDA-42CD-92D3-16C9B999534E}</UniqueIdentifier>
    </Filter>
    <Filter Include="Src\protobuf">
      <UniqueIdentifier>{7702AE00-50DF-4FDE-9395-310AC7F46E0A}</UniqueIdentifier>
    </Filter>
    <Filter Include="Src\opencl\kernels\autogenerated">
      <UniqueIdentifier>{1B6437DB-2070-4C78-8F92-56CCFF03206D}</UniqueIdentifier>
    </Filter>
    <Filter Include="Include\opencv2\dnn">
      <UniqueIdentifier>{8D28513F-E7F8-4672-89D1-1F0C50A7014F}</UniqueIdentifier>
    </Filter>
    <Filter Include="Src\opencl\kernels">
      <UniqueIdentifier>{8EABD7EE-7A20-4ABE-94CC-2AC9D0168367}</UniqueIdentifier>
    </Filter>
    <Filter Include="Include\opencv2">
      <UniqueIdentifier>{8750B385-9140-448F-99BB-233E082AF528}</UniqueIdentifier>
    </Filter>
    <Filter Include="Src">
      <UniqueIdentifier>{CCD6B23C-58E5-49C5-805C-75D556D2D3DB}</UniqueIdentifier>
    </Filter>
    <Filter Include="Include">
      <UniqueIdentifier>{138C8725-9984-4E38-93C3-432FA044E89A}</UniqueIdentifier>
    </Filter>
  </ItemGroup>
</Project>