<?xml version="1.0" encoding="utf-8"?>
<Project ToolsVersion="14.0" xmlns="http://schemas.microsoft.com/developer/msbuild/2003">
  <ItemGroup>
    <ClCompile Include="opencv_stereo_pch.cpp">
      <Filter>Src</Filter>
    </ClCompile>
    <ClCompile Include="src\descriptor.cpp" />
    <ClCompile Include="src\stereo_binary_bm.cpp" />
    <ClCompile Include="src\stereo_binary_sgbm.cpp" />
  </ItemGroup>
  <ItemGroup>
    <ClInclude Include="..\..\cvconfig.h">
      <Filter>Include</Filter>
    </ClInclude>
    <ClInclude Include="..\..\opencv2\opencv_modules.hpp">
      <Filter>Include</Filter>
    </ClInclude>
    <ClInclude Include="include\opencv2\stereo.hpp" />
    <ClInclude Include="include\opencv2\stereo\descriptor.hpp" />
    <ClInclude Include="include\opencv2\stereo\matching.hpp" />
    <ClInclude Include="include\opencv2\stereo\stereo.hpp" />
    <ClInclude Include="src\precomp.hpp" />
  </ItemGroup>
  <ItemGroup>
    <Filter Include="Include\opencv2">
      <UniqueIdentifier>{8750B385-9140-448F-99BB-233E082AF528}</UniqueIdentifier>
    </Filter>
    <Filter Include="Include\opencv2\stereo">
      <UniqueIdentifier>{2528E344-6307-48E3-B520-6A02A979BC81}</UniqueIdentifier>
    </Filter>
    <Filter Include="Src">
      <UniqueIdentifier>{CCD6B23C-58E5-49C5-805C-75D556D2D3DB}</UniqueIdentifier>
    </Filter>
    <Filter Include="Include">
      <UniqueIdentifier>{138C8725-9984-4E38-93C3-432FA044E89A}</UniqueIdentifier>
    </Filter>
  </ItemGroup>
</Project>