<?xml version="1.0" encoding="utf-8"?>
<Project ToolsVersion="14.0" xmlns="http://schemas.microsoft.com/developer/msbuild/2003">
  <ItemGroup>
    <ClCompile Include="opencv_surface_matching_pch.cpp">
      <Filter>Src</Filter>
    </ClCompile>
    <ClCompile Include="src\icp.cpp" />
    <ClCompile Include="src\pose_3d.cpp" />
    <ClCompile Include="src\ppf_helpers.cpp" />
    <ClCompile Include="src\ppf_match_3d.cpp" />
    <ClCompile Include="src\t_hash_int.cpp" />
  </ItemGroup>
  <ItemGroup>
    <ClInclude Include="..\..\cvconfig.h">
      <Filter>Include</Filter>
    </ClInclude>
    <ClInclude Include="..\..\opencv2\opencv_modules.hpp">
      <Filter>Include</Filter>
    </ClInclude>
    <ClInclude Include="include\opencv2\surface_matching.hpp" />
    <ClInclude Include="include\opencv2\surface_matching\icp.hpp" />
    <ClInclude Include="include\opencv2\surface_matching\pose_3d.hpp" />
    <ClInclude Include="include\opencv2\surface_matching\ppf_helpers.hpp" />
    <ClInclude Include="include\opencv2\surface_matching\ppf_match_3d.hpp" />
    <ClInclude Include="include\opencv2\surface_matching\t_hash_int.hpp" />
    <ClInclude Include="src\c_utils.hpp" />
    <ClInclude Include="src\hash_murmur.hpp" />
    <ClInclude Include="src\hash_murmur64.hpp" />
    <ClInclude Include="src\hash_murmur86.hpp" />
    <ClInclude Include="src\precomp.hpp" />
  </ItemGroup>
  <ItemGroup>
    <Filter Include="Include\opencv2\surface_matching">
      <UniqueIdentifier>{125FEA9C-5FD6-443D-993C-9E71F53E12EC}</UniqueIdentifier>
    </Filter>
    <Filter Include="Include\opencv2">
      <UniqueIdentifier>{8750B385-9140-448F-99BB-233E082AF528}</UniqueIdentifier>
    </Filter>
    <Filter Include="Src">
      <UniqueIdentifier>{CCD6B23C-58E5-49C5-805C-75D556D2D3DB}</UniqueIdentifier>
    </Filter>
    <Filter Include="Include">
      <UniqueIdentifier>{138C8725-9984-4E38-93C3-432FA044E89A}</UniqueIdentifier>
    </Filter>
  </ItemGroup>
</Project>