<?xml version="1.0" encoding="utf-8"?>
<Project ToolsVersion="14.0" xmlns="http://schemas.microsoft.com/developer/msbuild/2003">
  <ItemGroup>
    <ClCompile Include="opencv_aruco_pch.cpp">
      <Filter>Src</Filter>
    </ClCompile>
    <ClCompile Include="src\aruco.cpp" />
    <ClCompile Include="src\charuco.cpp" />
    <ClCompile Include="src\dictionary.cpp" />
  </ItemGroup>
  <ItemGroup>
    <ClInclude Include="..\..\cvconfig.h">
      <Filter>Include</Filter>
    </ClInclude>
    <ClInclude Include="..\..\opencv2\opencv_modules.hpp">
      <Filter>Include</Filter>
    </ClInclude>
    <ClInclude Include="include\opencv2\aruco.hpp" />
    <ClInclude Include="include\opencv2\aruco\charuco.hpp" />
    <ClInclude Include="include\opencv2\aruco\dictionary.hpp" />
    <ClInclude Include="src\precomp.hpp" />
    <ClInclude Include="src\predefined_dictionaries.hpp" />
  </ItemGroup>
  <ItemGroup>
    <Filter Include="Include\opencv2\aruco">
      <UniqueIdentifier>{275FBF27-91E1-4722-A549-71B7CF73B15B}</UniqueIdentifier>
    </Filter>
    <Filter Include="Include\opencv2">
      <UniqueIdentifier>{8750B385-9140-448F-99BB-233E082AF528}</UniqueIdentifier>
    </Filter>
    <Filter Include="Src">
      <UniqueIdentifier>{CCD6B23C-58E5-49C5-805C-75D556D2D3DB}</UniqueIdentifier>
    </Filter>
    <Filter Include="Include">
      <UniqueIdentifier>{138C8725-9984-4E38-93C3-432FA044E89A}</UniqueIdentifier>
    </Filter>
  </ItemGroup>
</Project>