// !$*UTF8*$!
{
	archiveVersion = 1;
	classes = {
	};
	objectVersion = 46;
	objects = {

/* Begin PBXFileReference section */
		95C2EB12A0EA07BC9CF18152 /* Test */ = {isa = PBXFileReference; explicitFileType = wrapper.application; includeInIndex = 0; name = Test; path = Test.app; sourceTree = BUILT_PRODUCTS_DIR; };
/* End PBXFileReference section */

/* Begin PBXFrameworksBuildPhase section */
		FD378B937BC99E3DBB53E1D3 /* Frameworks */ = {
			isa = PBXFrameworksBuildPhase;
			buildActionMask = 2147483647;
			files = (
			);
			runOnlyForDeploymentPostprocessing = 0;
		};
/* End PBXFrameworksBuildPhase section */

/* Begin PBXGroup section */
		5AC394B66C3E75A08E8452F6 /* Test */ = {
			isa = PBXGroup;
			children = (
				EA8E290FE2272BF9B2E0274F /* Products */,
			);
			name = Test;
			sourceTree = "<group>";
		};
		EA8E290FE2272BF9B2E0274F /* Products */ = {
			isa = PBXGroup;
			children = (
				95C2EB12A0EA07BC9CF18152 /* Test */,
			);
			name = Products;
			sourceTree = "<group>";
		};
/* End PBXGroup section */

/* Begin PBXHeadersBuildPhase section */
/* End PBXHeadersBuildPhase section */

/* Begin PBXNativeTarget section */
		B46A4BB85F6B7B2228FF19F8 /* Test */ = {
			isa = PBXNativeTarget;
			buildConfigurationList = D959E75257EBF9FC97763D92 /* Build configuration list for PBXNativeTarget "Test" */;
			buildPhases = (
				7F087033FD9A82DD3D24C673 /* Resources */,
				18BDF7EA97500A94D6DA4E2A /* Sources */,
				FD378B937BC99E3DBB53E1D3 /* Frameworks */,
				1924D35EF0B2DDC8A10C819E /* Embed Frameworks */,
			);
			buildRules = (
			);
			dependencies = (
			);
			name = Test;
			productInstallPath = "$(HOME)/Applications";
			productName = Test;
			productReference = 95C2EB12A0EA07BC9CF18152 /* Test */;
			productType = "com.apple.product-type.application";
		};
/* End PBXNativeTarget section */

/* Begin PBXProject section */
		08FB7793FE84155DC02AAC07 /* Project object */ = {
			isa = PBXProject;
			attributes = {
				TargetAttributes = {
					B46A4BB85F6B7B2228FF19F8 = {
					};
				};
			};
			buildConfigurationList = 1DEB928908733DD80010E9CD /* Build configuration list for PBXProject "Test" */;
			compatibilityVersion = "Xcode 3.2";
			hasScannedForEncodings = 1;
			mainGroup = 5AC394B66C3E75A08E8452F6 /* Test */;
			productRefGroup = EAC2B69CF3FB2AC6FA98FCDC /* Products */;
			projectDirPath = "";
			projectRoot = "";
			targets = (
				B46A4BB85F6B7B2228FF19F8 /* Test */,
			);
		};
/* End PBXProject section */

/* Begin PBXResourcesBuildPhase section */
		7F087033FD9A82DD3D24C673 /* Resources */ = {
			isa = PBXResourcesBuildPhase;
			buildActionMask = 2147483647;
			files = (
			);
			runOnlyForDeploymentPostprocessing = 0;
		};
/* End PBXResourcesBuildPhase section */

/* Begin PBXSourcesBuildPhase section */
		18BDF7EA97500A94D6DA4E2A /* Sources */ = {
			isa = PBXSourcesBuildPhase;
			buildActionMask = 2147483647;
			files = (
			);
			runOnlyForDeploymentPostprocessing = 0;
		};
/* End PBXSourcesBuildPhase section */

/* Begin PBXVariantGroup section */
/* End PBXVariantGroup section */

/* Begin XCBuildConfiguration section */
		0F07CDA3D857254D93E543E3 /* Release */ = {
			isa = XCBuildConfiguration;
			buildSettings = {
				ALWAYS_SEARCH_USER_PATHS = NO;
				ARCHS = "$(NATIVE_ARCH_ACTUAL)";
				CODE_SIGN_IDENTITY = "iPhone Developer: Valeri Vuchov (WDTMDP2J2J)";
				CONFIGURATION_BUILD_DIR = "$(SYMROOT)";
				CONFIGURATION_TEMP_DIR = "$(OBJROOT)";
				COPY_PHASE_STRIP = NO;
				GCC_C_LANGUAGE_STANDARD = gnu99;
				GCC_DYNAMIC_NO_PIC = NO;
				GCC_ENABLE_CPP_EXCEPTIONS = NO;
				GCC_ENABLE_CPP_RTTI = NO;
				GCC_ENABLE_FIX_AND_CONTINUE = YES;
				GCC_ENABLE_OBJC_EXCEPTIONS = NO;
				GCC_MODEL_TUNING = G5;
				GCC_OPTIMIZATION_LEVEL = 3;
				GCC_PREPROCESSOR_DEFINITIONS = (
					NDEBUG,
					"_SECURE_SCL=0",
					"_SECURE_SCL_THROWS=0",
					_SCL_SECURE_NO_WARNINGS,
					_CRT_SECURE_NO_WARNINGS,
					_WINSOCK_DEPRECATED_NO_WARNINGS,
				);
				GCC_SYMBOLS_PRIVATE_EXTERN = NO;
				GCC_WARN_ABOUT_RETURN_TYPE = YES;
				GCC_WARN_UNUSED_VARIABLE = YES;
				HEADER_SEARCH_PATHS = "$(COMMON_HEADER_SEARCH_PATHS)";
				INSTALL_PATH = "\"$(HOME)/Applications\"";
				OBJROOT = obj/Release/Test;
				ONLY_ACTIVE_ARCH = NO;
				SDKROOT = iphoneos;
				SKIP_INSTALL = YES;
				STANDARD_C_PLUS_PLUS_LIBRARY_TYPE = static;
				SYMROOT = ../../../tests/xcode4/tvos;
			};
			name = Release;
		};
		8CEADC382A69B0A2BFBCCA78 /* Release */ = {
			isa = XCBuildConfiguration;
			buildSettings = {
				ALWAYS_SEARCH_USER_PATHS = NO;
				ARCHS = "$(NATIVE_ARCH_ACTUAL)";
				CODE_SIGN_IDENTITY = "iPhone Developer: Valeri Vuchov (WDTMDP2J2J)";
				CONFIGURATION_BUILD_DIR = "$(SYMROOT)";
				CONFIGURATION_TEMP_DIR = "$(OBJROOT)";
				COPY_PHASE_STRIP = NO;
				GCC_C_LANGUAGE_STANDARD = gnu99;
				GCC_DYNAMIC_NO_PIC = NO;
				GCC_ENABLE_CPP_EXCEPTIONS = NO;
				GCC_ENABLE_CPP_RTTI = NO;
				GCC_ENABLE_FIX_AND_CONTINUE = YES;
				GCC_ENABLE_OBJC_EXCEPTIONS = NO;
				GCC_MODEL_TUNING = G5;
				GCC_OPTIMIZATION_LEVEL = 3;
				GCC_PREPROCESSOR_DEFINITIONS = (
					NDEBUG,
					"_SECURE_SCL=0",
					"_SECURE_SCL_THROWS=0",
					_SCL_SECURE_NO_WARNINGS,
					_CRT_SECURE_NO_WARNINGS,
					_WINSOCK_DEPRECATED_NO_WARNINGS,
				);
				GCC_SYMBOLS_PRIVATE_EXTERN = NO;
				GCC_WARN_ABOUT_RETURN_TYPE = YES;
				GCC_WARN_UNUSED_VARIABLE = YES;
				HEADER_SEARCH_PATHS = "$(COMMON_HEADER_SEARCH_PATHS)";
				INSTALL_PATH = "\"$(HOME)/Applications\"";
				OBJROOT = obj/Release/Test;
				ONLY_ACTIVE_ARCH = NO;
				PRODUCT_NAME = Test;
				SDKROOT = iphoneos;
				SKIP_INSTALL = YES;
				STANDARD_C_PLUS_PLUS_LIBRARY_TYPE = static;
				SYMROOT = ../../../tests/xcode4/tvos;
			};
			name = Release;
		};
		C7F6BF69335824937E81A5A9 /* Debug */ = {
			isa = XCBuildConfiguration;
			buildSettings = {
				ALWAYS_SEARCH_USER_PATHS = NO;
				ARCHS = "$(NATIVE_ARCH_ACTUAL)";
				CODE_SIGN_IDENTITY = "iPhone Developer: Valeri Vuchov (WDTMDP2J2J)";
				CONFIGURATION_BUILD_DIR = "$(SYMROOT)";
				CONFIGURATION_TEMP_DIR = "$(OBJROOT)";
				COPY_PHASE_STRIP = NO;
				GCC_C_LANGUAGE_STANDARD = gnu99;
				GCC_DYNAMIC_NO_PIC = NO;
				GCC_ENABLE_CPP_EXCEPTIONS = NO;
				GCC_ENABLE_CPP_RTTI = NO;
				GCC_ENABLE_FIX_AND_CONTINUE = YES;
				GCC_ENABLE_OBJC_EXCEPTIONS = NO;
				GCC_MODEL_TUNING = G5;
				GCC_OPTIMIZATION_LEVEL = 0;
				GCC_PREPROCESSOR_DEFINITIONS = (
					_DEBUG,
					_SCL_SECURE_NO_WARNINGS,
					_CRT_SECURE_NO_WARNINGS,
					_WINSOCK_DEPRECATED_NO_WARNINGS,
				);
				GCC_SYMBOLS_PRIVATE_EXTERN = NO;
				GCC_WARN_ABOUT_RETURN_TYPE = YES;
				GCC_WARN_UNUSED_VARIABLE = YES;
				HEADER_SEARCH_PATHS = "$(COMMON_HEADER_SEARCH_PATHS)";
				INSTALL_PATH = "\"$(HOME)/Applications\"";
				OBJROOT = obj/Debug/Test;
				ONLY_ACTIVE_ARCH = YES;
				SDKROOT = iphoneos;
				SKIP_INSTALL = YES;
				STANDARD_C_PLUS_PLUS_LIBRARY_TYPE = static;
				SYMROOT = ../../../tests/xcode4/tvos;
			};
			name = Debug;
		};
		E26B533E52760528CF6CB17E /* Debug */ = {
			isa = XCBuildConfiguration;
			buildSettings = {
				ALWAYS_SEARCH_USER_PATHS = NO;
				ARCHS = "$(NATIVE_ARCH_ACTUAL)";
				CODE_SIGN_IDENTITY = "iPhone Developer: Valeri Vuchov (WDTMDP2J2J)";
				CONFIGURATION_BUILD_DIR = "$(SYMROOT)";
				CONFIGURATION_TEMP_DIR = "$(OBJROOT)";
				COPY_PHASE_STRIP = NO;
				GCC_C_LANGUAGE_STANDARD = gnu99;
				GCC_DYNAMIC_NO_PIC = NO;
				GCC_ENABLE_CPP_EXCEPTIONS = NO;
				GCC_ENABLE_CPP_RTTI = NO;
				GCC_ENABLE_FIX_AND_CONTINUE = YES;
				GCC_ENABLE_OBJC_EXCEPTIONS = NO;
				GCC_MODEL_TUNING = G5;
				GCC_OPTIMIZATION_LEVEL = 0;
				GCC_PREPROCESSOR_DEFINITIONS = (
					_DEBUG,
					_SCL_SECURE_NO_WARNINGS,
					_CRT_SECURE_NO_WARNINGS,
					_WINSOCK_DEPRECATED_NO_WARNINGS,
				);
				GCC_SYMBOLS_PRIVATE_EXTERN = NO;
				GCC_WARN_ABOUT_RETURN_TYPE = YES;
				GCC_WARN_UNUSED_VARIABLE = YES;
				HEADER_SEARCH_PATHS = "$(COMMON_HEADER_SEARCH_PATHS)";
				INSTALL_PATH = "\"$(HOME)/Applications\"";
				OBJROOT = obj/Debug/Test;
				ONLY_ACTIVE_ARCH = YES;
				PRODUCT_NAME = Test_d;
				SDKROOT = iphoneos;
				SKIP_INSTALL = YES;
				STANDARD_C_PLUS_PLUS_LIBRARY_TYPE = static;
				SYMROOT = ../../../tests/xcode4/tvos;
			};
			name = Debug;
		};
/* End XCBuildConfiguration section */

/* Begin XCConfigurationList section */
		1DEB928908733DD80010E9CD /* Build configuration list for PBXProject "Test" */ = {
			isa = XCConfigurationList;
			buildConfigurations = (
				C7F6BF69335824937E81A5A9 /* Debug */,
				0F07CDA3D857254D93E543E3 /* Release */,
			);
			defaultConfigurationIsVisible = 0;
			defaultConfigurationName = Debug;
		};
		D959E75257EBF9FC97763D92 /* Build configuration list for PBXNativeTarget "Test" */ = {
			isa = XCConfigurationList;
			buildConfigurations = (
				E26B533E52760528CF6CB17E /* Debug */,
				8CEADC382A69B0A2BFBCCA78 /* Release */,
			);
			defaultConfigurationIsVisible = 0;
			defaultConfigurationName = Debug;
		};
/* End XCConfigurationList section */
	};
	rootObject = 08FB7793FE84155DC02AAC07 /* Project object */;
}
