<?xml version="1.0" encoding="utf-8"?>
<Project ToolsVersion="14.0" xmlns="http://schemas.microsoft.com/developer/msbuild/2003">
  <ItemGroup>
    <ClCompile Include="src\aff_trans.cpp">
      <Filter>Src</Filter>
    </ClCompile>
    <ClCompile Include="src\emdL1.cpp">
      <Filter>Src</Filter>
    </ClCompile>
    <ClCompile Include="src\haus_dis.cpp">
      <Filter>Src</Filter>
    </ClCompile>
    <ClCompile Include="src\hist_cost.cpp">
      <Filter>Src</Filter>
    </ClCompile>
    <ClCompile Include="src\precomp.cpp">
      <Filter>Src</Filter>
    </ClCompile>
    <ClCompile Include="src\sc_dis.cpp">
      <Filter>Src</Filter>
    </ClCompile>
    <ClCompile Include="src\tps_trans.cpp">
      <Filter>Src</Filter>
    </ClCompile>
    <ClCompile Include="opencv_shape_pch.cpp">
      <Filter>Src</Filter>
    </ClCompile>
  </ItemGroup>
  <ItemGroup>
    <ClInclude Include="include\opencv2\shape.hpp">
      <Filter>Include\opencv2</Filter>
    </ClInclude>
    <ClInclude Include="include\opencv2\shape\emdL1.hpp">
      <Filter>Include\opencv2\shape</Filter>
    </ClInclude>
    <ClInclude Include="include\opencv2\shape\hist_cost.hpp">
      <Filter>Include\opencv2\shape</Filter>
    </ClInclude>
    <ClInclude Include="include\opencv2\shape\shape.hpp">
      <Filter>Include\opencv2\shape</Filter>
    </ClInclude>
    <ClInclude Include="include\opencv2\shape\shape_distance.hpp">
      <Filter>Include\opencv2\shape</Filter>
    </ClInclude>
    <ClInclude Include="include\opencv2\shape\shape_transformer.hpp">
      <Filter>Include\opencv2\shape</Filter>
    </ClInclude>
    <ClInclude Include="src\emdL1_def.hpp">
      <Filter>Src</Filter>
    </ClInclude>
    <ClInclude Include="src\precomp.hpp">
      <Filter>Src</Filter>
    </ClInclude>
    <ClInclude Include="src\scd_def.hpp">
      <Filter>Src</Filter>
    </ClInclude>
    <ClInclude Include="..\..\cvconfig.h">
      <Filter>Include</Filter>
    </ClInclude>
    <ClInclude Include="..\..\opencv2\opencv_modules.hpp">
      <Filter>Include</Filter>
    </ClInclude>
  </ItemGroup>
  <ItemGroup>
    <Filter Include="Include\opencv2\shape">
      <UniqueIdentifier>{6D368513-CEDF-41D5-9805-5B1FF6742061}</UniqueIdentifier>
    </Filter>
    <Filter Include="Include\opencv2">
      <UniqueIdentifier>{8750B385-9140-448F-99BB-233E082AF528}</UniqueIdentifier>
    </Filter>
    <Filter Include="Src">
      <UniqueIdentifier>{CCD6B23C-58E5-49C5-805C-75D556D2D3DB}</UniqueIdentifier>
    </Filter>
    <Filter Include="Include">
      <UniqueIdentifier>{138C8725-9984-4E38-93C3-432FA044E89A}</UniqueIdentifier>
    </Filter>
  </ItemGroup>
</Project>