<?xml version="1.0" encoding="utf-8"?>
<Project ToolsVersion="14.0" xmlns="http://schemas.microsoft.com/developer/msbuild/2003">
  <ItemGroup>
    <ClCompile Include="src\accum.cpp">
      <Filter>Src</Filter>
    </ClCompile>
    <ClCompile Include="src\approx.cpp">
      <Filter>Src</Filter>
    </ClCompile>
    <ClCompile Include="src\blend.cpp">
      <Filter>Src</Filter>
    </ClCompile>
    <ClCompile Include="src\canny.cpp">
      <Filter>Src</Filter>
    </ClCompile>
    <ClCompile Include="src\clahe.cpp">
      <Filter>Src</Filter>
    </ClCompile>
    <ClCompile Include="src\color.cpp">
      <Filter>Src</Filter>
    </ClCompile>
    <ClCompile Include="src\colormap.cpp">
      <Filter>Src</Filter>
    </ClCompile>
    <ClCompile Include="src\connectedcomponents.cpp">
      <Filter>Src</Filter>
    </ClCompile>
    <ClCompile Include="src\contours.cpp">
      <Filter>Src</Filter>
    </ClCompile>
    <ClCompile Include="src\convhull.cpp">
      <Filter>Src</Filter>
    </ClCompile>
    <ClCompile Include="src\corner.cpp">
      <Filter>Src</Filter>
    </ClCompile>
    <ClCompile Include="src\cornersubpix.cpp">
      <Filter>Src</Filter>
    </ClCompile>
    <ClCompile Include="src\demosaicing.cpp">
      <Filter>Src</Filter>
    </ClCompile>
    <ClCompile Include="src\deriv.cpp">
      <Filter>Src</Filter>
    </ClCompile>
    <ClCompile Include="src\distransform.cpp">
      <Filter>Src</Filter>
    </ClCompile>
    <ClCompile Include="src\drawing.cpp">
      <Filter>Src</Filter>
    </ClCompile>
    <ClCompile Include="src\emd.cpp">
      <Filter>Src</Filter>
    </ClCompile>
    <ClCompile Include="src\featureselect.cpp">
      <Filter>Src</Filter>
    </ClCompile>
    <ClCompile Include="src\filter.cpp">
      <Filter>Src</Filter>
    </ClCompile>
    <ClCompile Include="src\floodfill.cpp">
      <Filter>Src</Filter>
    </ClCompile>
    <ClCompile Include="src\gabor.cpp">
      <Filter>Src</Filter>
    </ClCompile>
    <ClCompile Include="src\generalized_hough.cpp">
      <Filter>Src</Filter>
    </ClCompile>
    <ClCompile Include="src\geometry.cpp">
      <Filter>Src</Filter>
    </ClCompile>
    <ClCompile Include="src\grabcut.cpp">
      <Filter>Src</Filter>
    </ClCompile>
    <ClCompile Include="src\hershey_fonts.cpp">
      <Filter>Src</Filter>
    </ClCompile>
    <ClCompile Include="src\histogram.cpp">
      <Filter>Src</Filter>
    </ClCompile>
    <ClCompile Include="src\hough.cpp">
      <Filter>Src</Filter>
    </ClCompile>
    <ClCompile Include="src\imgwarp.cpp">
      <Filter>Src</Filter>
    </ClCompile>
    <ClCompile Include="src\intersection.cpp">
      <Filter>Src</Filter>
    </ClCompile>
    <ClCompile Include="src\linefit.cpp">
      <Filter>Src</Filter>
    </ClCompile>
    <ClCompile Include="src\lsd.cpp">
      <Filter>Src</Filter>
    </ClCompile>
    <ClCompile Include="src\main.cpp">
      <Filter>Src</Filter>
    </ClCompile>
    <ClCompile Include="src\matchcontours.cpp">
      <Filter>Src</Filter>
    </ClCompile>
    <ClCompile Include="src\min_enclosing_triangle.cpp">
      <Filter>Src</Filter>
    </ClCompile>
    <ClCompile Include="src\moments.cpp">
      <Filter>Src</Filter>
    </ClCompile>
    <ClCompile Include="src\morph.cpp">
      <Filter>Src</Filter>
    </ClCompile>
    <ClCompile Include="src\phasecorr.cpp">
      <Filter>Src</Filter>
    </ClCompile>
    <ClCompile Include="src\pyramids.cpp">
      <Filter>Src</Filter>
    </ClCompile>
    <ClCompile Include="src\rotcalipers.cpp">
      <Filter>Src</Filter>
    </ClCompile>
    <ClCompile Include="src\samplers.cpp">
      <Filter>Src</Filter>
    </ClCompile>
    <ClCompile Include="src\segmentation.cpp">
      <Filter>Src</Filter>
    </ClCompile>
    <ClCompile Include="src\shapedescr.cpp">
      <Filter>Src</Filter>
    </ClCompile>
    <ClCompile Include="src\smooth.cpp">
      <Filter>Src</Filter>
    </ClCompile>
    <ClCompile Include="src\spatialgradient.cpp">
      <Filter>Src</Filter>
    </ClCompile>
    <ClCompile Include="src\subdivision2d.cpp">
      <Filter>Src</Filter>
    </ClCompile>
    <ClCompile Include="src\sumpixels.cpp">
      <Filter>Src</Filter>
    </ClCompile>
    <ClCompile Include="src\tables.cpp">
      <Filter>Src</Filter>
    </ClCompile>
    <ClCompile Include="src\templmatch.cpp">
      <Filter>Src</Filter>
    </ClCompile>
    <ClCompile Include="src\thresh.cpp">
      <Filter>Src</Filter>
    </ClCompile>
    <ClCompile Include="src\undistort.cpp">
      <Filter>Src</Filter>
    </ClCompile>
    <ClCompile Include="src\utils.cpp">
      <Filter>Src</Filter>
    </ClCompile>
    <ClCompile Include="opencl_kernels_imgproc.cpp">
      <Filter>Src\opencl\kernels\autogenerated</Filter>
    </ClCompile>
    <ClCompile Include="opencv_imgproc_pch.cpp">
      <Filter>Src</Filter>
    </ClCompile>
  </ItemGroup>
  <ItemGroup>
    <ClInclude Include="include\opencv2\imgproc.hpp">
      <Filter>Include\opencv2</Filter>
    </ClInclude>
    <ClInclude Include="include\opencv2\imgproc\imgproc.hpp">
      <Filter>Include\opencv2\imgproc</Filter>
    </ClInclude>
    <ClInclude Include="include\opencv2\imgproc\imgproc_c.h">
      <Filter>Include\opencv2\imgproc</Filter>
    </ClInclude>
    <ClInclude Include="include\opencv2\imgproc\types_c.h">
      <Filter>Include\opencv2\imgproc</Filter>
    </ClInclude>
    <ClInclude Include="include\opencv2\imgproc\hal\hal.hpp">
      <Filter>Include\opencv2\imgproc\hal</Filter>
    </ClInclude>
    <ClInclude Include="include\opencv2\imgproc\hal\interface.h">
      <Filter>Include\opencv2\imgproc\hal</Filter>
    </ClInclude>
    <ClInclude Include="include\opencv2\imgproc\detail\distortion_model.hpp">
      <Filter>Include\opencv2\imgproc\detail</Filter>
    </ClInclude>
    <ClInclude Include="opencl_kernels_imgproc.hpp">
      <Filter>Src\opencl\kernels\autogenerated</Filter>
    </ClInclude>
    <ClInclude Include="src\filterengine.hpp">
      <Filter>Src</Filter>
    </ClInclude>
    <ClInclude Include="src\gcgraph.hpp">
      <Filter>Src</Filter>
    </ClInclude>
    <ClInclude Include="src\hal_replacement.hpp">
      <Filter>Src</Filter>
    </ClInclude>
    <ClInclude Include="src\precomp.hpp">
      <Filter>Src</Filter>
    </ClInclude>
    <ClInclude Include="src\_geom.h">
      <Filter>Src</Filter>
    </ClInclude>
    <ClInclude Include="..\..\cvconfig.h">
      <Filter>Include</Filter>
    </ClInclude>
    <ClInclude Include="..\..\opencv2\opencv_modules.hpp">
      <Filter>Include</Filter>
    </ClInclude>
  </ItemGroup>
  <ItemGroup>
    <None Include="src\opencl\accumulate.cl">
      <Filter>Src\opencl\kernels</Filter>
    </None>
    <None Include="src\opencl\bilateral.cl">
      <Filter>Src\opencl\kernels</Filter>
    </None>
    <None Include="src\opencl\blend_linear.cl">
      <Filter>Src\opencl\kernels</Filter>
    </None>
    <None Include="src\opencl\boxFilter.cl">
      <Filter>Src\opencl\kernels</Filter>
    </None>
    <None Include="src\opencl\boxFilter3x3.cl">
      <Filter>Src\opencl\kernels</Filter>
    </None>
    <None Include="src\opencl\calc_back_project.cl">
      <Filter>Src\opencl\kernels</Filter>
    </None>
    <None Include="src\opencl\canny.cl">
      <Filter>Src\opencl\kernels</Filter>
    </None>
    <None Include="src\opencl\clahe.cl">
      <Filter>Src\opencl\kernels</Filter>
    </None>
    <None Include="src\opencl\corner.cl">
      <Filter>Src\opencl\kernels</Filter>
    </None>
    <None Include="src\opencl\covardata.cl">
      <Filter>Src\opencl\kernels</Filter>
    </None>
    <None Include="src\opencl\cvtcolor.cl">
      <Filter>Src\opencl\kernels</Filter>
    </None>
    <None Include="src\opencl\filter2D.cl">
      <Filter>Src\opencl\kernels</Filter>
    </None>
    <None Include="src\opencl\filter2DSmall.cl">
      <Filter>Src\opencl\kernels</Filter>
    </None>
    <None Include="src\opencl\filterSepCol.cl">
      <Filter>Src\opencl\kernels</Filter>
    </None>
    <None Include="src\opencl\filterSepRow.cl">
      <Filter>Src\opencl\kernels</Filter>
    </None>
    <None Include="src\opencl\filterSep_singlePass.cl">
      <Filter>Src\opencl\kernels</Filter>
    </None>
    <None Include="src\opencl\filterSmall.cl">
      <Filter>Src\opencl\kernels</Filter>
    </None>
    <None Include="src\opencl\gaussianBlur3x3.cl">
      <Filter>Src\opencl\kernels</Filter>
    </None>
    <None Include="src\opencl\gaussianBlur5x5.cl">
      <Filter>Src\opencl\kernels</Filter>
    </None>
    <None Include="src\opencl\gftt.cl">
      <Filter>Src\opencl\kernels</Filter>
    </None>
    <None Include="src\opencl\histogram.cl">
      <Filter>Src\opencl\kernels</Filter>
    </None>
    <None Include="src\opencl\hough_lines.cl">
      <Filter>Src\opencl\kernels</Filter>
    </None>
    <None Include="src\opencl\integral_sum.cl">
      <Filter>Src\opencl\kernels</Filter>
    </None>
    <None Include="src\opencl\laplacian3.cl">
      <Filter>Src\opencl\kernels</Filter>
    </None>
    <None Include="src\opencl\laplacian5.cl">
      <Filter>Src\opencl\kernels</Filter>
    </None>
    <None Include="src\opencl\linearPolar.cl">
      <Filter>Src\opencl\kernels</Filter>
    </None>
    <None Include="src\opencl\logPolar.cl">
      <Filter>Src\opencl\kernels</Filter>
    </None>
    <None Include="src\opencl\match_template.cl">
      <Filter>Src\opencl\kernels</Filter>
    </None>
    <None Include="src\opencl\medianFilter.cl">
      <Filter>Src\opencl\kernels</Filter>
    </None>
    <None Include="src\opencl\moments.cl">
      <Filter>Src\opencl\kernels</Filter>
    </None>
    <None Include="src\opencl\morph.cl">
      <Filter>Src\opencl\kernels</Filter>
    </None>
    <None Include="src\opencl\morph3x3.cl">
      <Filter>Src\opencl\kernels</Filter>
    </None>
    <None Include="src\opencl\precornerdetect.cl">
      <Filter>Src\opencl\kernels</Filter>
    </None>
    <None Include="src\opencl\pyramid_up.cl">
      <Filter>Src\opencl\kernels</Filter>
    </None>
    <None Include="src\opencl\pyr_down.cl">
      <Filter>Src\opencl\kernels</Filter>
    </None>
    <None Include="src\opencl\pyr_up.cl">
      <Filter>Src\opencl\kernels</Filter>
    </None>
    <None Include="src\opencl\remap.cl">
      <Filter>Src\opencl\kernels</Filter>
    </None>
    <None Include="src\opencl\resize.cl">
      <Filter>Src\opencl\kernels</Filter>
    </None>
    <None Include="src\opencl\sepFilter3x3.cl">
      <Filter>Src\opencl\kernels</Filter>
    </None>
    <None Include="src\opencl\threshold.cl">
      <Filter>Src\opencl\kernels</Filter>
    </None>
    <None Include="src\opencl\warp_affine.cl">
      <Filter>Src\opencl\kernels</Filter>
    </None>
    <None Include="src\opencl\warp_perspective.cl">
      <Filter>Src\opencl\kernels</Filter>
    </None>
    <None Include="src\opencl\warp_transform.cl">
      <Filter>Src\opencl\kernels</Filter>
    </None>
  </ItemGroup>
  <ItemGroup>
    <Filter Include="Include\opencv2\imgproc\hal">
      <UniqueIdentifier>{47740843-E293-4D1C-BEC6-42D1BD2C365E}</UniqueIdentifier>
    </Filter>
    <Filter Include="Include\opencv2\imgproc\detail">
      <UniqueIdentifier>{FCB76C76-C02F-4E24-B215-0E5B612CD5E9}</UniqueIdentifier>
    </Filter>
    <Filter Include="Src\opencl">
      <UniqueIdentifier>{70147B57-CEDA-42CD-92D3-16C9B999534E}</UniqueIdentifier>
    </Filter>
    <Filter Include="Include\opencv2\imgproc">
      <UniqueIdentifier>{0E195BC5-9860-472E-B4D3-6FE989125C69}</UniqueIdentifier>
    </Filter>
    <Filter Include="Src\opencl\kernels">
      <UniqueIdentifier>{8EABD7EE-7A20-4ABE-94CC-2AC9D0168367}</UniqueIdentifier>
    </Filter>
    <Filter Include="Include\opencv2">
      <UniqueIdentifier>{8750B385-9140-448F-99BB-233E082AF528}</UniqueIdentifier>
    </Filter>
    <Filter Include="Src\opencl\kernels\autogenerated">
      <UniqueIdentifier>{1B6437DB-2070-4C78-8F92-56CCFF03206D}</UniqueIdentifier>
    </Filter>
    <Filter Include="Src">
      <UniqueIdentifier>{CCD6B23C-58E5-49C5-805C-75D556D2D3DB}</UniqueIdentifier>
    </Filter>
    <Filter Include="Include">
      <UniqueIdentifier>{138C8725-9984-4E38-93C3-432FA044E89A}</UniqueIdentifier>
    </Filter>
  </ItemGroup>
</Project>