<?xml version="1.0" encoding="utf-8"?>
<Project ToolsVersion="4.0" xmlns="http://schemas.microsoft.com/developer/msbuild/2003">
  <ItemGroup>
    <Filter Include="include">
      <UniqueIdentifier>{89AF369E-F58E-B539-FEA6-40106A051C9B}</UniqueIdentifier>
    </Filter>
    <Filter Include="include\json">
      <UniqueIdentifier>{F264DD69-DEC7-6C0E-874D-A5C4738F3891}</UniqueIdentifier>
    </Filter>
    <Filter Include="source">
      <UniqueIdentifier>{76FF3A1C-62A1-65F2-4B5C-7946379DEC42}</UniqueIdentifier>
    </Filter>
  </ItemGroup>
  <ItemGroup>
    <None Include="..\..\source\json_internalarray.inl">
      <Filter>source</Filter>
    </None>
    <None Include="..\..\source\json_internalmap.inl">
      <Filter>source</Filter>
    </None>
    <None Include="..\..\source\json_valueiterator.inl">
      <Filter>source</Filter>
    </None>
  </ItemGroup>
  <ItemGroup>
    <ClInclude Include="..\..\include\json\autolink.h">
      <Filter>include\json</Filter>
    </ClInclude>
    <ClInclude Include="..\..\include\json\config.h">
      <Filter>include\json</Filter>
    </ClInclude>
    <ClInclude Include="..\..\include\json\features.h">
      <Filter>include\json</Filter>
    </ClInclude>
    <ClInclude Include="..\..\include\json\forwards.h">
      <Filter>include\json</Filter>
    </ClInclude>
    <ClInclude Include="..\..\include\json\json.h">
      <Filter>include\json</Filter>
    </ClInclude>
    <ClInclude Include="..\..\include\json\reader.h">
      <Filter>include\json</Filter>
    </ClInclude>
    <ClInclude Include="..\..\include\json\value.h">
      <Filter>include\json</Filter>
    </ClInclude>
    <ClInclude Include="..\..\include\json\writer.h">
      <Filter>include\json</Filter>
    </ClInclude>
    <ClInclude Include="..\..\source\json_batchallocator.h">
      <Filter>source</Filter>
    </ClInclude>
    <ClInclude Include="..\..\source\json_tool.h">
      <Filter>source</Filter>
    </ClInclude>
    <ClInclude Include="..\..\source\stdafx.h">
      <Filter>source</Filter>
    </ClInclude>
  </ItemGroup>
  <ItemGroup>
    <ClCompile Include="..\..\source\json_reader.cpp">
      <Filter>source</Filter>
    </ClCompile>
    <ClCompile Include="..\..\source\json_value.cpp">
      <Filter>source</Filter>
    </ClCompile>
    <ClCompile Include="..\..\source\json_writer.cpp">
      <Filter>source</Filter>
    </ClCompile>
    <ClCompile Include="..\..\source\stdafx.cpp">
      <Filter>source</Filter>
    </ClCompile>
  </ItemGroup>
</Project>