<?xml version="1.0" encoding="utf-8"?>
<Project ToolsVersion="14.0" xmlns="http://schemas.microsoft.com/developer/msbuild/2003">
  <ItemGroup>
    <ClCompile Include="opencl_kernels_bioinspired.cpp">
      <Filter>Src\opencl\kernels\autogenerated</Filter>
    </ClCompile>
    <ClCompile Include="opencv_bioinspired_pch.cpp">
      <Filter>Src</Filter>
    </ClCompile>
    <ClCompile Include="src\basicretinafilter.cpp" />
    <ClCompile Include="src\imagelogpolprojection.cpp" />
    <ClCompile Include="src\magnoretinafilter.cpp" />
    <ClCompile Include="src\parvoretinafilter.cpp" />
    <ClCompile Include="src\retina.cpp" />
    <ClCompile Include="src\retinacolor.cpp" />
    <ClCompile Include="src\retinafasttonemapping.cpp" />
    <ClCompile Include="src\retinafilter.cpp" />
    <ClCompile Include="src\retina_ocl.cpp" />
    <ClCompile Include="src\transientareassegmentationmodule.cpp" />
  </ItemGroup>
  <ItemGroup>
    <ClInclude Include="opencl_kernels_bioinspired.hpp">
      <Filter>Src\opencl\kernels\autogenerated</Filter>
    </ClInclude>
    <ClInclude Include="..\..\cvconfig.h">
      <Filter>Include</Filter>
    </ClInclude>
    <ClInclude Include="..\..\opencv2\opencv_modules.hpp">
      <Filter>Include</Filter>
    </ClInclude>
    <ClInclude Include="include\opencv2\bioinspired.hpp" />
    <ClInclude Include="include\opencv2\bioinspired\bioinspired.hpp" />
    <ClInclude Include="include\opencv2\bioinspired\retina.hpp" />
    <ClInclude Include="include\opencv2\bioinspired\retinafasttonemapping.hpp" />
    <ClInclude Include="include\opencv2\bioinspired\transientareassegmentationmodule.hpp" />
    <ClInclude Include="src\basicretinafilter.hpp" />
    <ClInclude Include="src\imagelogpolprojection.hpp" />
    <ClInclude Include="src\magnoretinafilter.hpp" />
    <ClInclude Include="src\parvoretinafilter.hpp" />
    <ClInclude Include="src\precomp.hpp" />
    <ClInclude Include="src\retinacolor.hpp" />
    <ClInclude Include="src\retinafilter.hpp" />
    <ClInclude Include="src\retina_ocl.hpp" />
    <ClInclude Include="src\templatebuffer.hpp" />
  </ItemGroup>
  <ItemGroup>
    <None Include="src\opencl\retina_kernel.cl" />
  </ItemGroup>
  <ItemGroup>
    <Filter Include="Include\opencv2\bioinspired">
      <UniqueIdentifier>{22170EC6-A9E0-427D-98D8-CE615C5FE70C}</UniqueIdentifier>
    </Filter>
    <Filter Include="Src\opencl\kernels">
      <UniqueIdentifier>{8EABD7EE-7A20-4ABE-94CC-2AC9D0168367}</UniqueIdentifier>
    </Filter>
    <Filter Include="Src\opencl\kernels\autogenerated">
      <UniqueIdentifier>{1B6437DB-2070-4C78-8F92-56CCFF03206D}</UniqueIdentifier>
    </Filter>
    <Filter Include="Include\opencv2">
      <UniqueIdentifier>{8750B385-9140-448F-99BB-233E082AF528}</UniqueIdentifier>
    </Filter>
    <Filter Include="Src\opencl">
      <UniqueIdentifier>{70147B57-CEDA-42CD-92D3-16C9B999534E}</UniqueIdentifier>
    </Filter>
    <Filter Include="Src">
      <UniqueIdentifier>{CCD6B23C-58E5-49C5-805C-75D556D2D3DB}</UniqueIdentifier>
    </Filter>
    <Filter Include="Include">
      <UniqueIdentifier>{138C8725-9984-4E38-93C3-432FA044E89A}</UniqueIdentifier>
    </Filter>
  </ItemGroup>
</Project>