<?xml version="1.0" encoding="utf-8"?>
<Project ToolsVersion="14.0" xmlns="http://schemas.microsoft.com/developer/msbuild/2003">
  <ItemGroup>
    <ClCompile Include="src\algorithm.cpp">
      <Filter>Src</Filter>
    </ClCompile>
    <ClCompile Include="src\alloc.cpp">
      <Filter>Src</Filter>
    </ClCompile>
    <ClCompile Include="src\arithm.cpp">
      <Filter>Src</Filter>
    </ClCompile>
    <ClCompile Include="src\array.cpp">
      <Filter>Src</Filter>
    </ClCompile>
    <ClCompile Include="src\command_line_parser.cpp">
      <Filter>Src</Filter>
    </ClCompile>
    <ClCompile Include="src\conjugate_gradient.cpp">
      <Filter>Src</Filter>
    </ClCompile>
    <ClCompile Include="src\convert.cpp">
      <Filter>Src</Filter>
    </ClCompile>
    <ClCompile Include="src\copy.cpp">
      <Filter>Src</Filter>
    </ClCompile>
    <ClCompile Include="src\cuda_gpu_mat.cpp">
      <Filter>Src</Filter>
    </ClCompile>
    <ClCompile Include="src\cuda_host_mem.cpp">
      <Filter>Src</Filter>
    </ClCompile>
    <ClCompile Include="src\cuda_info.cpp">
      <Filter>Src</Filter>
    </ClCompile>
    <ClCompile Include="src\cuda_stream.cpp">
      <Filter>Src</Filter>
    </ClCompile>
    <ClCompile Include="src\datastructs.cpp">
      <Filter>Src</Filter>
    </ClCompile>
    <ClCompile Include="src\directx.cpp">
      <Filter>Src</Filter>
    </ClCompile>
    <ClCompile Include="src\downhill_simplex.cpp">
      <Filter>Src</Filter>
    </ClCompile>
    <ClCompile Include="src\dxt.cpp">
      <Filter>Src</Filter>
    </ClCompile>
    <ClCompile Include="src\glob.cpp">
      <Filter>Src</Filter>
    </ClCompile>
    <ClCompile Include="src\gl_core_3_1.cpp">
      <Filter>Src</Filter>
    </ClCompile>
    <ClCompile Include="src\hal_internal.cpp">
      <Filter>Src</Filter>
    </ClCompile>
    <ClCompile Include="src\kmeans.cpp">
      <Filter>Src</Filter>
    </ClCompile>
    <ClCompile Include="src\lapack.cpp">
      <Filter>Src</Filter>
    </ClCompile>
    <ClCompile Include="src\lda.cpp">
      <Filter>Src</Filter>
    </ClCompile>
    <ClCompile Include="src\lpsolver.cpp">
      <Filter>Src</Filter>
    </ClCompile>
    <ClCompile Include="src\mathfuncs.cpp">
      <Filter>Src</Filter>
    </ClCompile>
    <ClCompile Include="src\mathfuncs_core.cpp">
      <Filter>Src</Filter>
    </ClCompile>
    <ClCompile Include="src\matmul.cpp">
      <Filter>Src</Filter>
    </ClCompile>
    <ClCompile Include="src\matop.cpp">
      <Filter>Src</Filter>
    </ClCompile>
    <ClCompile Include="src\matrix.cpp">
      <Filter>Src</Filter>
    </ClCompile>
    <ClCompile Include="src\matrix_decomp.cpp">
      <Filter>Src</Filter>
    </ClCompile>
    <ClCompile Include="src\merge.cpp">
      <Filter>Src</Filter>
    </ClCompile>
    <ClCompile Include="src\ocl.cpp">
      <Filter>Src</Filter>
    </ClCompile>
    <ClCompile Include="src\opencl\runtime\opencl_clamdblas.cpp">
      <Filter>Src\opencl\runtime</Filter>
    </ClCompile>
    <ClCompile Include="src\opencl\runtime\opencl_clamdfft.cpp">
      <Filter>Src\opencl\runtime</Filter>
    </ClCompile>
    <ClCompile Include="src\opencl\runtime\opencl_core.cpp">
      <Filter>Src\opencl\runtime</Filter>
    </ClCompile>
    <ClCompile Include="src\opengl.cpp">
      <Filter>Src</Filter>
    </ClCompile>
    <ClCompile Include="src\out.cpp">
      <Filter>Src</Filter>
    </ClCompile>
    <ClCompile Include="src\ovx.cpp">
      <Filter>Src</Filter>
    </ClCompile>
    <ClCompile Include="src\parallel.cpp">
      <Filter>Src</Filter>
    </ClCompile>
    <ClCompile Include="src\parallel_pthreads.cpp">
      <Filter>Src</Filter>
    </ClCompile>
    <ClCompile Include="src\pca.cpp">
      <Filter>Src</Filter>
    </ClCompile>
    <ClCompile Include="src\persistence.cpp">
      <Filter>Src</Filter>
    </ClCompile>
    <ClCompile Include="src\rand.cpp">
      <Filter>Src</Filter>
    </ClCompile>
    <ClCompile Include="src\split.cpp">
      <Filter>Src</Filter>
    </ClCompile>
    <ClCompile Include="src\stat.cpp">
      <Filter>Src</Filter>
    </ClCompile>
    <ClCompile Include="src\stl.cpp">
      <Filter>Src</Filter>
    </ClCompile>
    <ClCompile Include="src\system.cpp">
      <Filter>Src</Filter>
    </ClCompile>
    <ClCompile Include="src\tables.cpp">
      <Filter>Src</Filter>
    </ClCompile>
    <ClCompile Include="src\types.cpp">
      <Filter>Src</Filter>
    </ClCompile>
    <ClCompile Include="src\umatrix.cpp">
      <Filter>Src</Filter>
    </ClCompile>
    <ClCompile Include="src\va_intel.cpp">
      <Filter>Src</Filter>
    </ClCompile>
    <ClCompile Include="opencl_kernels_core.cpp">
      <Filter>Src\opencl\kernels\autogenerated</Filter>
    </ClCompile>
    <ClCompile Include="opencv_core_pch.cpp">
      <Filter>Src</Filter>
    </ClCompile>
  </ItemGroup>
  <ItemGroup>
    <ClInclude Include="include\opencv2\core\cuda\block.hpp">
      <Filter>Include\Cuda Headers</Filter>
    </ClInclude>
    <ClInclude Include="include\opencv2\core\cuda\border_interpolate.hpp">
      <Filter>Include\Cuda Headers</Filter>
    </ClInclude>
    <ClInclude Include="include\opencv2\core\cuda\color.hpp">
      <Filter>Include\Cuda Headers</Filter>
    </ClInclude>
    <ClInclude Include="include\opencv2\core\cuda\common.hpp">
      <Filter>Include\Cuda Headers</Filter>
    </ClInclude>
    <ClInclude Include="include\opencv2\core\cuda\datamov_utils.hpp">
      <Filter>Include\Cuda Headers</Filter>
    </ClInclude>
    <ClInclude Include="include\opencv2\core\cuda\dynamic_smem.hpp">
      <Filter>Include\Cuda Headers</Filter>
    </ClInclude>
    <ClInclude Include="include\opencv2\core\cuda\emulation.hpp">
      <Filter>Include\Cuda Headers</Filter>
    </ClInclude>
    <ClInclude Include="include\opencv2\core\cuda\filters.hpp">
      <Filter>Include\Cuda Headers</Filter>
    </ClInclude>
    <ClInclude Include="include\opencv2\core\cuda\funcattrib.hpp">
      <Filter>Include\Cuda Headers</Filter>
    </ClInclude>
    <ClInclude Include="include\opencv2\core\cuda\functional.hpp">
      <Filter>Include\Cuda Headers</Filter>
    </ClInclude>
    <ClInclude Include="include\opencv2\core\cuda\limits.hpp">
      <Filter>Include\Cuda Headers</Filter>
    </ClInclude>
    <ClInclude Include="include\opencv2\core\cuda\reduce.hpp">
      <Filter>Include\Cuda Headers</Filter>
    </ClInclude>
    <ClInclude Include="include\opencv2\core\cuda\saturate_cast.hpp">
      <Filter>Include\Cuda Headers</Filter>
    </ClInclude>
    <ClInclude Include="include\opencv2\core\cuda\scan.hpp">
      <Filter>Include\Cuda Headers</Filter>
    </ClInclude>
    <ClInclude Include="include\opencv2\core\cuda\simd_functions.hpp">
      <Filter>Include\Cuda Headers</Filter>
    </ClInclude>
    <ClInclude Include="include\opencv2\core\cuda\transform.hpp">
      <Filter>Include\Cuda Headers</Filter>
    </ClInclude>
    <ClInclude Include="include\opencv2\core\cuda\type_traits.hpp">
      <Filter>Include\Cuda Headers</Filter>
    </ClInclude>
    <ClInclude Include="include\opencv2\core\cuda\utility.hpp">
      <Filter>Include\Cuda Headers</Filter>
    </ClInclude>
    <ClInclude Include="include\opencv2\core\cuda\vec_distance.hpp">
      <Filter>Include\Cuda Headers</Filter>
    </ClInclude>
    <ClInclude Include="include\opencv2\core\cuda\vec_math.hpp">
      <Filter>Include\Cuda Headers</Filter>
    </ClInclude>
    <ClInclude Include="include\opencv2\core\cuda\vec_traits.hpp">
      <Filter>Include\Cuda Headers</Filter>
    </ClInclude>
    <ClInclude Include="include\opencv2\core\cuda\warp.hpp">
      <Filter>Include\Cuda Headers</Filter>
    </ClInclude>
    <ClInclude Include="include\opencv2\core\cuda\warp_reduce.hpp">
      <Filter>Include\Cuda Headers</Filter>
    </ClInclude>
    <ClInclude Include="include\opencv2\core\cuda\warp_shuffle.hpp">
      <Filter>Include\Cuda Headers</Filter>
    </ClInclude>
    <ClInclude Include="include\opencv2\core\cuda\detail\color_detail.hpp">
      <Filter>Include\Cuda Headers\Detail</Filter>
    </ClInclude>
    <ClInclude Include="include\opencv2\core\cuda\detail\reduce.hpp">
      <Filter>Include\Cuda Headers\Detail</Filter>
    </ClInclude>
    <ClInclude Include="include\opencv2\core\cuda\detail\reduce_key_val.hpp">
      <Filter>Include\Cuda Headers\Detail</Filter>
    </ClInclude>
    <ClInclude Include="include\opencv2\core\cuda\detail\transform_detail.hpp">
      <Filter>Include\Cuda Headers\Detail</Filter>
    </ClInclude>
    <ClInclude Include="include\opencv2\core\cuda\detail\type_traits_detail.hpp">
      <Filter>Include\Cuda Headers\Detail</Filter>
    </ClInclude>
    <ClInclude Include="include\opencv2\core\cuda\detail\vec_distance_detail.hpp">
      <Filter>Include\Cuda Headers\Detail</Filter>
    </ClInclude>
    <ClInclude Include="include\opencv2\core.hpp">
      <Filter>Include\opencv2</Filter>
    </ClInclude>
    <ClInclude Include="include\opencv2\core\affine.hpp">
      <Filter>Include\opencv2\core</Filter>
    </ClInclude>
    <ClInclude Include="include\opencv2\core\base.hpp">
      <Filter>Include\opencv2\core</Filter>
    </ClInclude>
    <ClInclude Include="include\opencv2\core\bufferpool.hpp">
      <Filter>Include\opencv2\core</Filter>
    </ClInclude>
    <ClInclude Include="include\opencv2\core\core.hpp">
      <Filter>Include\opencv2\core</Filter>
    </ClInclude>
    <ClInclude Include="include\opencv2\core\cuda.hpp">
      <Filter>Include\opencv2\core</Filter>
    </ClInclude>
    <ClInclude Include="include\opencv2\core\cuda.inl.hpp">
      <Filter>Include\opencv2\core</Filter>
    </ClInclude>
    <ClInclude Include="include\opencv2\core\cuda_stream_accessor.hpp">
      <Filter>Include\opencv2\core</Filter>
    </ClInclude>
    <ClInclude Include="include\opencv2\core\cuda_types.hpp">
      <Filter>Include\opencv2\core</Filter>
    </ClInclude>
    <ClInclude Include="include\opencv2\core\cvstd.hpp">
      <Filter>Include\opencv2\core</Filter>
    </ClInclude>
    <ClInclude Include="include\opencv2\core\cvstd.inl.hpp">
      <Filter>Include\opencv2\core</Filter>
    </ClInclude>
    <ClInclude Include="include\opencv2\core\directx.hpp">
      <Filter>Include\opencv2\core</Filter>
    </ClInclude>
    <ClInclude Include="include\opencv2\core\eigen.hpp">
      <Filter>Include\opencv2\core</Filter>
    </ClInclude>
    <ClInclude Include="include\opencv2\core\fast_math.hpp">
      <Filter>Include\opencv2\core</Filter>
    </ClInclude>
    <ClInclude Include="include\opencv2\core\ippasync.hpp">
      <Filter>Include\opencv2\core</Filter>
    </ClInclude>
    <ClInclude Include="include\opencv2\core\mat.hpp">
      <Filter>Include\opencv2\core</Filter>
    </ClInclude>
    <ClInclude Include="include\opencv2\core\mat.inl.hpp">
      <Filter>Include\opencv2\core</Filter>
    </ClInclude>
    <ClInclude Include="include\opencv2\core\matx.hpp">
      <Filter>Include\opencv2\core</Filter>
    </ClInclude>
    <ClInclude Include="include\opencv2\core\neon_utils.hpp">
      <Filter>Include\opencv2\core</Filter>
    </ClInclude>
    <ClInclude Include="include\opencv2\core\ocl.hpp">
      <Filter>Include\opencv2\core</Filter>
    </ClInclude>
    <ClInclude Include="include\opencv2\core\ocl_genbase.hpp">
      <Filter>Include\opencv2\core</Filter>
    </ClInclude>
    <ClInclude Include="include\opencv2\core\opengl.hpp">
      <Filter>Include\opencv2\core</Filter>
    </ClInclude>
    <ClInclude Include="include\opencv2\core\operations.hpp">
      <Filter>Include\opencv2\core</Filter>
    </ClInclude>
    <ClInclude Include="include\opencv2\core\optim.hpp">
      <Filter>Include\opencv2\core</Filter>
    </ClInclude>
    <ClInclude Include="include\opencv2\core\ovx.hpp">
      <Filter>Include\opencv2\core</Filter>
    </ClInclude>
    <ClInclude Include="include\opencv2\core\persistence.hpp">
      <Filter>Include\opencv2\core</Filter>
    </ClInclude>
    <ClInclude Include="include\opencv2\core\private.cuda.hpp">
      <Filter>Include\opencv2\core</Filter>
    </ClInclude>
    <ClInclude Include="include\opencv2\core\private.hpp">
      <Filter>Include\opencv2\core</Filter>
    </ClInclude>
    <ClInclude Include="include\opencv2\core\ptr.inl.hpp">
      <Filter>Include\opencv2\core</Filter>
    </ClInclude>
    <ClInclude Include="include\opencv2\core\saturate.hpp">
      <Filter>Include\opencv2\core</Filter>
    </ClInclude>
    <ClInclude Include="include\opencv2\core\sse_utils.hpp">
      <Filter>Include\opencv2\core</Filter>
    </ClInclude>
    <ClInclude Include="include\opencv2\core\traits.hpp">
      <Filter>Include\opencv2\core</Filter>
    </ClInclude>
    <ClInclude Include="include\opencv2\core\types.hpp">
      <Filter>Include\opencv2\core</Filter>
    </ClInclude>
    <ClInclude Include="include\opencv2\core\utility.hpp">
      <Filter>Include\opencv2\core</Filter>
    </ClInclude>
    <ClInclude Include="include\opencv2\core\va_intel.hpp">
      <Filter>Include\opencv2\core</Filter>
    </ClInclude>
    <ClInclude Include="include\opencv2\core\version.hpp">
      <Filter>Include\opencv2\core</Filter>
    </ClInclude>
    <ClInclude Include="include\opencv2\core\wimage.hpp">
      <Filter>Include\opencv2\core</Filter>
    </ClInclude>
    <ClInclude Include="include\opencv2\core\core_c.h">
      <Filter>Include\opencv2\core</Filter>
    </ClInclude>
    <ClInclude Include="include\opencv2\core\cvdef.h">
      <Filter>Include\opencv2\core</Filter>
    </ClInclude>
    <ClInclude Include="include\opencv2\core\types_c.h">
      <Filter>Include\opencv2\core</Filter>
    </ClInclude>
    <ClInclude Include="include\opencv2\core\hal\hal.hpp">
      <Filter>Include\opencv2\core\hal</Filter>
    </ClInclude>
    <ClInclude Include="include\opencv2\core\hal\intrin.hpp">
      <Filter>Include\opencv2\core\hal</Filter>
    </ClInclude>
    <ClInclude Include="include\opencv2\core\hal\intrin_cpp.hpp">
      <Filter>Include\opencv2\core\hal</Filter>
    </ClInclude>
    <ClInclude Include="include\opencv2\core\hal\intrin_neon.hpp">
      <Filter>Include\opencv2\core\hal</Filter>
    </ClInclude>
    <ClInclude Include="include\opencv2\core\hal\intrin_sse.hpp">
      <Filter>Include\opencv2\core\hal</Filter>
    </ClInclude>
    <ClInclude Include="include\opencv2\core\hal\interface.h">
      <Filter>Include\opencv2\core\hal</Filter>
    </ClInclude>
    <ClInclude Include="opencl_kernels_core.hpp">
      <Filter>Src\opencl\kernels\autogenerated</Filter>
    </ClInclude>
    <ClInclude Include="src\arithm_core.hpp">
      <Filter>Src</Filter>
    </ClInclude>
    <ClInclude Include="src\arithm_simd.hpp">
      <Filter>Src</Filter>
    </ClInclude>
    <ClInclude Include="src\bufferpool.impl.hpp">
      <Filter>Src</Filter>
    </ClInclude>
    <ClInclude Include="src\directx.inc.hpp">
      <Filter>Src</Filter>
    </ClInclude>
    <ClInclude Include="src\gl_core_3_1.hpp">
      <Filter>Src</Filter>
    </ClInclude>
    <ClInclude Include="src\hal_internal.hpp">
      <Filter>Src</Filter>
    </ClInclude>
    <ClInclude Include="src\hal_replacement.hpp">
      <Filter>Src</Filter>
    </ClInclude>
    <ClInclude Include="src\opencl\runtime\autogenerated\opencl_clamdblas_impl.hpp">
      <Filter>Src\opencl\runtime\autogenerated</Filter>
    </ClInclude>
    <ClInclude Include="src\opencl\runtime\autogenerated\opencl_clamdfft_impl.hpp">
      <Filter>Src\opencl\runtime\autogenerated</Filter>
    </ClInclude>
    <ClInclude Include="src\opencl\runtime\autogenerated\opencl_core_impl.hpp">
      <Filter>Src\opencl\runtime\autogenerated</Filter>
    </ClInclude>
    <ClInclude Include="src\opencl\runtime\autogenerated\opencl_gl_impl.hpp">
      <Filter>Src\opencl\runtime\autogenerated</Filter>
    </ClInclude>
    <ClInclude Include="src\opencl\runtime\runtime_common.hpp">
      <Filter>Src\opencl\runtime</Filter>
    </ClInclude>
    <ClInclude Include="src\precomp.hpp">
      <Filter>Src</Filter>
    </ClInclude>
    <ClInclude Include="..\..\cvconfig.h">
      <Filter>Include</Filter>
    </ClInclude>
    <ClInclude Include="..\..\opencv2\opencv_modules.hpp">
      <Filter>Include</Filter>
    </ClInclude>
  </ItemGroup>
  <ItemGroup>
    <None Include="version_string.inc">
      <Filter>Src</Filter>
    </None>
    <None Include="src\opencl\arithm.cl">
      <Filter>Src\opencl\kernels</Filter>
    </None>
    <None Include="src\opencl\convert.cl">
      <Filter>Src\opencl\kernels</Filter>
    </None>
    <None Include="src\opencl\copymakeborder.cl">
      <Filter>Src\opencl\kernels</Filter>
    </None>
    <None Include="src\opencl\copyset.cl">
      <Filter>Src\opencl\kernels</Filter>
    </None>
    <None Include="src\opencl\cvtclr_dx.cl">
      <Filter>Src\opencl\kernels</Filter>
    </None>
    <None Include="src\opencl\fft.cl">
      <Filter>Src\opencl\kernels</Filter>
    </None>
    <None Include="src\opencl\flip.cl">
      <Filter>Src\opencl\kernels</Filter>
    </None>
    <None Include="src\opencl\gemm.cl">
      <Filter>Src\opencl\kernels</Filter>
    </None>
    <None Include="src\opencl\inrange.cl">
      <Filter>Src\opencl\kernels</Filter>
    </None>
    <None Include="src\opencl\lut.cl">
      <Filter>Src\opencl\kernels</Filter>
    </None>
    <None Include="src\opencl\meanstddev.cl">
      <Filter>Src\opencl\kernels</Filter>
    </None>
    <None Include="src\opencl\minmaxloc.cl">
      <Filter>Src\opencl\kernels</Filter>
    </None>
    <None Include="src\opencl\mixchannels.cl">
      <Filter>Src\opencl\kernels</Filter>
    </None>
    <None Include="src\opencl\mulspectrums.cl">
      <Filter>Src\opencl\kernels</Filter>
    </None>
    <None Include="src\opencl\normalize.cl">
      <Filter>Src\opencl\kernels</Filter>
    </None>
    <None Include="src\opencl\reduce.cl">
      <Filter>Src\opencl\kernels</Filter>
    </None>
    <None Include="src\opencl\reduce2.cl">
      <Filter>Src\opencl\kernels</Filter>
    </None>
    <None Include="src\opencl\repeat.cl">
      <Filter>Src\opencl\kernels</Filter>
    </None>
    <None Include="src\opencl\set_identity.cl">
      <Filter>Src\opencl\kernels</Filter>
    </None>
    <None Include="src\opencl\split_merge.cl">
      <Filter>Src\opencl\kernels</Filter>
    </None>
    <None Include="src\opencl\transpose.cl">
      <Filter>Src\opencl\kernels</Filter>
    </None>
  </ItemGroup>
  <ItemGroup>
    <Filter Include="Src\opencl">
      <UniqueIdentifier>{70147B57-CEDA-42CD-92D3-16C9B999534E}</UniqueIdentifier>
    </Filter>
    <Filter Include="Src\opencl\runtime">
      <UniqueIdentifier>{B0EBC4CA-2380-4487-82CB-9959AAA2EF8F}</UniqueIdentifier>
    </Filter>
    <Filter Include="Src\opencl\kernels">
      <UniqueIdentifier>{8EABD7EE-7A20-4ABE-94CC-2AC9D0168367}</UniqueIdentifier>
    </Filter>
    <Filter Include="Include\Cuda Headers">
      <UniqueIdentifier>{9F2DA275-5703-476C-9FD7-963EB409C136}</UniqueIdentifier>
    </Filter>
    <Filter Include="Include\opencv2">
      <UniqueIdentifier>{8750B385-9140-448F-99BB-233E082AF528}</UniqueIdentifier>
    </Filter>
    <Filter Include="Include\opencv2\core\hal">
      <UniqueIdentifier>{8DF11811-E342-4545-8F70-224A9AA4D3F7}</UniqueIdentifier>
    </Filter>
    <Filter Include="Include\Cuda Headers\Detail">
      <UniqueIdentifier>{5A38D607-0511-446A-92BB-23B95710B5A6}</UniqueIdentifier>
    </Filter>
    <Filter Include="Include\opencv2\core">
      <UniqueIdentifier>{2D303098-FE12-4A6B-BEEF-BF83DD3F9715}</UniqueIdentifier>
    </Filter>
    <Filter Include="Src\opencl\runtime\autogenerated">
      <UniqueIdentifier>{444BFAAA-34DA-4D6E-B1ED-96F08036D949}</UniqueIdentifier>
    </Filter>
    <Filter Include="Src\opencl\kernels\autogenerated">
      <UniqueIdentifier>{1B6437DB-2070-4C78-8F92-56CCFF03206D}</UniqueIdentifier>
    </Filter>
    <Filter Include="Include">
      <UniqueIdentifier>{138C8725-9984-4E38-93C3-432FA044E89A}</UniqueIdentifier>
    </Filter>
    <Filter Include="Src">
      <UniqueIdentifier>{CCD6B23C-58E5-49C5-805C-75D556D2D3DB}</UniqueIdentifier>
    </Filter>
  </ItemGroup>
</Project>