Microsoft Visual Studio Solution File, Format Version 12.00
# Visual Studio 14
VisualStudioVersion = 14.0.25420.1
MinimumVisualStudioVersion = 10.0.40219.1
Project("{8BC9CEB8-8B4A-11D0-8D11-00A0C91BC942}") = "ALL_BUILD", "ALL_BUILD.vcxproj", "{A5F07E83-656B-4A31-8281-77398A340123}"
	ProjectSection(ProjectDependencies) = postProject
		{A8104AFF-8102-49F8-ACD3-0E4A059E559F} = {A8104AFF-8102-49F8-ACD3-0E4A059E559F}
		{FC470206-6F71-4925-BE63-6DB515EF3A44} = {FC470206-6F71-4925-BE63-6DB515EF3A44}
		{D27AE347-08BC-4938-B473-6365CAB8E3C2} = {D27AE347-08BC-4938-B473-6365CAB8E3C2}
		{01BEE73E-6F42-4714-9CE6-D968CE1F49D6} = {01BEE73E-6F42-4714-9CE6-D968CE1F49D6}
		{A8173152-394E-40B3-B632-A3ABF5739E20} = {A8173152-394E-40B3-B632-A3ABF5739E20}
		{97B29ACD-CF80-4AE0-9C6C-B414484480AD} = {97B29ACD-CF80-4AE0-9C6C-B414484480AD}
		{3C5375B9-04EE-4136-A826-929B32175B32} = {3C5375B9-04EE-4136-A826-929B32175B32}
		{93DA633D-861B-4404-812E-BB5583DEB127} = {93DA633D-861B-4404-812E-BB5583DEB127}
		{D4E20C17-D415-442A-A016-43E17B3BF637} = {D4E20C17-D415-442A-A016-43E17B3BF637}
		{14F38C90-0E9E-4C15-A4C8-E54F846F2FF3} = {14F38C90-0E9E-4C15-A4C8-E54F846F2FF3}
		{DA77AC0E-53C0-41F8-904D-5DB3FC795B87} = {DA77AC0E-53C0-41F8-904D-5DB3FC795B87}
		{20711019-A50D-438F-BE72-82CDFAF09DDE} = {20711019-A50D-438F-BE72-82CDFAF09DDE}
		{10B8265C-D814-3269-9AEF-6C50F1815909} = {10B8265C-D814-3269-9AEF-6C50F1815909}
		{A712E485-363A-46BB-8128-27CE1C109827} = {A712E485-363A-46BB-8128-27CE1C109827}
		{A8696FCD-70AA-31E3-BD18-AC85D2BED14E} = {A8696FCD-70AA-31E3-BD18-AC85D2BED14E}
		{1618A8F9-FFD8-34BD-B1CD-1C8C4E13A9B6} = {1618A8F9-FFD8-34BD-B1CD-1C8C4E13A9B6}
		{8E809E09-D93A-34A4-89DD-2A962DD66F4B} = {8E809E09-D93A-34A4-89DD-2A962DD66F4B}
		{6D369816-6500-3B97-9A71-2F456B881693} = {6D369816-6500-3B97-9A71-2F456B881693}
		{B326AAA3-5B95-3DDC-9303-94FDAD8439A6} = {B326AAA3-5B95-3DDC-9303-94FDAD8439A6}
		{C588838C-9C07-47BB-B879-227B60D83DFD} = {C588838C-9C07-47BB-B879-227B60D83DFD}
		{C4B51150-FBC7-30E0-AF72-8685DE90BF2E} = {C4B51150-FBC7-30E0-AF72-8685DE90BF2E}
		{0B5CE246-1207-32D0-AE3C-2B017D3A5D9B} = {0B5CE246-1207-32D0-AE3C-2B017D3A5D9B}
		{1473CD24-3277-477E-B59D-CC7B5C965F06} = {1473CD24-3277-477E-B59D-CC7B5C965F06}
		{78B1A957-88FF-4714-BD61-96B85BFDB5EA} = {78B1A957-88FF-4714-BD61-96B85BFDB5EA}
		{F4463B8D-A7B2-412B-AB71-1EC60A881EBE} = {F4463B8D-A7B2-412B-AB71-1EC60A881EBE}
		{0D760750-01C4-47CA-B763-B3838E5C2937} = {0D760750-01C4-47CA-B763-B3838E5C2937}
		{445E0A84-53DF-4A95-B848-2033D9F0A98B} = {445E0A84-53DF-4A95-B848-2033D9F0A98B}
		{3486F694-BCDD-41B5-8932-3101B43443BD} = {3486F694-BCDD-41B5-8932-3101B43443BD}
		{7E8DCDC6-DBB6-394E-B1C2-C1CBDC990655} = {7E8DCDC6-DBB6-394E-B1C2-C1CBDC990655}
		{2702C08D-D9F9-4559-8A8A-FB2CF97FBDB2} = {2702C08D-D9F9-4559-8A8A-FB2CF97FBDB2}
		{C2C5BF34-8798-411E-87AB-9CFB13E2D8F8} = {C2C5BF34-8798-411E-87AB-9CFB13E2D8F8}
		{A7F44EB3-FA60-4A15-A495-5B0A4647F75D} = {A7F44EB3-FA60-4A15-A495-5B0A4647F75D}
		{EBE098FD-0C88-4200-9AE2-BF9B60B0DA25} = {EBE098FD-0C88-4200-9AE2-BF9B60B0DA25}
		{46B73045-0225-4E65-B095-2138C4B797E6} = {46B73045-0225-4E65-B095-2138C4B797E6}
		{F836FB7A-EE7E-44AD-9532-C8684B649395} = {F836FB7A-EE7E-44AD-9532-C8684B649395}
		{B1C6E4EE-CFAF-452B-A6DC-70CC90415519} = {B1C6E4EE-CFAF-452B-A6DC-70CC90415519}
	EndProjectSection
EndProject
Project("{8BC9CEB8-8B4A-11D0-8D11-00A0C91BC942}") = "IlmImf", "3rdparty\openexr\IlmImf.vcxproj", "{A8104AFF-8102-49F8-ACD3-0E4A059E559F}"
	ProjectSection(ProjectDependencies) = postProject
		{B1C6E4EE-CFAF-452B-A6DC-70CC90415519} = {B1C6E4EE-CFAF-452B-A6DC-70CC90415519}
	EndProjectSection
EndProject
Project("{8BC9CEB8-8B4A-11D0-8D11-00A0C91BC942}") = "libjasper", "3rdparty\libjasper\libjasper.vcxproj", "{FC470206-6F71-4925-BE63-6DB515EF3A44}"
EndProject
Project("{8BC9CEB8-8B4A-11D0-8D11-00A0C91BC942}") = "libjpeg", "3rdparty\libjpeg\libjpeg.vcxproj", "{D27AE347-08BC-4938-B473-6365CAB8E3C2}"
EndProject
Project("{8BC9CEB8-8B4A-11D0-8D11-00A0C91BC942}") = "libpng", "3rdparty\libpng\libpng.vcxproj", "{01BEE73E-6F42-4714-9CE6-D968CE1F49D6}"
	ProjectSection(ProjectDependencies) = postProject
		{B1C6E4EE-CFAF-452B-A6DC-70CC90415519} = {B1C6E4EE-CFAF-452B-A6DC-70CC90415519}
	EndProjectSection
EndProject
Project("{8BC9CEB8-8B4A-11D0-8D11-00A0C91BC942}") = "libtiff", "3rdparty\libtiff\libtiff.vcxproj", "{97B29ACD-CF80-4AE0-9C6C-B414484480AD}"
	ProjectSection(ProjectDependencies) = postProject
		{B1C6E4EE-CFAF-452B-A6DC-70CC90415519} = {B1C6E4EE-CFAF-452B-A6DC-70CC90415519}
	EndProjectSection
EndProject
Project("{8BC9CEB8-8B4A-11D0-8D11-00A0C91BC942}") = "libwebp", "3rdparty\libwebp\libwebp.vcxproj", "{3C5375B9-04EE-4136-A826-929B32175B32}"
EndProject
Project("{8BC9CEB8-8B4A-11D0-8D11-00A0C91BC942}") = "opencv_annotation", "apps\annotation\opencv_annotation.vcxproj", "{93DA633D-861B-4404-812E-BB5583DEB127}"
	ProjectSection(ProjectDependencies) = postProject
		{10B8265C-D814-3269-9AEF-6C50F1815909} = {10B8265C-D814-3269-9AEF-6C50F1815909}
		{8E809E09-D93A-34A4-89DD-2A962DD66F4B} = {8E809E09-D93A-34A4-89DD-2A962DD66F4B}
		{6D369816-6500-3B97-9A71-2F456B881693} = {6D369816-6500-3B97-9A71-2F456B881693}
		{B326AAA3-5B95-3DDC-9303-94FDAD8439A6} = {B326AAA3-5B95-3DDC-9303-94FDAD8439A6}
		{7E8DCDC6-DBB6-394E-B1C2-C1CBDC990655} = {7E8DCDC6-DBB6-394E-B1C2-C1CBDC990655}
	EndProjectSection
EndProject
Project("{8BC9CEB8-8B4A-11D0-8D11-00A0C91BC942}") = "opencv_calib3d", "modules\calib3d\opencv_calib3d.vcxproj", "{DA77AC0E-53C0-41F8-904D-5DB3FC795B87}"
	ProjectSection(ProjectDependencies) = postProject
		{10B8265C-D814-3269-9AEF-6C50F1815909} = {10B8265C-D814-3269-9AEF-6C50F1815909}
		{A8696FCD-70AA-31E3-BD18-AC85D2BED14E} = {A8696FCD-70AA-31E3-BD18-AC85D2BED14E}
		{1618A8F9-FFD8-34BD-B1CD-1C8C4E13A9B6} = {1618A8F9-FFD8-34BD-B1CD-1C8C4E13A9B6}
		{8E809E09-D93A-34A4-89DD-2A962DD66F4B} = {8E809E09-D93A-34A4-89DD-2A962DD66F4B}
		{6D369816-6500-3B97-9A71-2F456B881693} = {6D369816-6500-3B97-9A71-2F456B881693}
		{B326AAA3-5B95-3DDC-9303-94FDAD8439A6} = {B326AAA3-5B95-3DDC-9303-94FDAD8439A6}
		{C4B51150-FBC7-30E0-AF72-8685DE90BF2E} = {C4B51150-FBC7-30E0-AF72-8685DE90BF2E}
		{7E8DCDC6-DBB6-394E-B1C2-C1CBDC990655} = {7E8DCDC6-DBB6-394E-B1C2-C1CBDC990655}
	EndProjectSection
EndProject
Project("{8BC9CEB8-8B4A-11D0-8D11-00A0C91BC942}") = "opencv_core", "modules\core\opencv_core.vcxproj", "{10B8265C-D814-3269-9AEF-6C50F1815909}"
	ProjectSection(ProjectDependencies) = postProject
		{B1C6E4EE-CFAF-452B-A6DC-70CC90415519} = {B1C6E4EE-CFAF-452B-A6DC-70CC90415519}
	EndProjectSection
EndProject
Project("{8BC9CEB8-8B4A-11D0-8D11-00A0C91BC942}") = "opencv_createsamples", "apps\createsamples\opencv_createsamples.vcxproj", "{A712E485-363A-46BB-8128-27CE1C109827}"
	ProjectSection(ProjectDependencies) = postProject
		{DA77AC0E-53C0-41F8-904D-5DB3FC795B87} = {DA77AC0E-53C0-41F8-904D-5DB3FC795B87}
		{10B8265C-D814-3269-9AEF-6C50F1815909} = {10B8265C-D814-3269-9AEF-6C50F1815909}
		{A8696FCD-70AA-31E3-BD18-AC85D2BED14E} = {A8696FCD-70AA-31E3-BD18-AC85D2BED14E}
		{1618A8F9-FFD8-34BD-B1CD-1C8C4E13A9B6} = {1618A8F9-FFD8-34BD-B1CD-1C8C4E13A9B6}
		{8E809E09-D93A-34A4-89DD-2A962DD66F4B} = {8E809E09-D93A-34A4-89DD-2A962DD66F4B}
		{6D369816-6500-3B97-9A71-2F456B881693} = {6D369816-6500-3B97-9A71-2F456B881693}
		{B326AAA3-5B95-3DDC-9303-94FDAD8439A6} = {B326AAA3-5B95-3DDC-9303-94FDAD8439A6}
		{C4B51150-FBC7-30E0-AF72-8685DE90BF2E} = {C4B51150-FBC7-30E0-AF72-8685DE90BF2E}
		{0B5CE246-1207-32D0-AE3C-2B017D3A5D9B} = {0B5CE246-1207-32D0-AE3C-2B017D3A5D9B}
		{7E8DCDC6-DBB6-394E-B1C2-C1CBDC990655} = {7E8DCDC6-DBB6-394E-B1C2-C1CBDC990655}
	EndProjectSection
EndProject
Project("{8BC9CEB8-8B4A-11D0-8D11-00A0C91BC942}") = "opencv_features2d", "modules\features2d\opencv_features2d.vcxproj", "{A8696FCD-70AA-31E3-BD18-AC85D2BED14E}"
	ProjectSection(ProjectDependencies) = postProject
		{10B8265C-D814-3269-9AEF-6C50F1815909} = {10B8265C-D814-3269-9AEF-6C50F1815909}
		{1618A8F9-FFD8-34BD-B1CD-1C8C4E13A9B6} = {1618A8F9-FFD8-34BD-B1CD-1C8C4E13A9B6}
		{8E809E09-D93A-34A4-89DD-2A962DD66F4B} = {8E809E09-D93A-34A4-89DD-2A962DD66F4B}
		{6D369816-6500-3B97-9A71-2F456B881693} = {6D369816-6500-3B97-9A71-2F456B881693}
		{B326AAA3-5B95-3DDC-9303-94FDAD8439A6} = {B326AAA3-5B95-3DDC-9303-94FDAD8439A6}
		{C4B51150-FBC7-30E0-AF72-8685DE90BF2E} = {C4B51150-FBC7-30E0-AF72-8685DE90BF2E}
		{7E8DCDC6-DBB6-394E-B1C2-C1CBDC990655} = {7E8DCDC6-DBB6-394E-B1C2-C1CBDC990655}
	EndProjectSection
EndProject
Project("{8BC9CEB8-8B4A-11D0-8D11-00A0C91BC942}") = "opencv_flann", "modules\flann\opencv_flann.vcxproj", "{1618A8F9-FFD8-34BD-B1CD-1C8C4E13A9B6}"
	ProjectSection(ProjectDependencies) = postProject
		{10B8265C-D814-3269-9AEF-6C50F1815909} = {10B8265C-D814-3269-9AEF-6C50F1815909}
	EndProjectSection
EndProject
Project("{8BC9CEB8-8B4A-11D0-8D11-00A0C91BC942}") = "opencv_highgui", "modules\highgui\opencv_highgui.vcxproj", "{8E809E09-D93A-34A4-89DD-2A962DD66F4B}"
	ProjectSection(ProjectDependencies) = postProject
		{10B8265C-D814-3269-9AEF-6C50F1815909} = {10B8265C-D814-3269-9AEF-6C50F1815909}
		{6D369816-6500-3B97-9A71-2F456B881693} = {6D369816-6500-3B97-9A71-2F456B881693}
		{B326AAA3-5B95-3DDC-9303-94FDAD8439A6} = {B326AAA3-5B95-3DDC-9303-94FDAD8439A6}
		{7E8DCDC6-DBB6-394E-B1C2-C1CBDC990655} = {7E8DCDC6-DBB6-394E-B1C2-C1CBDC990655}
	EndProjectSection
EndProject
Project("{8BC9CEB8-8B4A-11D0-8D11-00A0C91BC942}") = "opencv_imgcodecs", "modules\imgcodecs\opencv_imgcodecs.vcxproj", "{6D369816-6500-3B97-9A71-2F456B881693}"
	ProjectSection(ProjectDependencies) = postProject
		{A8104AFF-8102-49F8-ACD3-0E4A059E559F} = {A8104AFF-8102-49F8-ACD3-0E4A059E559F}
		{FC470206-6F71-4925-BE63-6DB515EF3A44} = {FC470206-6F71-4925-BE63-6DB515EF3A44}
		{D27AE347-08BC-4938-B473-6365CAB8E3C2} = {D27AE347-08BC-4938-B473-6365CAB8E3C2}
		{01BEE73E-6F42-4714-9CE6-D968CE1F49D6} = {01BEE73E-6F42-4714-9CE6-D968CE1F49D6}
		{97B29ACD-CF80-4AE0-9C6C-B414484480AD} = {97B29ACD-CF80-4AE0-9C6C-B414484480AD}
		{3C5375B9-04EE-4136-A826-929B32175B32} = {3C5375B9-04EE-4136-A826-929B32175B32}
		{10B8265C-D814-3269-9AEF-6C50F1815909} = {10B8265C-D814-3269-9AEF-6C50F1815909}
		{B326AAA3-5B95-3DDC-9303-94FDAD8439A6} = {B326AAA3-5B95-3DDC-9303-94FDAD8439A6}
		{B1C6E4EE-CFAF-452B-A6DC-70CC90415519} = {B1C6E4EE-CFAF-452B-A6DC-70CC90415519}
	EndProjectSection
EndProject
Project("{8BC9CEB8-8B4A-11D0-8D11-00A0C91BC942}") = "opencv_imgproc", "modules\imgproc\opencv_imgproc.vcxproj", "{B326AAA3-5B95-3DDC-9303-94FDAD8439A6}"
	ProjectSection(ProjectDependencies) = postProject
		{10B8265C-D814-3269-9AEF-6C50F1815909} = {10B8265C-D814-3269-9AEF-6C50F1815909}
	EndProjectSection
EndProject
Project("{8BC9CEB8-8B4A-11D0-8D11-00A0C91BC942}") = "opencv_ml", "modules\ml\opencv_ml.vcxproj", "{C4B51150-FBC7-30E0-AF72-8685DE90BF2E}"
	ProjectSection(ProjectDependencies) = postProject
		{10B8265C-D814-3269-9AEF-6C50F1815909} = {10B8265C-D814-3269-9AEF-6C50F1815909}
	EndProjectSection
EndProject
Project("{8BC9CEB8-8B4A-11D0-8D11-00A0C91BC942}") = "opencv_objdetect", "modules\objdetect\opencv_objdetect.vcxproj", "{0B5CE246-1207-32D0-AE3C-2B017D3A5D9B}"
	ProjectSection(ProjectDependencies) = postProject
		{10B8265C-D814-3269-9AEF-6C50F1815909} = {10B8265C-D814-3269-9AEF-6C50F1815909}
		{8E809E09-D93A-34A4-89DD-2A962DD66F4B} = {8E809E09-D93A-34A4-89DD-2A962DD66F4B}
		{6D369816-6500-3B97-9A71-2F456B881693} = {6D369816-6500-3B97-9A71-2F456B881693}
		{B326AAA3-5B95-3DDC-9303-94FDAD8439A6} = {B326AAA3-5B95-3DDC-9303-94FDAD8439A6}
		{C4B51150-FBC7-30E0-AF72-8685DE90BF2E} = {C4B51150-FBC7-30E0-AF72-8685DE90BF2E}
		{7E8DCDC6-DBB6-394E-B1C2-C1CBDC990655} = {7E8DCDC6-DBB6-394E-B1C2-C1CBDC990655}
	EndProjectSection
EndProject
Project("{8BC9CEB8-8B4A-11D0-8D11-00A0C91BC942}") = "opencv_photo", "modules\photo\opencv_photo.vcxproj", "{1473CD24-3277-477E-B59D-CC7B5C965F06}"
	ProjectSection(ProjectDependencies) = postProject
		{10B8265C-D814-3269-9AEF-6C50F1815909} = {10B8265C-D814-3269-9AEF-6C50F1815909}
		{B326AAA3-5B95-3DDC-9303-94FDAD8439A6} = {B326AAA3-5B95-3DDC-9303-94FDAD8439A6}
	EndProjectSection
EndProject
Project("{8BC9CEB8-8B4A-11D0-8D11-00A0C91BC942}") = "opencv_shape", "modules\shape\opencv_shape.vcxproj", "{78B1A957-88FF-4714-BD61-96B85BFDB5EA}"
	ProjectSection(ProjectDependencies) = postProject
		{10B8265C-D814-3269-9AEF-6C50F1815909} = {10B8265C-D814-3269-9AEF-6C50F1815909}
		{B326AAA3-5B95-3DDC-9303-94FDAD8439A6} = {B326AAA3-5B95-3DDC-9303-94FDAD8439A6}
		{3486F694-BCDD-41B5-8932-3101B43443BD} = {3486F694-BCDD-41B5-8932-3101B43443BD}
	EndProjectSection
EndProject
Project("{8BC9CEB8-8B4A-11D0-8D11-00A0C91BC942}") = "opencv_stitching", "modules\stitching\opencv_stitching.vcxproj", "{F4463B8D-A7B2-412B-AB71-1EC60A881EBE}"
	ProjectSection(ProjectDependencies) = postProject
		{DA77AC0E-53C0-41F8-904D-5DB3FC795B87} = {DA77AC0E-53C0-41F8-904D-5DB3FC795B87}
		{10B8265C-D814-3269-9AEF-6C50F1815909} = {10B8265C-D814-3269-9AEF-6C50F1815909}
		{A8696FCD-70AA-31E3-BD18-AC85D2BED14E} = {A8696FCD-70AA-31E3-BD18-AC85D2BED14E}
		{1618A8F9-FFD8-34BD-B1CD-1C8C4E13A9B6} = {1618A8F9-FFD8-34BD-B1CD-1C8C4E13A9B6}
		{8E809E09-D93A-34A4-89DD-2A962DD66F4B} = {8E809E09-D93A-34A4-89DD-2A962DD66F4B}
		{6D369816-6500-3B97-9A71-2F456B881693} = {6D369816-6500-3B97-9A71-2F456B881693}
		{B326AAA3-5B95-3DDC-9303-94FDAD8439A6} = {B326AAA3-5B95-3DDC-9303-94FDAD8439A6}
		{C4B51150-FBC7-30E0-AF72-8685DE90BF2E} = {C4B51150-FBC7-30E0-AF72-8685DE90BF2E}
		{0B5CE246-1207-32D0-AE3C-2B017D3A5D9B} = {0B5CE246-1207-32D0-AE3C-2B017D3A5D9B}
		{78B1A957-88FF-4714-BD61-96B85BFDB5EA} = {78B1A957-88FF-4714-BD61-96B85BFDB5EA}
		{3486F694-BCDD-41B5-8932-3101B43443BD} = {3486F694-BCDD-41B5-8932-3101B43443BD}
		{7E8DCDC6-DBB6-394E-B1C2-C1CBDC990655} = {7E8DCDC6-DBB6-394E-B1C2-C1CBDC990655}
	EndProjectSection
EndProject
Project("{8BC9CEB8-8B4A-11D0-8D11-00A0C91BC942}") = "opencv_superres", "modules\superres\opencv_superres.vcxproj", "{0D760750-01C4-47CA-B763-B3838E5C2937}"
	ProjectSection(ProjectDependencies) = postProject
		{10B8265C-D814-3269-9AEF-6C50F1815909} = {10B8265C-D814-3269-9AEF-6C50F1815909}
		{6D369816-6500-3B97-9A71-2F456B881693} = {6D369816-6500-3B97-9A71-2F456B881693}
		{B326AAA3-5B95-3DDC-9303-94FDAD8439A6} = {B326AAA3-5B95-3DDC-9303-94FDAD8439A6}
		{3486F694-BCDD-41B5-8932-3101B43443BD} = {3486F694-BCDD-41B5-8932-3101B43443BD}
		{7E8DCDC6-DBB6-394E-B1C2-C1CBDC990655} = {7E8DCDC6-DBB6-394E-B1C2-C1CBDC990655}
	EndProjectSection
EndProject
Project("{8BC9CEB8-8B4A-11D0-8D11-00A0C91BC942}") = "opencv_traincascade", "apps\traincascade\opencv_traincascade.vcxproj", "{445E0A84-53DF-4A95-B848-2033D9F0A98B}"
	ProjectSection(ProjectDependencies) = postProject
		{DA77AC0E-53C0-41F8-904D-5DB3FC795B87} = {DA77AC0E-53C0-41F8-904D-5DB3FC795B87}
		{10B8265C-D814-3269-9AEF-6C50F1815909} = {10B8265C-D814-3269-9AEF-6C50F1815909}
		{A8696FCD-70AA-31E3-BD18-AC85D2BED14E} = {A8696FCD-70AA-31E3-BD18-AC85D2BED14E}
		{1618A8F9-FFD8-34BD-B1CD-1C8C4E13A9B6} = {1618A8F9-FFD8-34BD-B1CD-1C8C4E13A9B6}
		{8E809E09-D93A-34A4-89DD-2A962DD66F4B} = {8E809E09-D93A-34A4-89DD-2A962DD66F4B}
		{6D369816-6500-3B97-9A71-2F456B881693} = {6D369816-6500-3B97-9A71-2F456B881693}
		{B326AAA3-5B95-3DDC-9303-94FDAD8439A6} = {B326AAA3-5B95-3DDC-9303-94FDAD8439A6}
		{C4B51150-FBC7-30E0-AF72-8685DE90BF2E} = {C4B51150-FBC7-30E0-AF72-8685DE90BF2E}
		{0B5CE246-1207-32D0-AE3C-2B017D3A5D9B} = {0B5CE246-1207-32D0-AE3C-2B017D3A5D9B}
		{7E8DCDC6-DBB6-394E-B1C2-C1CBDC990655} = {7E8DCDC6-DBB6-394E-B1C2-C1CBDC990655}
	EndProjectSection
EndProject
Project("{8BC9CEB8-8B4A-11D0-8D11-00A0C91BC942}") = "opencv_video", "modules\video\opencv_video.vcxproj", "{3486F694-BCDD-41B5-8932-3101B43443BD}"
	ProjectSection(ProjectDependencies) = postProject
		{10B8265C-D814-3269-9AEF-6C50F1815909} = {10B8265C-D814-3269-9AEF-6C50F1815909}
		{B326AAA3-5B95-3DDC-9303-94FDAD8439A6} = {B326AAA3-5B95-3DDC-9303-94FDAD8439A6}
	EndProjectSection
EndProject
Project("{8BC9CEB8-8B4A-11D0-8D11-00A0C91BC942}") = "opencv_videoio", "modules\videoio\opencv_videoio.vcxproj", "{7E8DCDC6-DBB6-394E-B1C2-C1CBDC990655}"
	ProjectSection(ProjectDependencies) = postProject
		{10B8265C-D814-3269-9AEF-6C50F1815909} = {10B8265C-D814-3269-9AEF-6C50F1815909}
		{6D369816-6500-3B97-9A71-2F456B881693} = {6D369816-6500-3B97-9A71-2F456B881693}
		{B326AAA3-5B95-3DDC-9303-94FDAD8439A6} = {B326AAA3-5B95-3DDC-9303-94FDAD8439A6}
	EndProjectSection
EndProject
Project("{8BC9CEB8-8B4A-11D0-8D11-00A0C91BC942}") = "opencv_videostab", "modules\videostab\opencv_videostab.vcxproj", "{2702C08D-D9F9-4559-8A8A-FB2CF97FBDB2}"
	ProjectSection(ProjectDependencies) = postProject
		{DA77AC0E-53C0-41F8-904D-5DB3FC795B87} = {DA77AC0E-53C0-41F8-904D-5DB3FC795B87}
		{10B8265C-D814-3269-9AEF-6C50F1815909} = {10B8265C-D814-3269-9AEF-6C50F1815909}
		{A8696FCD-70AA-31E3-BD18-AC85D2BED14E} = {A8696FCD-70AA-31E3-BD18-AC85D2BED14E}
		{1618A8F9-FFD8-34BD-B1CD-1C8C4E13A9B6} = {1618A8F9-FFD8-34BD-B1CD-1C8C4E13A9B6}
		{8E809E09-D93A-34A4-89DD-2A962DD66F4B} = {8E809E09-D93A-34A4-89DD-2A962DD66F4B}
		{6D369816-6500-3B97-9A71-2F456B881693} = {6D369816-6500-3B97-9A71-2F456B881693}
		{B326AAA3-5B95-3DDC-9303-94FDAD8439A6} = {B326AAA3-5B95-3DDC-9303-94FDAD8439A6}
		{C4B51150-FBC7-30E0-AF72-8685DE90BF2E} = {C4B51150-FBC7-30E0-AF72-8685DE90BF2E}
		{1473CD24-3277-477E-B59D-CC7B5C965F06} = {1473CD24-3277-477E-B59D-CC7B5C965F06}
		{3486F694-BCDD-41B5-8932-3101B43443BD} = {3486F694-BCDD-41B5-8932-3101B43443BD}
		{7E8DCDC6-DBB6-394E-B1C2-C1CBDC990655} = {7E8DCDC6-DBB6-394E-B1C2-C1CBDC990655}
	EndProjectSection
EndProject
Project("{8BC9CEB8-8B4A-11D0-8D11-00A0C91BC942}") = "opencv_visualisation", "apps\visualisation\opencv_visualisation.vcxproj", "{C2C5BF34-8798-411E-87AB-9CFB13E2D8F8}"
	ProjectSection(ProjectDependencies) = postProject
		{10B8265C-D814-3269-9AEF-6C50F1815909} = {10B8265C-D814-3269-9AEF-6C50F1815909}
		{8E809E09-D93A-34A4-89DD-2A962DD66F4B} = {8E809E09-D93A-34A4-89DD-2A962DD66F4B}
		{6D369816-6500-3B97-9A71-2F456B881693} = {6D369816-6500-3B97-9A71-2F456B881693}
		{B326AAA3-5B95-3DDC-9303-94FDAD8439A6} = {B326AAA3-5B95-3DDC-9303-94FDAD8439A6}
		{7E8DCDC6-DBB6-394E-B1C2-C1CBDC990655} = {7E8DCDC6-DBB6-394E-B1C2-C1CBDC990655}
	EndProjectSection
EndProject
Project("{8BC9CEB8-8B4A-11D0-8D11-00A0C91BC942}") = "zlib", "3rdparty\zlib\zlib.vcxproj", "{B1C6E4EE-CFAF-452B-A6DC-70CC90415519}"
EndProject
Project("{2150E333-8FDC-42A3-9474-1A3956D46DE8}") = "3rdparty", "3rdparty", "{DD95F935-934A-4FD3-BFE3-89AE9B3E2AF0}"
EndProject
Project("{2150E333-8FDC-42A3-9474-1A3956D46DE8}") = "applications", "applications", "{06BAB4C7-2351-4C41-B7E7-4BEE5BCF5019}"
EndProject
Project("{2150E333-8FDC-42A3-9474-1A3956D46DE8}") = "modules", "modules", "{95E1BA0C-E635-48E4-82BB-83B3AFE34F78}"
EndProject
Project("{2150E333-8FDC-42A3-9474-1A3956D46DE8}") = "contrib", "contrib", "{94BCBF66-88E6-4050-885B-5CD4E0E26791}"
EndProject
Project("{8BC9CEB8-8B4A-11D0-8D11-00A0C91BC942}") = "libprotobuf", "contrib\dnn\3rdparty\protobuf\libprotobuf.vcxproj", "{A8173152-394E-40B3-B632-A3ABF5739E20}"
EndProject
Project("{8BC9CEB8-8B4A-11D0-8D11-00A0C91BC942}") = "opencv_waldboost_detector", "contrib\xobjdetect\tools\waldboost_detector\opencv_waldboost_detector.vcxproj", "{A7F44EB3-FA60-4A15-A495-5B0A4647F75D}"
EndProject
Project("{8BC9CEB8-8B4A-11D0-8D11-00A0C91BC942}") = "opencv_xfeatures2d", "contrib\xfeatures2d\opencv_xfeatures2d.vcxproj", "{23803BA3-C253-4767-BB09-4642527863EF}"
EndProject
Project("{8BC9CEB8-8B4A-11D0-8D11-00A0C91BC942}") = "opencv_ximgproc", "contrib\ximgproc\opencv_ximgproc.vcxproj", "{EBE098FD-0C88-4200-9AE2-BF9B60B0DA25}"
EndProject
Project("{8BC9CEB8-8B4A-11D0-8D11-00A0C91BC942}") = "opencv_xobjdetect", "contrib\xobjdetect\opencv_xobjdetect.vcxproj", "{46B73045-0225-4E65-B095-2138C4B797E6}"
EndProject
Project("{8BC9CEB8-8B4A-11D0-8D11-00A0C91BC942}") = "opencv_xphoto", "contrib\xphoto\opencv_xphoto.vcxproj", "{F836FB7A-EE7E-44AD-9532-C8684B649395}"
EndProject
Project("{8BC9CEB8-8B4A-11D0-8D11-00A0C91BC942}") = "opencv_aruco", "contrib\aruco\opencv_aruco.vcxproj", "{D4E20C17-D415-442A-A016-43E17B3BF637}"
EndProject
Project("{8BC9CEB8-8B4A-11D0-8D11-00A0C91BC942}") = "opencv_bgsegm", "contrib\bgsegm\opencv_bgsegm.vcxproj", "{14F38C90-0E9E-4C15-A4C8-E54F846F2FF3}"
EndProject
Project("{8BC9CEB8-8B4A-11D0-8D11-00A0C91BC942}") = "opencv_bioinspired", "contrib\bioinspired\opencv_bioinspired.vcxproj", "{B4E18935-C215-4E85-813F-98BCF3FD044F}"
EndProject
Project("{8BC9CEB8-8B4A-11D0-8D11-00A0C91BC942}") = "opencv_ccalib", "contrib\ccalib\opencv_ccalib.vcxproj", "{20711019-A50D-438F-BE72-82CDFAF09DDE}"
EndProject
Project("{8BC9CEB8-8B4A-11D0-8D11-00A0C91BC942}") = "opencv_datasets", "contrib\datasets\opencv_datasets.vcxproj", "{7F56B02C-F71C-4651-A0FC-875BED0D1802}"
EndProject
Project("{8BC9CEB8-8B4A-11D0-8D11-00A0C91BC942}") = "opencv_dnn", "contrib\dnn\opencv_dnn.vcxproj", "{C3F8420D-C097-4BB8-B67C-6988E807670B}"
EndProject
Project("{8BC9CEB8-8B4A-11D0-8D11-00A0C91BC942}") = "opencv_dpm", "contrib\dpm\opencv_dpm.vcxproj", "{0FC66C04-CF03-45F7-9011-C4E970034785}"
EndProject
Project("{8BC9CEB8-8B4A-11D0-8D11-00A0C91BC942}") = "opencv_face", "contrib\face\opencv_face.vcxproj", "{91CD29A1-F379-4F47-B060-DA844FE5A45D}"
EndProject
Project("{8BC9CEB8-8B4A-11D0-8D11-00A0C91BC942}") = "opencv_fuzzy", "contrib\fuzzy\opencv_fuzzy.vcxproj", "{FDA1612E-4B60-431C-98D9-AC54CF9855CD}"
EndProject
Project("{8BC9CEB8-8B4A-11D0-8D11-00A0C91BC942}") = "opencv_line_descriptor", "contrib\line_descriptor\opencv_line_descriptor.vcxproj", "{C588838C-9C07-47BB-B879-227B60D83DFD}"
EndProject
Project("{8BC9CEB8-8B4A-11D0-8D11-00A0C91BC942}") = "opencv_optflow", "contrib\optflow\opencv_optflow.vcxproj", "{25921387-F4A4-4930-B923-8EEF851C54BC}"
EndProject
Project("{8BC9CEB8-8B4A-11D0-8D11-00A0C91BC942}") = "opencv_plot", "contrib\plot\opencv_plot.vcxproj", "{77E4B5F7-C822-4435-9120-C090F95BD08F}"
EndProject
Project("{8BC9CEB8-8B4A-11D0-8D11-00A0C91BC942}") = "opencv_reg", "contrib\reg\opencv_reg.vcxproj", "{2D419F44-F7AB-4E3C-A900-14DFFA7A9D68}"
EndProject
Project("{8BC9CEB8-8B4A-11D0-8D11-00A0C91BC942}") = "opencv_rgbd", "contrib\rgbd\opencv_rgbd.vcxproj", "{A5894BF6-8AA8-4670-895F-5A6770F43A0C}"
EndProject
Project("{8BC9CEB8-8B4A-11D0-8D11-00A0C91BC942}") = "opencv_saliency", "contrib\saliency\opencv_saliency.vcxproj", "{2B338C47-3F92-4A52-A9BE-3C56ACCDF6A1}"
EndProject
Project("{8BC9CEB8-8B4A-11D0-8D11-00A0C91BC942}") = "opencv_stereo", "contrib\stereo\opencv_stereo.vcxproj", "{2664D0DD-40EE-4046-BB3B-5D597858EE2D}"
EndProject
Project("{8BC9CEB8-8B4A-11D0-8D11-00A0C91BC942}") = "opencv_structured_light", "contrib\structured_light\opencv_structured_light.vcxproj", "{A04B5B65-DB5C-4CF7-AFFE-829C761B4776}"
EndProject
Project("{8BC9CEB8-8B4A-11D0-8D11-00A0C91BC942}") = "opencv_surface_matching", "contrib\surface_matching\opencv_surface_matching.vcxproj", "{4354D2DB-52C3-4FAE-A788-2D1D2521E059}"
EndProject
Project("{8BC9CEB8-8B4A-11D0-8D11-00A0C91BC942}") = "opencv_text", "contrib\text\opencv_text.vcxproj", "{1615063D-1E61-40FB-A919-BE824A3BF6B1}"
EndProject
Project("{8BC9CEB8-8B4A-11D0-8D11-00A0C91BC942}") = "opencv_tracking", "contrib\tracking\opencv_tracking.vcxproj", "{C0209C6F-5C1D-4743-A913-AC4A7984F830}"
EndProject
Global
	GlobalSection(SolutionConfigurationPlatforms) = preSolution
		Debug|Win32 = Debug|Win32
		Debug|x64 = Debug|x64
		Release|Win32 = Release|Win32
		Release|x64 = Release|x64
	EndGlobalSection
	GlobalSection(ProjectConfigurationPlatforms) = postSolution
		{A5F07E83-656B-4A31-8281-77398A340123}.Debug|Win32.ActiveCfg = Debug|Win32
		{A5F07E83-656B-4A31-8281-77398A340123}.Debug|Win32.Build.0 = Debug|Win32
		{A5F07E83-656B-4A31-8281-77398A340123}.Debug|x64.ActiveCfg = Debug|x64
		{A5F07E83-656B-4A31-8281-77398A340123}.Debug|x64.Build.0 = Debug|x64
		{A5F07E83-656B-4A31-8281-77398A340123}.Release|Win32.ActiveCfg = Release|Win32
		{A5F07E83-656B-4A31-8281-77398A340123}.Release|Win32.Build.0 = Release|Win32
		{A5F07E83-656B-4A31-8281-77398A340123}.Release|x64.ActiveCfg = Release|x64
		{A5F07E83-656B-4A31-8281-77398A340123}.Release|x64.Build.0 = Release|x64
		{A8104AFF-8102-49F8-ACD3-0E4A059E559F}.Debug|Win32.ActiveCfg = Debug|Win32
		{A8104AFF-8102-49F8-ACD3-0E4A059E559F}.Debug|Win32.Build.0 = Debug|Win32
		{A8104AFF-8102-49F8-ACD3-0E4A059E559F}.Debug|x64.ActiveCfg = Debug|x64
		{A8104AFF-8102-49F8-ACD3-0E4A059E559F}.Debug|x64.Build.0 = Debug|x64
		{A8104AFF-8102-49F8-ACD3-0E4A059E559F}.Release|Win32.ActiveCfg = Release|Win32
		{A8104AFF-8102-49F8-ACD3-0E4A059E559F}.Release|Win32.Build.0 = Release|Win32
		{A8104AFF-8102-49F8-ACD3-0E4A059E559F}.Release|x64.ActiveCfg = Release|x64
		{A8104AFF-8102-49F8-ACD3-0E4A059E559F}.Release|x64.Build.0 = Release|x64
		{FC470206-6F71-4925-BE63-6DB515EF3A44}.Debug|Win32.ActiveCfg = Debug|Win32
		{FC470206-6F71-4925-BE63-6DB515EF3A44}.Debug|Win32.Build.0 = Debug|Win32
		{FC470206-6F71-4925-BE63-6DB515EF3A44}.Debug|x64.ActiveCfg = Debug|x64
		{FC470206-6F71-4925-BE63-6DB515EF3A44}.Debug|x64.Build.0 = Debug|x64
		{FC470206-6F71-4925-BE63-6DB515EF3A44}.Release|Win32.ActiveCfg = Release|Win32
		{FC470206-6F71-4925-BE63-6DB515EF3A44}.Release|Win32.Build.0 = Release|Win32
		{FC470206-6F71-4925-BE63-6DB515EF3A44}.Release|x64.ActiveCfg = Release|x64
		{FC470206-6F71-4925-BE63-6DB515EF3A44}.Release|x64.Build.0 = Release|x64
		{D27AE347-08BC-4938-B473-6365CAB8E3C2}.Debug|Win32.ActiveCfg = Debug|Win32
		{D27AE347-08BC-4938-B473-6365CAB8E3C2}.Debug|Win32.Build.0 = Debug|Win32
		{D27AE347-08BC-4938-B473-6365CAB8E3C2}.Debug|x64.ActiveCfg = Debug|x64
		{D27AE347-08BC-4938-B473-6365CAB8E3C2}.Debug|x64.Build.0 = Debug|x64
		{D27AE347-08BC-4938-B473-6365CAB8E3C2}.Release|Win32.ActiveCfg = Release|Win32
		{D27AE347-08BC-4938-B473-6365CAB8E3C2}.Release|Win32.Build.0 = Release|Win32
		{D27AE347-08BC-4938-B473-6365CAB8E3C2}.Release|x64.ActiveCfg = Release|x64
		{D27AE347-08BC-4938-B473-6365CAB8E3C2}.Release|x64.Build.0 = Release|x64
		{01BEE73E-6F42-4714-9CE6-D968CE1F49D6}.Debug|Win32.ActiveCfg = Debug|Win32
		{01BEE73E-6F42-4714-9CE6-D968CE1F49D6}.Debug|Win32.Build.0 = Debug|Win32
		{01BEE73E-6F42-4714-9CE6-D968CE1F49D6}.Debug|x64.ActiveCfg = Debug|x64
		{01BEE73E-6F42-4714-9CE6-D968CE1F49D6}.Debug|x64.Build.0 = Debug|x64
		{01BEE73E-6F42-4714-9CE6-D968CE1F49D6}.Release|Win32.ActiveCfg = Release|Win32
		{01BEE73E-6F42-4714-9CE6-D968CE1F49D6}.Release|Win32.Build.0 = Release|Win32
		{01BEE73E-6F42-4714-9CE6-D968CE1F49D6}.Release|x64.ActiveCfg = Release|x64
		{01BEE73E-6F42-4714-9CE6-D968CE1F49D6}.Release|x64.Build.0 = Release|x64
		{97B29ACD-CF80-4AE0-9C6C-B414484480AD}.Debug|Win32.ActiveCfg = Debug|Win32
		{97B29ACD-CF80-4AE0-9C6C-B414484480AD}.Debug|Win32.Build.0 = Debug|Win32
		{97B29ACD-CF80-4AE0-9C6C-B414484480AD}.Debug|x64.ActiveCfg = Debug|x64
		{97B29ACD-CF80-4AE0-9C6C-B414484480AD}.Debug|x64.Build.0 = Debug|x64
		{97B29ACD-CF80-4AE0-9C6C-B414484480AD}.Release|Win32.ActiveCfg = Release|Win32
		{97B29ACD-CF80-4AE0-9C6C-B414484480AD}.Release|Win32.Build.0 = Release|Win32
		{97B29ACD-CF80-4AE0-9C6C-B414484480AD}.Release|x64.ActiveCfg = Release|x64
		{97B29ACD-CF80-4AE0-9C6C-B414484480AD}.Release|x64.Build.0 = Release|x64
		{3C5375B9-04EE-4136-A826-929B32175B32}.Debug|Win32.ActiveCfg = Debug|Win32
		{3C5375B9-04EE-4136-A826-929B32175B32}.Debug|Win32.Build.0 = Debug|Win32
		{3C5375B9-04EE-4136-A826-929B32175B32}.Debug|x64.ActiveCfg = Debug|x64
		{3C5375B9-04EE-4136-A826-929B32175B32}.Debug|x64.Build.0 = Debug|x64
		{3C5375B9-04EE-4136-A826-929B32175B32}.Release|Win32.ActiveCfg = Release|Win32
		{3C5375B9-04EE-4136-A826-929B32175B32}.Release|Win32.Build.0 = Release|Win32
		{3C5375B9-04EE-4136-A826-929B32175B32}.Release|x64.ActiveCfg = Release|x64
		{3C5375B9-04EE-4136-A826-929B32175B32}.Release|x64.Build.0 = Release|x64
		{93DA633D-861B-4404-812E-BB5583DEB127}.Debug|Win32.ActiveCfg = Debug|Win32
		{93DA633D-861B-4404-812E-BB5583DEB127}.Debug|Win32.Build.0 = Debug|Win32
		{93DA633D-861B-4404-812E-BB5583DEB127}.Debug|x64.ActiveCfg = Debug|x64
		{93DA633D-861B-4404-812E-BB5583DEB127}.Debug|x64.Build.0 = Debug|x64
		{93DA633D-861B-4404-812E-BB5583DEB127}.Release|Win32.ActiveCfg = Release|Win32
		{93DA633D-861B-4404-812E-BB5583DEB127}.Release|Win32.Build.0 = Release|Win32
		{93DA633D-861B-4404-812E-BB5583DEB127}.Release|x64.ActiveCfg = Release|x64
		{93DA633D-861B-4404-812E-BB5583DEB127}.Release|x64.Build.0 = Release|x64
		{DA77AC0E-53C0-41F8-904D-5DB3FC795B87}.Debug|Win32.ActiveCfg = Debug|Win32
		{DA77AC0E-53C0-41F8-904D-5DB3FC795B87}.Debug|Win32.Build.0 = Debug|Win32
		{DA77AC0E-53C0-41F8-904D-5DB3FC795B87}.Debug|x64.ActiveCfg = Debug|x64
		{DA77AC0E-53C0-41F8-904D-5DB3FC795B87}.Debug|x64.Build.0 = Debug|x64
		{DA77AC0E-53C0-41F8-904D-5DB3FC795B87}.Release|Win32.ActiveCfg = Release|Win32
		{DA77AC0E-53C0-41F8-904D-5DB3FC795B87}.Release|Win32.Build.0 = Release|Win32
		{DA77AC0E-53C0-41F8-904D-5DB3FC795B87}.Release|x64.ActiveCfg = Release|x64
		{DA77AC0E-53C0-41F8-904D-5DB3FC795B87}.Release|x64.Build.0 = Release|x64
		{10B8265C-D814-3269-9AEF-6C50F1815909}.Debug|Win32.ActiveCfg = Debug|Win32
		{10B8265C-D814-3269-9AEF-6C50F1815909}.Debug|Win32.Build.0 = Debug|Win32
		{10B8265C-D814-3269-9AEF-6C50F1815909}.Debug|x64.ActiveCfg = Debug|x64
		{10B8265C-D814-3269-9AEF-6C50F1815909}.Debug|x64.Build.0 = Debug|x64
		{10B8265C-D814-3269-9AEF-6C50F1815909}.Release|Win32.ActiveCfg = Release|Win32
		{10B8265C-D814-3269-9AEF-6C50F1815909}.Release|Win32.Build.0 = Release|Win32
		{10B8265C-D814-3269-9AEF-6C50F1815909}.Release|x64.ActiveCfg = Release|x64
		{10B8265C-D814-3269-9AEF-6C50F1815909}.Release|x64.Build.0 = Release|x64
		{A712E485-363A-46BB-8128-27CE1C109827}.Debug|Win32.ActiveCfg = Debug|Win32
		{A712E485-363A-46BB-8128-27CE1C109827}.Debug|Win32.Build.0 = Debug|Win32
		{A712E485-363A-46BB-8128-27CE1C109827}.Debug|x64.ActiveCfg = Debug|x64
		{A712E485-363A-46BB-8128-27CE1C109827}.Debug|x64.Build.0 = Debug|x64
		{A712E485-363A-46BB-8128-27CE1C109827}.Release|Win32.ActiveCfg = Release|Win32
		{A712E485-363A-46BB-8128-27CE1C109827}.Release|Win32.Build.0 = Release|Win32
		{A712E485-363A-46BB-8128-27CE1C109827}.Release|x64.ActiveCfg = Release|x64
		{A712E485-363A-46BB-8128-27CE1C109827}.Release|x64.Build.0 = Release|x64
		{A8696FCD-70AA-31E3-BD18-AC85D2BED14E}.Debug|Win32.ActiveCfg = Debug|Win32
		{A8696FCD-70AA-31E3-BD18-AC85D2BED14E}.Debug|Win32.Build.0 = Debug|Win32
		{A8696FCD-70AA-31E3-BD18-AC85D2BED14E}.Debug|x64.ActiveCfg = Debug|x64
		{A8696FCD-70AA-31E3-BD18-AC85D2BED14E}.Debug|x64.Build.0 = Debug|x64
		{A8696FCD-70AA-31E3-BD18-AC85D2BED14E}.Release|Win32.ActiveCfg = Release|Win32
		{A8696FCD-70AA-31E3-BD18-AC85D2BED14E}.Release|Win32.Build.0 = Release|Win32
		{A8696FCD-70AA-31E3-BD18-AC85D2BED14E}.Release|x64.ActiveCfg = Release|x64
		{A8696FCD-70AA-31E3-BD18-AC85D2BED14E}.Release|x64.Build.0 = Release|x64
		{1618A8F9-FFD8-34BD-B1CD-1C8C4E13A9B6}.Debug|Win32.ActiveCfg = Debug|Win32
		{1618A8F9-FFD8-34BD-B1CD-1C8C4E13A9B6}.Debug|Win32.Build.0 = Debug|Win32
		{1618A8F9-FFD8-34BD-B1CD-1C8C4E13A9B6}.Debug|x64.ActiveCfg = Debug|x64
		{1618A8F9-FFD8-34BD-B1CD-1C8C4E13A9B6}.Debug|x64.Build.0 = Debug|x64
		{1618A8F9-FFD8-34BD-B1CD-1C8C4E13A9B6}.Release|Win32.ActiveCfg = Release|Win32
		{1618A8F9-FFD8-34BD-B1CD-1C8C4E13A9B6}.Release|Win32.Build.0 = Release|Win32
		{1618A8F9-FFD8-34BD-B1CD-1C8C4E13A9B6}.Release|x64.ActiveCfg = Release|x64
		{1618A8F9-FFD8-34BD-B1CD-1C8C4E13A9B6}.Release|x64.Build.0 = Release|x64
		{8E809E09-D93A-34A4-89DD-2A962DD66F4B}.Debug|Win32.ActiveCfg = Debug|Win32
		{8E809E09-D93A-34A4-89DD-2A962DD66F4B}.Debug|Win32.Build.0 = Debug|Win32
		{8E809E09-D93A-34A4-89DD-2A962DD66F4B}.Debug|x64.ActiveCfg = Debug|x64
		{8E809E09-D93A-34A4-89DD-2A962DD66F4B}.Debug|x64.Build.0 = Debug|x64
		{8E809E09-D93A-34A4-89DD-2A962DD66F4B}.Release|Win32.ActiveCfg = Release|Win32
		{8E809E09-D93A-34A4-89DD-2A962DD66F4B}.Release|Win32.Build.0 = Release|Win32
		{8E809E09-D93A-34A4-89DD-2A962DD66F4B}.Release|x64.ActiveCfg = Release|x64
		{8E809E09-D93A-34A4-89DD-2A962DD66F4B}.Release|x64.Build.0 = Release|x64
		{6D369816-6500-3B97-9A71-2F456B881693}.Debug|Win32.ActiveCfg = Debug|Win32
		{6D369816-6500-3B97-9A71-2F456B881693}.Debug|Win32.Build.0 = Debug|Win32
		{6D369816-6500-3B97-9A71-2F456B881693}.Debug|x64.ActiveCfg = Debug|x64
		{6D369816-6500-3B97-9A71-2F456B881693}.Debug|x64.Build.0 = Debug|x64
		{6D369816-6500-3B97-9A71-2F456B881693}.Release|Win32.ActiveCfg = Release|Win32
		{6D369816-6500-3B97-9A71-2F456B881693}.Release|Win32.Build.0 = Release|Win32
		{6D369816-6500-3B97-9A71-2F456B881693}.Release|x64.ActiveCfg = Release|x64
		{6D369816-6500-3B97-9A71-2F456B881693}.Release|x64.Build.0 = Release|x64
		{B326AAA3-5B95-3DDC-9303-94FDAD8439A6}.Debug|Win32.ActiveCfg = Debug|Win32
		{B326AAA3-5B95-3DDC-9303-94FDAD8439A6}.Debug|Win32.Build.0 = Debug|Win32
		{B326AAA3-5B95-3DDC-9303-94FDAD8439A6}.Debug|x64.ActiveCfg = Debug|x64
		{B326AAA3-5B95-3DDC-9303-94FDAD8439A6}.Debug|x64.Build.0 = Debug|x64
		{B326AAA3-5B95-3DDC-9303-94FDAD8439A6}.Release|Win32.ActiveCfg = Release|Win32
		{B326AAA3-5B95-3DDC-9303-94FDAD8439A6}.Release|Win32.Build.0 = Release|Win32
		{B326AAA3-5B95-3DDC-9303-94FDAD8439A6}.Release|x64.ActiveCfg = Release|x64
		{B326AAA3-5B95-3DDC-9303-94FDAD8439A6}.Release|x64.Build.0 = Release|x64
		{C4B51150-FBC7-30E0-AF72-8685DE90BF2E}.Debug|Win32.ActiveCfg = Debug|Win32
		{C4B51150-FBC7-30E0-AF72-8685DE90BF2E}.Debug|Win32.Build.0 = Debug|Win32
		{C4B51150-FBC7-30E0-AF72-8685DE90BF2E}.Debug|x64.ActiveCfg = Debug|x64
		{C4B51150-FBC7-30E0-AF72-8685DE90BF2E}.Debug|x64.Build.0 = Debug|x64
		{C4B51150-FBC7-30E0-AF72-8685DE90BF2E}.Release|Win32.ActiveCfg = Release|Win32
		{C4B51150-FBC7-30E0-AF72-8685DE90BF2E}.Release|Win32.Build.0 = Release|Win32
		{C4B51150-FBC7-30E0-AF72-8685DE90BF2E}.Release|x64.ActiveCfg = Release|x64
		{C4B51150-FBC7-30E0-AF72-8685DE90BF2E}.Release|x64.Build.0 = Release|x64
		{0B5CE246-1207-32D0-AE3C-2B017D3A5D9B}.Debug|Win32.ActiveCfg = Debug|Win32
		{0B5CE246-1207-32D0-AE3C-2B017D3A5D9B}.Debug|Win32.Build.0 = Debug|Win32
		{0B5CE246-1207-32D0-AE3C-2B017D3A5D9B}.Debug|x64.ActiveCfg = Debug|x64
		{0B5CE246-1207-32D0-AE3C-2B017D3A5D9B}.Debug|x64.Build.0 = Debug|x64
		{0B5CE246-1207-32D0-AE3C-2B017D3A5D9B}.Release|Win32.ActiveCfg = Release|Win32
		{0B5CE246-1207-32D0-AE3C-2B017D3A5D9B}.Release|Win32.Build.0 = Release|Win32
		{0B5CE246-1207-32D0-AE3C-2B017D3A5D9B}.Release|x64.ActiveCfg = Release|x64
		{0B5CE246-1207-32D0-AE3C-2B017D3A5D9B}.Release|x64.Build.0 = Release|x64
		{1473CD24-3277-477E-B59D-CC7B5C965F06}.Debug|Win32.ActiveCfg = Debug|Win32
		{1473CD24-3277-477E-B59D-CC7B5C965F06}.Debug|Win32.Build.0 = Debug|Win32
		{1473CD24-3277-477E-B59D-CC7B5C965F06}.Debug|x64.ActiveCfg = Debug|x64
		{1473CD24-3277-477E-B59D-CC7B5C965F06}.Debug|x64.Build.0 = Debug|x64
		{1473CD24-3277-477E-B59D-CC7B5C965F06}.Release|Win32.ActiveCfg = Release|Win32
		{1473CD24-3277-477E-B59D-CC7B5C965F06}.Release|Win32.Build.0 = Release|Win32
		{1473CD24-3277-477E-B59D-CC7B5C965F06}.Release|x64.ActiveCfg = Release|x64
		{1473CD24-3277-477E-B59D-CC7B5C965F06}.Release|x64.Build.0 = Release|x64
		{78B1A957-88FF-4714-BD61-96B85BFDB5EA}.Debug|Win32.ActiveCfg = Debug|Win32
		{78B1A957-88FF-4714-BD61-96B85BFDB5EA}.Debug|Win32.Build.0 = Debug|Win32
		{78B1A957-88FF-4714-BD61-96B85BFDB5EA}.Debug|x64.ActiveCfg = Debug|x64
		{78B1A957-88FF-4714-BD61-96B85BFDB5EA}.Debug|x64.Build.0 = Debug|x64
		{78B1A957-88FF-4714-BD61-96B85BFDB5EA}.Release|Win32.ActiveCfg = Release|Win32
		{78B1A957-88FF-4714-BD61-96B85BFDB5EA}.Release|Win32.Build.0 = Release|Win32
		{78B1A957-88FF-4714-BD61-96B85BFDB5EA}.Release|x64.ActiveCfg = Release|x64
		{78B1A957-88FF-4714-BD61-96B85BFDB5EA}.Release|x64.Build.0 = Release|x64
		{F4463B8D-A7B2-412B-AB71-1EC60A881EBE}.Debug|Win32.ActiveCfg = Debug|Win32
		{F4463B8D-A7B2-412B-AB71-1EC60A881EBE}.Debug|Win32.Build.0 = Debug|Win32
		{F4463B8D-A7B2-412B-AB71-1EC60A881EBE}.Debug|x64.ActiveCfg = Debug|x64
		{F4463B8D-A7B2-412B-AB71-1EC60A881EBE}.Debug|x64.Build.0 = Debug|x64
		{F4463B8D-A7B2-412B-AB71-1EC60A881EBE}.Release|Win32.ActiveCfg = Release|Win32
		{F4463B8D-A7B2-412B-AB71-1EC60A881EBE}.Release|Win32.Build.0 = Release|Win32
		{F4463B8D-A7B2-412B-AB71-1EC60A881EBE}.Release|x64.ActiveCfg = Release|x64
		{F4463B8D-A7B2-412B-AB71-1EC60A881EBE}.Release|x64.Build.0 = Release|x64
		{0D760750-01C4-47CA-B763-B3838E5C2937}.Debug|Win32.ActiveCfg = Debug|Win32
		{0D760750-01C4-47CA-B763-B3838E5C2937}.Debug|Win32.Build.0 = Debug|Win32
		{0D760750-01C4-47CA-B763-B3838E5C2937}.Debug|x64.ActiveCfg = Debug|x64
		{0D760750-01C4-47CA-B763-B3838E5C2937}.Debug|x64.Build.0 = Debug|x64
		{0D760750-01C4-47CA-B763-B3838E5C2937}.Release|Win32.ActiveCfg = Release|Win32
		{0D760750-01C4-47CA-B763-B3838E5C2937}.Release|Win32.Build.0 = Release|Win32
		{0D760750-01C4-47CA-B763-B3838E5C2937}.Release|x64.ActiveCfg = Release|x64
		{0D760750-01C4-47CA-B763-B3838E5C2937}.Release|x64.Build.0 = Release|x64
		{445E0A84-53DF-4A95-B848-2033D9F0A98B}.Debug|Win32.ActiveCfg = Debug|Win32
		{445E0A84-53DF-4A95-B848-2033D9F0A98B}.Debug|Win32.Build.0 = Debug|Win32
		{445E0A84-53DF-4A95-B848-2033D9F0A98B}.Debug|x64.ActiveCfg = Debug|x64
		{445E0A84-53DF-4A95-B848-2033D9F0A98B}.Debug|x64.Build.0 = Debug|x64
		{445E0A84-53DF-4A95-B848-2033D9F0A98B}.Release|Win32.ActiveCfg = Release|Win32
		{445E0A84-53DF-4A95-B848-2033D9F0A98B}.Release|Win32.Build.0 = Release|Win32
		{445E0A84-53DF-4A95-B848-2033D9F0A98B}.Release|x64.ActiveCfg = Release|x64
		{445E0A84-53DF-4A95-B848-2033D9F0A98B}.Release|x64.Build.0 = Release|x64
		{3486F694-BCDD-41B5-8932-3101B43443BD}.Debug|Win32.ActiveCfg = Debug|Win32
		{3486F694-BCDD-41B5-8932-3101B43443BD}.Debug|Win32.Build.0 = Debug|Win32
		{3486F694-BCDD-41B5-8932-3101B43443BD}.Debug|x64.ActiveCfg = Debug|x64
		{3486F694-BCDD-41B5-8932-3101B43443BD}.Debug|x64.Build.0 = Debug|x64
		{3486F694-BCDD-41B5-8932-3101B43443BD}.Release|Win32.ActiveCfg = Release|Win32
		{3486F694-BCDD-41B5-8932-3101B43443BD}.Release|Win32.Build.0 = Release|Win32
		{3486F694-BCDD-41B5-8932-3101B43443BD}.Release|x64.ActiveCfg = Release|x64
		{3486F694-BCDD-41B5-8932-3101B43443BD}.Release|x64.Build.0 = Release|x64
		{7E8DCDC6-DBB6-394E-B1C2-C1CBDC990655}.Debug|Win32.ActiveCfg = Debug|Win32
		{7E8DCDC6-DBB6-394E-B1C2-C1CBDC990655}.Debug|Win32.Build.0 = Debug|Win32
		{7E8DCDC6-DBB6-394E-B1C2-C1CBDC990655}.Debug|x64.ActiveCfg = Debug|x64
		{7E8DCDC6-DBB6-394E-B1C2-C1CBDC990655}.Debug|x64.Build.0 = Debug|x64
		{7E8DCDC6-DBB6-394E-B1C2-C1CBDC990655}.Release|Win32.ActiveCfg = Release|Win32
		{7E8DCDC6-DBB6-394E-B1C2-C1CBDC990655}.Release|Win32.Build.0 = Release|Win32
		{7E8DCDC6-DBB6-394E-B1C2-C1CBDC990655}.Release|x64.ActiveCfg = Release|x64
		{7E8DCDC6-DBB6-394E-B1C2-C1CBDC990655}.Release|x64.Build.0 = Release|x64
		{2702C08D-D9F9-4559-8A8A-FB2CF97FBDB2}.Debug|Win32.ActiveCfg = Debug|Win32
		{2702C08D-D9F9-4559-8A8A-FB2CF97FBDB2}.Debug|Win32.Build.0 = Debug|Win32
		{2702C08D-D9F9-4559-8A8A-FB2CF97FBDB2}.Debug|x64.ActiveCfg = Debug|x64
		{2702C08D-D9F9-4559-8A8A-FB2CF97FBDB2}.Debug|x64.Build.0 = Debug|x64
		{2702C08D-D9F9-4559-8A8A-FB2CF97FBDB2}.Release|Win32.ActiveCfg = Release|Win32
		{2702C08D-D9F9-4559-8A8A-FB2CF97FBDB2}.Release|Win32.Build.0 = Release|Win32
		{2702C08D-D9F9-4559-8A8A-FB2CF97FBDB2}.Release|x64.ActiveCfg = Release|x64
		{2702C08D-D9F9-4559-8A8A-FB2CF97FBDB2}.Release|x64.Build.0 = Release|x64
		{C2C5BF34-8798-411E-87AB-9CFB13E2D8F8}.Debug|Win32.ActiveCfg = Debug|Win32
		{C2C5BF34-8798-411E-87AB-9CFB13E2D8F8}.Debug|Win32.Build.0 = Debug|Win32
		{C2C5BF34-8798-411E-87AB-9CFB13E2D8F8}.Debug|x64.ActiveCfg = Debug|x64
		{C2C5BF34-8798-411E-87AB-9CFB13E2D8F8}.Debug|x64.Build.0 = Debug|x64
		{C2C5BF34-8798-411E-87AB-9CFB13E2D8F8}.Release|Win32.ActiveCfg = Release|Win32
		{C2C5BF34-8798-411E-87AB-9CFB13E2D8F8}.Release|Win32.Build.0 = Release|Win32
		{C2C5BF34-8798-411E-87AB-9CFB13E2D8F8}.Release|x64.ActiveCfg = Release|x64
		{C2C5BF34-8798-411E-87AB-9CFB13E2D8F8}.Release|x64.Build.0 = Release|x64
		{B1C6E4EE-CFAF-452B-A6DC-70CC90415519}.Debug|Win32.ActiveCfg = Debug|Win32
		{B1C6E4EE-CFAF-452B-A6DC-70CC90415519}.Debug|Win32.Build.0 = Debug|Win32
		{B1C6E4EE-CFAF-452B-A6DC-70CC90415519}.Debug|x64.ActiveCfg = Debug|x64
		{B1C6E4EE-CFAF-452B-A6DC-70CC90415519}.Debug|x64.Build.0 = Debug|x64
		{B1C6E4EE-CFAF-452B-A6DC-70CC90415519}.Release|Win32.ActiveCfg = Release|Win32
		{B1C6E4EE-CFAF-452B-A6DC-70CC90415519}.Release|Win32.Build.0 = Release|Win32
		{B1C6E4EE-CFAF-452B-A6DC-70CC90415519}.Release|x64.ActiveCfg = Release|x64
		{B1C6E4EE-CFAF-452B-A6DC-70CC90415519}.Release|x64.Build.0 = Release|x64
		{A8173152-394E-40B3-B632-A3ABF5739E20}.Debug|Win32.ActiveCfg = Debug|Win32
		{A8173152-394E-40B3-B632-A3ABF5739E20}.Debug|Win32.Build.0 = Debug|Win32
		{A8173152-394E-40B3-B632-A3ABF5739E20}.Debug|x64.ActiveCfg = Debug|x64
		{A8173152-394E-40B3-B632-A3ABF5739E20}.Debug|x64.Build.0 = Debug|x64
		{A8173152-394E-40B3-B632-A3ABF5739E20}.Release|Win32.ActiveCfg = Release|Win32
		{A8173152-394E-40B3-B632-A3ABF5739E20}.Release|Win32.Build.0 = Release|Win32
		{A8173152-394E-40B3-B632-A3ABF5739E20}.Release|x64.ActiveCfg = Release|x64
		{A8173152-394E-40B3-B632-A3ABF5739E20}.Release|x64.Build.0 = Release|x64
		{A7F44EB3-FA60-4A15-A495-5B0A4647F75D}.Debug|Win32.ActiveCfg = Debug|Win32
		{A7F44EB3-FA60-4A15-A495-5B0A4647F75D}.Debug|Win32.Build.0 = Debug|Win32
		{A7F44EB3-FA60-4A15-A495-5B0A4647F75D}.Debug|x64.ActiveCfg = Debug|x64
		{A7F44EB3-FA60-4A15-A495-5B0A4647F75D}.Debug|x64.Build.0 = Debug|x64
		{A7F44EB3-FA60-4A15-A495-5B0A4647F75D}.Release|Win32.ActiveCfg = Release|Win32
		{A7F44EB3-FA60-4A15-A495-5B0A4647F75D}.Release|Win32.Build.0 = Release|Win32
		{A7F44EB3-FA60-4A15-A495-5B0A4647F75D}.Release|x64.ActiveCfg = Release|x64
		{A7F44EB3-FA60-4A15-A495-5B0A4647F75D}.Release|x64.Build.0 = Release|x64
		{23803BA3-C253-4767-BB09-4642527863EF}.Debug|Win32.ActiveCfg = Debug|Win32
		{23803BA3-C253-4767-BB09-4642527863EF}.Debug|Win32.Build.0 = Debug|Win32
		{23803BA3-C253-4767-BB09-4642527863EF}.Debug|x64.ActiveCfg = Debug|x64
		{23803BA3-C253-4767-BB09-4642527863EF}.Debug|x64.Build.0 = Debug|x64
		{23803BA3-C253-4767-BB09-4642527863EF}.Release|Win32.ActiveCfg = Release|Win32
		{23803BA3-C253-4767-BB09-4642527863EF}.Release|Win32.Build.0 = Release|Win32
		{23803BA3-C253-4767-BB09-4642527863EF}.Release|x64.ActiveCfg = Release|x64
		{23803BA3-C253-4767-BB09-4642527863EF}.Release|x64.Build.0 = Release|x64
		{EBE098FD-0C88-4200-9AE2-BF9B60B0DA25}.Debug|Win32.ActiveCfg = Debug|Win32
		{EBE098FD-0C88-4200-9AE2-BF9B60B0DA25}.Debug|Win32.Build.0 = Debug|Win32
		{EBE098FD-0C88-4200-9AE2-BF9B60B0DA25}.Debug|x64.ActiveCfg = Debug|x64
		{EBE098FD-0C88-4200-9AE2-BF9B60B0DA25}.Debug|x64.Build.0 = Debug|x64
		{EBE098FD-0C88-4200-9AE2-BF9B60B0DA25}.Release|Win32.ActiveCfg = Release|Win32
		{EBE098FD-0C88-4200-9AE2-BF9B60B0DA25}.Release|Win32.Build.0 = Release|Win32
		{EBE098FD-0C88-4200-9AE2-BF9B60B0DA25}.Release|x64.ActiveCfg = Release|x64
		{EBE098FD-0C88-4200-9AE2-BF9B60B0DA25}.Release|x64.Build.0 = Release|x64
		{46B73045-0225-4E65-B095-2138C4B797E6}.Debug|Win32.ActiveCfg = Debug|Win32
		{46B73045-0225-4E65-B095-2138C4B797E6}.Debug|Win32.Build.0 = Debug|Win32
		{46B73045-0225-4E65-B095-2138C4B797E6}.Debug|x64.ActiveCfg = Debug|x64
		{46B73045-0225-4E65-B095-2138C4B797E6}.Debug|x64.Build.0 = Debug|x64
		{46B73045-0225-4E65-B095-2138C4B797E6}.Release|Win32.ActiveCfg = Release|Win32
		{46B73045-0225-4E65-B095-2138C4B797E6}.Release|Win32.Build.0 = Release|Win32
		{46B73045-0225-4E65-B095-2138C4B797E6}.Release|x64.ActiveCfg = Release|x64
		{46B73045-0225-4E65-B095-2138C4B797E6}.Release|x64.Build.0 = Release|x64
		{F836FB7A-EE7E-44AD-9532-C8684B649395}.Debug|Win32.ActiveCfg = Debug|Win32
		{F836FB7A-EE7E-44AD-9532-C8684B649395}.Debug|Win32.Build.0 = Debug|Win32
		{F836FB7A-EE7E-44AD-9532-C8684B649395}.Debug|x64.ActiveCfg = Debug|x64
		{F836FB7A-EE7E-44AD-9532-C8684B649395}.Debug|x64.Build.0 = Debug|x64
		{F836FB7A-EE7E-44AD-9532-C8684B649395}.Release|Win32.ActiveCfg = Release|Win32
		{F836FB7A-EE7E-44AD-9532-C8684B649395}.Release|Win32.Build.0 = Release|Win32
		{F836FB7A-EE7E-44AD-9532-C8684B649395}.Release|x64.ActiveCfg = Release|x64
		{F836FB7A-EE7E-44AD-9532-C8684B649395}.Release|x64.Build.0 = Release|x64
		{D4E20C17-D415-442A-A016-43E17B3BF637}.Debug|Win32.ActiveCfg = Debug|Win32
		{D4E20C17-D415-442A-A016-43E17B3BF637}.Debug|Win32.Build.0 = Debug|Win32
		{D4E20C17-D415-442A-A016-43E17B3BF637}.Debug|x64.ActiveCfg = Debug|x64
		{D4E20C17-D415-442A-A016-43E17B3BF637}.Debug|x64.Build.0 = Debug|x64
		{D4E20C17-D415-442A-A016-43E17B3BF637}.Release|Win32.ActiveCfg = Release|Win32
		{D4E20C17-D415-442A-A016-43E17B3BF637}.Release|Win32.Build.0 = Release|Win32
		{D4E20C17-D415-442A-A016-43E17B3BF637}.Release|x64.ActiveCfg = Release|x64
		{D4E20C17-D415-442A-A016-43E17B3BF637}.Release|x64.Build.0 = Release|x64
		{14F38C90-0E9E-4C15-A4C8-E54F846F2FF3}.Debug|Win32.ActiveCfg = Debug|Win32
		{14F38C90-0E9E-4C15-A4C8-E54F846F2FF3}.Debug|Win32.Build.0 = Debug|Win32
		{14F38C90-0E9E-4C15-A4C8-E54F846F2FF3}.Debug|x64.ActiveCfg = Debug|x64
		{14F38C90-0E9E-4C15-A4C8-E54F846F2FF3}.Debug|x64.Build.0 = Debug|x64
		{14F38C90-0E9E-4C15-A4C8-E54F846F2FF3}.Release|Win32.ActiveCfg = Release|Win32
		{14F38C90-0E9E-4C15-A4C8-E54F846F2FF3}.Release|Win32.Build.0 = Release|Win32
		{14F38C90-0E9E-4C15-A4C8-E54F846F2FF3}.Release|x64.ActiveCfg = Release|x64
		{14F38C90-0E9E-4C15-A4C8-E54F846F2FF3}.Release|x64.Build.0 = Release|x64
		{B4E18935-C215-4E85-813F-98BCF3FD044F}.Debug|Win32.ActiveCfg = Debug|Win32
		{B4E18935-C215-4E85-813F-98BCF3FD044F}.Debug|Win32.Build.0 = Debug|Win32
		{B4E18935-C215-4E85-813F-98BCF3FD044F}.Debug|x64.ActiveCfg = Debug|x64
		{B4E18935-C215-4E85-813F-98BCF3FD044F}.Debug|x64.Build.0 = Debug|x64
		{B4E18935-C215-4E85-813F-98BCF3FD044F}.Release|Win32.ActiveCfg = Release|Win32
		{B4E18935-C215-4E85-813F-98BCF3FD044F}.Release|Win32.Build.0 = Release|Win32
		{B4E18935-C215-4E85-813F-98BCF3FD044F}.Release|x64.ActiveCfg = Release|x64
		{B4E18935-C215-4E85-813F-98BCF3FD044F}.Release|x64.Build.0 = Release|x64
		{20711019-A50D-438F-BE72-82CDFAF09DDE}.Debug|Win32.ActiveCfg = Debug|Win32
		{20711019-A50D-438F-BE72-82CDFAF09DDE}.Debug|Win32.Build.0 = Debug|Win32
		{20711019-A50D-438F-BE72-82CDFAF09DDE}.Debug|x64.ActiveCfg = Debug|x64
		{20711019-A50D-438F-BE72-82CDFAF09DDE}.Debug|x64.Build.0 = Debug|x64
		{20711019-A50D-438F-BE72-82CDFAF09DDE}.Release|Win32.ActiveCfg = Release|Win32
		{20711019-A50D-438F-BE72-82CDFAF09DDE}.Release|Win32.Build.0 = Release|Win32
		{20711019-A50D-438F-BE72-82CDFAF09DDE}.Release|x64.ActiveCfg = Release|x64
		{20711019-A50D-438F-BE72-82CDFAF09DDE}.Release|x64.Build.0 = Release|x64
		{7F56B02C-F71C-4651-A0FC-875BED0D1802}.Debug|Win32.ActiveCfg = Debug|Win32
		{7F56B02C-F71C-4651-A0FC-875BED0D1802}.Debug|Win32.Build.0 = Debug|Win32
		{7F56B02C-F71C-4651-A0FC-875BED0D1802}.Debug|x64.ActiveCfg = Debug|x64
		{7F56B02C-F71C-4651-A0FC-875BED0D1802}.Debug|x64.Build.0 = Debug|x64
		{7F56B02C-F71C-4651-A0FC-875BED0D1802}.Release|Win32.ActiveCfg = Release|Win32
		{7F56B02C-F71C-4651-A0FC-875BED0D1802}.Release|Win32.Build.0 = Release|Win32
		{7F56B02C-F71C-4651-A0FC-875BED0D1802}.Release|x64.ActiveCfg = Release|x64
		{7F56B02C-F71C-4651-A0FC-875BED0D1802}.Release|x64.Build.0 = Release|x64
		{C3F8420D-C097-4BB8-B67C-6988E807670B}.Debug|Win32.ActiveCfg = Debug|Win32
		{C3F8420D-C097-4BB8-B67C-6988E807670B}.Debug|Win32.Build.0 = Debug|Win32
		{C3F8420D-C097-4BB8-B67C-6988E807670B}.Debug|x64.ActiveCfg = Debug|x64
		{C3F8420D-C097-4BB8-B67C-6988E807670B}.Debug|x64.Build.0 = Debug|x64
		{C3F8420D-C097-4BB8-B67C-6988E807670B}.Release|Win32.ActiveCfg = Release|Win32
		{C3F8420D-C097-4BB8-B67C-6988E807670B}.Release|Win32.Build.0 = Release|Win32
		{C3F8420D-C097-4BB8-B67C-6988E807670B}.Release|x64.ActiveCfg = Release|x64
		{C3F8420D-C097-4BB8-B67C-6988E807670B}.Release|x64.Build.0 = Release|x64
		{0FC66C04-CF03-45F7-9011-C4E970034785}.Debug|Win32.ActiveCfg = Debug|Win32
		{0FC66C04-CF03-45F7-9011-C4E970034785}.Debug|Win32.Build.0 = Debug|Win32
		{0FC66C04-CF03-45F7-9011-C4E970034785}.Debug|x64.ActiveCfg = Debug|x64
		{0FC66C04-CF03-45F7-9011-C4E970034785}.Debug|x64.Build.0 = Debug|x64
		{0FC66C04-CF03-45F7-9011-C4E970034785}.Release|Win32.ActiveCfg = Release|Win32
		{0FC66C04-CF03-45F7-9011-C4E970034785}.Release|Win32.Build.0 = Release|Win32
		{0FC66C04-CF03-45F7-9011-C4E970034785}.Release|x64.ActiveCfg = Release|x64
		{0FC66C04-CF03-45F7-9011-C4E970034785}.Release|x64.Build.0 = Release|x64
		{91CD29A1-F379-4F47-B060-DA844FE5A45D}.Debug|Win32.ActiveCfg = Debug|Win32
		{91CD29A1-F379-4F47-B060-DA844FE5A45D}.Debug|Win32.Build.0 = Debug|Win32
		{91CD29A1-F379-4F47-B060-DA844FE5A45D}.Debug|x64.ActiveCfg = Debug|x64
		{91CD29A1-F379-4F47-B060-DA844FE5A45D}.Debug|x64.Build.0 = Debug|x64
		{91CD29A1-F379-4F47-B060-DA844FE5A45D}.Release|Win32.ActiveCfg = Release|Win32
		{91CD29A1-F379-4F47-B060-DA844FE5A45D}.Release|Win32.Build.0 = Release|Win32
		{91CD29A1-F379-4F47-B060-DA844FE5A45D}.Release|x64.ActiveCfg = Release|x64
		{91CD29A1-F379-4F47-B060-DA844FE5A45D}.Release|x64.Build.0 = Release|x64
		{FDA1612E-4B60-431C-98D9-AC54CF9855CD}.Debug|Win32.ActiveCfg = Debug|Win32
		{FDA1612E-4B60-431C-98D9-AC54CF9855CD}.Debug|Win32.Build.0 = Debug|Win32
		{FDA1612E-4B60-431C-98D9-AC54CF9855CD}.Debug|x64.ActiveCfg = Debug|x64
		{FDA1612E-4B60-431C-98D9-AC54CF9855CD}.Debug|x64.Build.0 = Debug|x64
		{FDA1612E-4B60-431C-98D9-AC54CF9855CD}.Release|Win32.ActiveCfg = Release|Win32
		{FDA1612E-4B60-431C-98D9-AC54CF9855CD}.Release|Win32.Build.0 = Release|Win32
		{FDA1612E-4B60-431C-98D9-AC54CF9855CD}.Release|x64.ActiveCfg = Release|x64
		{FDA1612E-4B60-431C-98D9-AC54CF9855CD}.Release|x64.Build.0 = Release|x64
		{C588838C-9C07-47BB-B879-227B60D83DFD}.Debug|Win32.ActiveCfg = Debug|Win32
		{C588838C-9C07-47BB-B879-227B60D83DFD}.Debug|Win32.Build.0 = Debug|Win32
		{C588838C-9C07-47BB-B879-227B60D83DFD}.Debug|x64.ActiveCfg = Debug|x64
		{C588838C-9C07-47BB-B879-227B60D83DFD}.Debug|x64.Build.0 = Debug|x64
		{C588838C-9C07-47BB-B879-227B60D83DFD}.Release|Win32.ActiveCfg = Release|Win32
		{C588838C-9C07-47BB-B879-227B60D83DFD}.Release|Win32.Build.0 = Release|Win32
		{C588838C-9C07-47BB-B879-227B60D83DFD}.Release|x64.ActiveCfg = Release|x64
		{C588838C-9C07-47BB-B879-227B60D83DFD}.Release|x64.Build.0 = Release|x64
		{25921387-F4A4-4930-B923-8EEF851C54BC}.Debug|Win32.ActiveCfg = Debug|Win32
		{25921387-F4A4-4930-B923-8EEF851C54BC}.Debug|Win32.Build.0 = Debug|Win32
		{25921387-F4A4-4930-B923-8EEF851C54BC}.Debug|x64.ActiveCfg = Debug|x64
		{25921387-F4A4-4930-B923-8EEF851C54BC}.Debug|x64.Build.0 = Debug|x64
		{25921387-F4A4-4930-B923-8EEF851C54BC}.Release|Win32.ActiveCfg = Release|Win32
		{25921387-F4A4-4930-B923-8EEF851C54BC}.Release|Win32.Build.0 = Release|Win32
		{25921387-F4A4-4930-B923-8EEF851C54BC}.Release|x64.ActiveCfg = Release|x64
		{25921387-F4A4-4930-B923-8EEF851C54BC}.Release|x64.Build.0 = Release|x64
		{77E4B5F7-C822-4435-9120-C090F95BD08F}.Debug|Win32.ActiveCfg = Debug|Win32
		{77E4B5F7-C822-4435-9120-C090F95BD08F}.Debug|Win32.Build.0 = Debug|Win32
		{77E4B5F7-C822-4435-9120-C090F95BD08F}.Debug|x64.ActiveCfg = Debug|x64
		{77E4B5F7-C822-4435-9120-C090F95BD08F}.Debug|x64.Build.0 = Debug|x64
		{77E4B5F7-C822-4435-9120-C090F95BD08F}.Release|Win32.ActiveCfg = Release|Win32
		{77E4B5F7-C822-4435-9120-C090F95BD08F}.Release|Win32.Build.0 = Release|Win32
		{77E4B5F7-C822-4435-9120-C090F95BD08F}.Release|x64.ActiveCfg = Release|x64
		{77E4B5F7-C822-4435-9120-C090F95BD08F}.Release|x64.Build.0 = Release|x64
		{2D419F44-F7AB-4E3C-A900-14DFFA7A9D68}.Debug|Win32.ActiveCfg = Debug|Win32
		{2D419F44-F7AB-4E3C-A900-14DFFA7A9D68}.Debug|Win32.Build.0 = Debug|Win32
		{2D419F44-F7AB-4E3C-A900-14DFFA7A9D68}.Debug|x64.ActiveCfg = Debug|x64
		{2D419F44-F7AB-4E3C-A900-14DFFA7A9D68}.Debug|x64.Build.0 = Debug|x64
		{2D419F44-F7AB-4E3C-A900-14DFFA7A9D68}.Release|Win32.ActiveCfg = Release|Win32
		{2D419F44-F7AB-4E3C-A900-14DFFA7A9D68}.Release|Win32.Build.0 = Release|Win32
		{2D419F44-F7AB-4E3C-A900-14DFFA7A9D68}.Release|x64.ActiveCfg = Release|x64
		{2D419F44-F7AB-4E3C-A900-14DFFA7A9D68}.Release|x64.Build.0 = Release|x64
		{A5894BF6-8AA8-4670-895F-5A6770F43A0C}.Debug|Win32.ActiveCfg = Debug|Win32
		{A5894BF6-8AA8-4670-895F-5A6770F43A0C}.Debug|Win32.Build.0 = Debug|Win32
		{A5894BF6-8AA8-4670-895F-5A6770F43A0C}.Debug|x64.ActiveCfg = Debug|x64
		{A5894BF6-8AA8-4670-895F-5A6770F43A0C}.Debug|x64.Build.0 = Debug|x64
		{A5894BF6-8AA8-4670-895F-5A6770F43A0C}.Release|Win32.ActiveCfg = Release|Win32
		{A5894BF6-8AA8-4670-895F-5A6770F43A0C}.Release|Win32.Build.0 = Release|Win32
		{A5894BF6-8AA8-4670-895F-5A6770F43A0C}.Release|x64.ActiveCfg = Release|x64
		{A5894BF6-8AA8-4670-895F-5A6770F43A0C}.Release|x64.Build.0 = Release|x64
		{2B338C47-3F92-4A52-A9BE-3C56ACCDF6A1}.Debug|Win32.ActiveCfg = Debug|Win32
		{2B338C47-3F92-4A52-A9BE-3C56ACCDF6A1}.Debug|Win32.Build.0 = Debug|Win32
		{2B338C47-3F92-4A52-A9BE-3C56ACCDF6A1}.Debug|x64.ActiveCfg = Debug|x64
		{2B338C47-3F92-4A52-A9BE-3C56ACCDF6A1}.Debug|x64.Build.0 = Debug|x64
		{2B338C47-3F92-4A52-A9BE-3C56ACCDF6A1}.Release|Win32.ActiveCfg = Release|Win32
		{2B338C47-3F92-4A52-A9BE-3C56ACCDF6A1}.Release|Win32.Build.0 = Release|Win32
		{2B338C47-3F92-4A52-A9BE-3C56ACCDF6A1}.Release|x64.ActiveCfg = Release|x64
		{2B338C47-3F92-4A52-A9BE-3C56ACCDF6A1}.Release|x64.Build.0 = Release|x64
		{2664D0DD-40EE-4046-BB3B-5D597858EE2D}.Debug|Win32.ActiveCfg = Debug|Win32
		{2664D0DD-40EE-4046-BB3B-5D597858EE2D}.Debug|Win32.Build.0 = Debug|Win32
		{2664D0DD-40EE-4046-BB3B-5D597858EE2D}.Debug|x64.ActiveCfg = Debug|x64
		{2664D0DD-40EE-4046-BB3B-5D597858EE2D}.Debug|x64.Build.0 = Debug|x64
		{2664D0DD-40EE-4046-BB3B-5D597858EE2D}.Release|Win32.ActiveCfg = Release|Win32
		{2664D0DD-40EE-4046-BB3B-5D597858EE2D}.Release|Win32.Build.0 = Release|Win32
		{2664D0DD-40EE-4046-BB3B-5D597858EE2D}.Release|x64.ActiveCfg = Release|x64
		{2664D0DD-40EE-4046-BB3B-5D597858EE2D}.Release|x64.Build.0 = Release|x64
		{A04B5B65-DB5C-4CF7-AFFE-829C761B4776}.Debug|Win32.ActiveCfg = Debug|Win32
		{A04B5B65-DB5C-4CF7-AFFE-829C761B4776}.Debug|Win32.Build.0 = Debug|Win32
		{A04B5B65-DB5C-4CF7-AFFE-829C761B4776}.Debug|x64.ActiveCfg = Debug|x64
		{A04B5B65-DB5C-4CF7-AFFE-829C761B4776}.Debug|x64.Build.0 = Debug|x64
		{A04B5B65-DB5C-4CF7-AFFE-829C761B4776}.Release|Win32.ActiveCfg = Release|Win32
		{A04B5B65-DB5C-4CF7-AFFE-829C761B4776}.Release|Win32.Build.0 = Release|Win32
		{A04B5B65-DB5C-4CF7-AFFE-829C761B4776}.Release|x64.ActiveCfg = Release|x64
		{A04B5B65-DB5C-4CF7-AFFE-829C761B4776}.Release|x64.Build.0 = Release|x64
		{4354D2DB-52C3-4FAE-A788-2D1D2521E059}.Debug|Win32.ActiveCfg = Debug|Win32
		{4354D2DB-52C3-4FAE-A788-2D1D2521E059}.Debug|Win32.Build.0 = Debug|Win32
		{4354D2DB-52C3-4FAE-A788-2D1D2521E059}.Debug|x64.ActiveCfg = Debug|x64
		{4354D2DB-52C3-4FAE-A788-2D1D2521E059}.Debug|x64.Build.0 = Debug|x64
		{4354D2DB-52C3-4FAE-A788-2D1D2521E059}.Release|Win32.ActiveCfg = Release|Win32
		{4354D2DB-52C3-4FAE-A788-2D1D2521E059}.Release|Win32.Build.0 = Release|Win32
		{4354D2DB-52C3-4FAE-A788-2D1D2521E059}.Release|x64.ActiveCfg = Release|x64
		{4354D2DB-52C3-4FAE-A788-2D1D2521E059}.Release|x64.Build.0 = Release|x64
		{1615063D-1E61-40FB-A919-BE824A3BF6B1}.Debug|Win32.ActiveCfg = Debug|Win32
		{1615063D-1E61-40FB-A919-BE824A3BF6B1}.Debug|Win32.Build.0 = Debug|Win32
		{1615063D-1E61-40FB-A919-BE824A3BF6B1}.Debug|x64.ActiveCfg = Debug|x64
		{1615063D-1E61-40FB-A919-BE824A3BF6B1}.Debug|x64.Build.0 = Debug|x64
		{1615063D-1E61-40FB-A919-BE824A3BF6B1}.Release|Win32.ActiveCfg = Release|Win32
		{1615063D-1E61-40FB-A919-BE824A3BF6B1}.Release|Win32.Build.0 = Release|Win32
		{1615063D-1E61-40FB-A919-BE824A3BF6B1}.Release|x64.ActiveCfg = Release|x64
		{1615063D-1E61-40FB-A919-BE824A3BF6B1}.Release|x64.Build.0 = Release|x64
		{C0209C6F-5C1D-4743-A913-AC4A7984F830}.Debug|Win32.ActiveCfg = Debug|Win32
		{C0209C6F-5C1D-4743-A913-AC4A7984F830}.Debug|Win32.Build.0 = Debug|Win32
		{C0209C6F-5C1D-4743-A913-AC4A7984F830}.Debug|x64.ActiveCfg = Debug|x64
		{C0209C6F-5C1D-4743-A913-AC4A7984F830}.Debug|x64.Build.0 = Debug|x64
		{C0209C6F-5C1D-4743-A913-AC4A7984F830}.Release|Win32.ActiveCfg = Release|Win32
		{C0209C6F-5C1D-4743-A913-AC4A7984F830}.Release|Win32.Build.0 = Release|Win32
		{C0209C6F-5C1D-4743-A913-AC4A7984F830}.Release|x64.ActiveCfg = Release|x64
		{C0209C6F-5C1D-4743-A913-AC4A7984F830}.Release|x64.Build.0 = Release|x64
	EndGlobalSection
	GlobalSection(SolutionProperties) = preSolution
		HideSolutionNode = FALSE
	EndGlobalSection
	GlobalSection(NestedProjects) = preSolution
		{A8104AFF-8102-49F8-ACD3-0E4A059E559F} = {DD95F935-934A-4FD3-BFE3-89AE9B3E2AF0}
		{FC470206-6F71-4925-BE63-6DB515EF3A44} = {DD95F935-934A-4FD3-BFE3-89AE9B3E2AF0}
		{D27AE347-08BC-4938-B473-6365CAB8E3C2} = {DD95F935-934A-4FD3-BFE3-89AE9B3E2AF0}
		{01BEE73E-6F42-4714-9CE6-D968CE1F49D6} = {DD95F935-934A-4FD3-BFE3-89AE9B3E2AF0}
		{97B29ACD-CF80-4AE0-9C6C-B414484480AD} = {DD95F935-934A-4FD3-BFE3-89AE9B3E2AF0}
		{3C5375B9-04EE-4136-A826-929B32175B32} = {DD95F935-934A-4FD3-BFE3-89AE9B3E2AF0}
		{93DA633D-861B-4404-812E-BB5583DEB127} = {06BAB4C7-2351-4C41-B7E7-4BEE5BCF5019}
		{DA77AC0E-53C0-41F8-904D-5DB3FC795B87} = {95E1BA0C-E635-48E4-82BB-83B3AFE34F78}
		{10B8265C-D814-3269-9AEF-6C50F1815909} = {95E1BA0C-E635-48E4-82BB-83B3AFE34F78}
		{A712E485-363A-46BB-8128-27CE1C109827} = {06BAB4C7-2351-4C41-B7E7-4BEE5BCF5019}
		{A8696FCD-70AA-31E3-BD18-AC85D2BED14E} = {95E1BA0C-E635-48E4-82BB-83B3AFE34F78}
		{1618A8F9-FFD8-34BD-B1CD-1C8C4E13A9B6} = {95E1BA0C-E635-48E4-82BB-83B3AFE34F78}
		{8E809E09-D93A-34A4-89DD-2A962DD66F4B} = {95E1BA0C-E635-48E4-82BB-83B3AFE34F78}
		{6D369816-6500-3B97-9A71-2F456B881693} = {95E1BA0C-E635-48E4-82BB-83B3AFE34F78}
		{B326AAA3-5B95-3DDC-9303-94FDAD8439A6} = {95E1BA0C-E635-48E4-82BB-83B3AFE34F78}
		{C4B51150-FBC7-30E0-AF72-8685DE90BF2E} = {95E1BA0C-E635-48E4-82BB-83B3AFE34F78}
		{0B5CE246-1207-32D0-AE3C-2B017D3A5D9B} = {95E1BA0C-E635-48E4-82BB-83B3AFE34F78}
		{1473CD24-3277-477E-B59D-CC7B5C965F06} = {95E1BA0C-E635-48E4-82BB-83B3AFE34F78}
		{78B1A957-88FF-4714-BD61-96B85BFDB5EA} = {95E1BA0C-E635-48E4-82BB-83B3AFE34F78}
		{F4463B8D-A7B2-412B-AB71-1EC60A881EBE} = {95E1BA0C-E635-48E4-82BB-83B3AFE34F78}
		{0D760750-01C4-47CA-B763-B3838E5C2937} = {95E1BA0C-E635-48E4-82BB-83B3AFE34F78}
		{445E0A84-53DF-4A95-B848-2033D9F0A98B} = {06BAB4C7-2351-4C41-B7E7-4BEE5BCF5019}
		{3486F694-BCDD-41B5-8932-3101B43443BD} = {95E1BA0C-E635-48E4-82BB-83B3AFE34F78}
		{7E8DCDC6-DBB6-394E-B1C2-C1CBDC990655} = {95E1BA0C-E635-48E4-82BB-83B3AFE34F78}
		{2702C08D-D9F9-4559-8A8A-FB2CF97FBDB2} = {95E1BA0C-E635-48E4-82BB-83B3AFE34F78}
		{C2C5BF34-8798-411E-87AB-9CFB13E2D8F8} = {06BAB4C7-2351-4C41-B7E7-4BEE5BCF5019}
		{B1C6E4EE-CFAF-452B-A6DC-70CC90415519} = {DD95F935-934A-4FD3-BFE3-89AE9B3E2AF0}
		{A8173152-394E-40B3-B632-A3ABF5739E20} = {DD95F935-934A-4FD3-BFE3-89AE9B3E2AF0}
		{A7F44EB3-FA60-4A15-A495-5B0A4647F75D} = {06BAB4C7-2351-4C41-B7E7-4BEE5BCF5019}
		{23803BA3-C253-4767-BB09-4642527863EF} = {94BCBF66-88E6-4050-885B-5CD4E0E26791}
		{EBE098FD-0C88-4200-9AE2-BF9B60B0DA25} = {94BCBF66-88E6-4050-885B-5CD4E0E26791}
		{46B73045-0225-4E65-B095-2138C4B797E6} = {94BCBF66-88E6-4050-885B-5CD4E0E26791}
		{F836FB7A-EE7E-44AD-9532-C8684B649395} = {94BCBF66-88E6-4050-885B-5CD4E0E26791}
		{D4E20C17-D415-442A-A016-43E17B3BF637} = {94BCBF66-88E6-4050-885B-5CD4E0E26791}
		{14F38C90-0E9E-4C15-A4C8-E54F846F2FF3} = {94BCBF66-88E6-4050-885B-5CD4E0E26791}
		{B4E18935-C215-4E85-813F-98BCF3FD044F} = {94BCBF66-88E6-4050-885B-5CD4E0E26791}
		{20711019-A50D-438F-BE72-82CDFAF09DDE} = {94BCBF66-88E6-4050-885B-5CD4E0E26791}
		{7F56B02C-F71C-4651-A0FC-875BED0D1802} = {94BCBF66-88E6-4050-885B-5CD4E0E26791}
		{C3F8420D-C097-4BB8-B67C-6988E807670B} = {94BCBF66-88E6-4050-885B-5CD4E0E26791}
		{0FC66C04-CF03-45F7-9011-C4E970034785} = {94BCBF66-88E6-4050-885B-5CD4E0E26791}
		{91CD29A1-F379-4F47-B060-DA844FE5A45D} = {94BCBF66-88E6-4050-885B-5CD4E0E26791}
		{FDA1612E-4B60-431C-98D9-AC54CF9855CD} = {94BCBF66-88E6-4050-885B-5CD4E0E26791}
		{C588838C-9C07-47BB-B879-227B60D83DFD} = {94BCBF66-88E6-4050-885B-5CD4E0E26791}
		{25921387-F4A4-4930-B923-8EEF851C54BC} = {94BCBF66-88E6-4050-885B-5CD4E0E26791}
		{77E4B5F7-C822-4435-9120-C090F95BD08F} = {94BCBF66-88E6-4050-885B-5CD4E0E26791}
		{2D419F44-F7AB-4E3C-A900-14DFFA7A9D68} = {94BCBF66-88E6-4050-885B-5CD4E0E26791}
		{A5894BF6-8AA8-4670-895F-5A6770F43A0C} = {94BCBF66-88E6-4050-885B-5CD4E0E26791}
		{2B338C47-3F92-4A52-A9BE-3C56ACCDF6A1} = {94BCBF66-88E6-4050-885B-5CD4E0E26791}
		{2664D0DD-40EE-4046-BB3B-5D597858EE2D} = {94BCBF66-88E6-4050-885B-5CD4E0E26791}
		{A04B5B65-DB5C-4CF7-AFFE-829C761B4776} = {94BCBF66-88E6-4050-885B-5CD4E0E26791}
		{4354D2DB-52C3-4FAE-A788-2D1D2521E059} = {94BCBF66-88E6-4050-885B-5CD4E0E26791}
		{1615063D-1E61-40FB-A919-BE824A3BF6B1} = {94BCBF66-88E6-4050-885B-5CD4E0E26791}
		{C0209C6F-5C1D-4743-A913-AC4A7984F830} = {94BCBF66-88E6-4050-885B-5CD4E0E26791}
	EndGlobalSection
EndGlobal
