<?xml version="1.0" encoding="utf-8"?>
<Project ToolsVersion="14.0" xmlns="http://schemas.microsoft.com/developer/msbuild/2003">
  <ItemGroup>
    <ClCompile Include="src\align.cpp">
      <Filter>Src</Filter>
    </ClCompile>
    <ClCompile Include="src\calibrate.cpp">
      <Filter>Src</Filter>
    </ClCompile>
    <ClCompile Include="src\contrast_preserve.cpp">
      <Filter>Src</Filter>
    </ClCompile>
    <ClCompile Include="src\denoise_tvl1.cpp">
      <Filter>Src</Filter>
    </ClCompile>
    <ClCompile Include="src\denoising.cpp">
      <Filter>Src</Filter>
    </ClCompile>
    <ClCompile Include="src\denoising.cuda.cpp">
      <Filter>Src</Filter>
    </ClCompile>
    <ClCompile Include="src\hdr_common.cpp">
      <Filter>Src</Filter>
    </ClCompile>
    <ClCompile Include="src\inpaint.cpp">
      <Filter>Src</Filter>
    </ClCompile>
    <ClCompile Include="src\merge.cpp">
      <Filter>Src</Filter>
    </ClCompile>
    <ClCompile Include="src\npr.cpp">
      <Filter>Src</Filter>
    </ClCompile>
    <ClCompile Include="src\seamless_cloning.cpp">
      <Filter>Src</Filter>
    </ClCompile>
    <ClCompile Include="src\seamless_cloning_impl.cpp">
      <Filter>Src</Filter>
    </ClCompile>
    <ClCompile Include="src\tonemap.cpp">
      <Filter>Src</Filter>
    </ClCompile>
    <ClCompile Include="opencl_kernels_photo.cpp">
      <Filter>Src\opencl\kernels\autogenerated</Filter>
    </ClCompile>
    <ClCompile Include="opencv_photo_pch.cpp">
      <Filter>Src</Filter>
    </ClCompile>
  </ItemGroup>
  <ItemGroup>
    <ClInclude Include="include\opencv2\photo.hpp">
      <Filter>Include\opencv2</Filter>
    </ClInclude>
    <ClInclude Include="include\opencv2\photo\cuda.hpp">
      <Filter>Include\opencv2\photo</Filter>
    </ClInclude>
    <ClInclude Include="include\opencv2\photo\photo.hpp">
      <Filter>Include\opencv2\photo</Filter>
    </ClInclude>
    <ClInclude Include="include\opencv2\photo\photo_c.h">
      <Filter>Include\opencv2\photo</Filter>
    </ClInclude>
    <ClInclude Include="opencl_kernels_photo.hpp">
      <Filter>Src\opencl\kernels\autogenerated</Filter>
    </ClInclude>
    <ClInclude Include="src\arrays.hpp">
      <Filter>Src</Filter>
    </ClInclude>
    <ClInclude Include="src\contrast_preserve.hpp">
      <Filter>Src</Filter>
    </ClInclude>
    <ClInclude Include="src\fast_nlmeans_denoising_invoker.hpp">
      <Filter>Src</Filter>
    </ClInclude>
    <ClInclude Include="src\fast_nlmeans_denoising_invoker_commons.hpp">
      <Filter>Src</Filter>
    </ClInclude>
    <ClInclude Include="src\fast_nlmeans_denoising_opencl.hpp">
      <Filter>Src</Filter>
    </ClInclude>
    <ClInclude Include="src\fast_nlmeans_multi_denoising_invoker.hpp">
      <Filter>Src</Filter>
    </ClInclude>
    <ClInclude Include="src\hdr_common.hpp">
      <Filter>Src</Filter>
    </ClInclude>
    <ClInclude Include="src\npr.hpp">
      <Filter>Src</Filter>
    </ClInclude>
    <ClInclude Include="src\precomp.hpp">
      <Filter>Src</Filter>
    </ClInclude>
    <ClInclude Include="src\seamless_cloning.hpp">
      <Filter>Src</Filter>
    </ClInclude>
    <ClInclude Include="..\..\cvconfig.h">
      <Filter>Include</Filter>
    </ClInclude>
    <ClInclude Include="..\..\opencv2\opencv_modules.hpp">
      <Filter>Include</Filter>
    </ClInclude>
  </ItemGroup>
  <ItemGroup>
    <None Include="src\opencl\nlmeans.cl">
      <Filter>Src\opencl\kernels</Filter>
    </None>
  </ItemGroup>
  <ItemGroup>
    <Filter Include="Src\opencl">
      <UniqueIdentifier>{70147B57-CEDA-42CD-92D3-16C9B999534E}</UniqueIdentifier>
    </Filter>
    <Filter Include="Src\opencl\kernels\autogenerated">
      <UniqueIdentifier>{1B6437DB-2070-4C78-8F92-56CCFF03206D}</UniqueIdentifier>
    </Filter>
    <Filter Include="Include\opencv2">
      <UniqueIdentifier>{8750B385-9140-448F-99BB-233E082AF528}</UniqueIdentifier>
    </Filter>
    <Filter Include="Include\opencv2\photo">
      <UniqueIdentifier>{AB5FC4CB-00A5-4D5E-B8E7-780A0FB33F24}</UniqueIdentifier>
    </Filter>
    <Filter Include="Src\opencl\kernels">
      <UniqueIdentifier>{8EABD7EE-7A20-4ABE-94CC-2AC9D0168367}</UniqueIdentifier>
    </Filter>
    <Filter Include="Src">
      <UniqueIdentifier>{CCD6B23C-58E5-49C5-805C-75D556D2D3DB}</UniqueIdentifier>
    </Filter>
    <Filter Include="Include">
      <UniqueIdentifier>{138C8725-9984-4E38-93C3-432FA044E89A}</UniqueIdentifier>
    </Filter>
  </ItemGroup>
</Project>