Microsoft Visual Studio Solution File, Format Version 12.00
# Visual Studio 14
Project("{8BC9CEB8-8B4A-11D0-8D11-00A0C91BC942}") = "ALL_BUILD", "ALL_BUILD.vcxproj", "{A5F07E83-656B-4A31-8281-77398A340123}"
	ProjectSection(ProjectDependencies) = postProject
		{7027CF88-DD53-484B-BA80-B46FB6DA29B2} = {7027CF88-DD53-484B-BA80-B46FB6DA29B2}
		{02AC9AD7-7B80-49C3-917C-A05F48F19049} = {02AC9AD7-7B80-49C3-917C-A05F48F19049}
		{3486F694-BCDD-41B5-8932-3101B43443BD} = {3486F694-BCDD-41B5-8932-3101B43443BD}
	EndProjectSection
EndProject
Project("{8BC9CEB8-8B4A-11D0-8D11-00A0C91BC942}") = "INSTALL", "INSTALL.vcxproj", "{5EB0983E-0E94-4A63-A5EF-F8B62ECD7E2B}"
	ProjectSection(ProjectDependencies) = postProject
		{A5F07E83-656B-4A31-8281-77398A340123} = {A5F07E83-656B-4A31-8281-77398A340123}
	EndProjectSection
EndProject
Project("{8BC9CEB8-8B4A-11D0-8D11-00A0C91BC942}") = "IlmImf", "..\..\3rdparty\openexr\IlmImf.vcxproj", "{A8104AFF-8102-49F8-ACD3-0E4A059E559F}"
	ProjectSection(ProjectDependencies) = postProject
		{AD989D7F-F15F-4F22-9014-3059B6FC8C9E} = {AD989D7F-F15F-4F22-9014-3059B6FC8C9E}
		{B1C6E4EE-CFAF-452B-A6DC-70CC90415519} = {B1C6E4EE-CFAF-452B-A6DC-70CC90415519}
	EndProjectSection
EndProject
Project("{8BC9CEB8-8B4A-11D0-8D11-00A0C91BC942}") = "PACKAGE", "PACKAGE.vcxproj", "{41E4C3A6-6276-423E-A88C-2D422ED70855}"
	ProjectSection(ProjectDependencies) = postProject
		{A5F07E83-656B-4A31-8281-77398A340123} = {A5F07E83-656B-4A31-8281-77398A340123}
	EndProjectSection
EndProject
Project("{8BC9CEB8-8B4A-11D0-8D11-00A0C91BC942}") = "RUN_TESTS", "RUN_TESTS.vcxproj", "{8569CF10-78A8-4B26-9DCF-1BA65A142468}"
	ProjectSection(ProjectDependencies) = postProject
	EndProjectSection
EndProject
Project("{8BC9CEB8-8B4A-11D0-8D11-00A0C91BC942}") = "ZERO_CHECK", "..\..\ZERO_CHECK.vcxproj", "{AD989D7F-F15F-4F22-9014-3059B6FC8C9E}"
	ProjectSection(ProjectDependencies) = postProject
	EndProjectSection
EndProject
Project("{8BC9CEB8-8B4A-11D0-8D11-00A0C91BC942}") = "libjasper", "..\..\3rdparty\libjasper\libjasper.vcxproj", "{FC470206-6F71-4925-BE63-6DB515EF3A44}"
	ProjectSection(ProjectDependencies) = postProject
		{AD989D7F-F15F-4F22-9014-3059B6FC8C9E} = {AD989D7F-F15F-4F22-9014-3059B6FC8C9E}
	EndProjectSection
EndProject
Project("{8BC9CEB8-8B4A-11D0-8D11-00A0C91BC942}") = "libjpeg", "..\..\3rdparty\libjpeg\libjpeg.vcxproj", "{D27AE347-08BC-4938-B473-6365CAB8E3C2}"
	ProjectSection(ProjectDependencies) = postProject
		{AD989D7F-F15F-4F22-9014-3059B6FC8C9E} = {AD989D7F-F15F-4F22-9014-3059B6FC8C9E}
	EndProjectSection
EndProject
Project("{8BC9CEB8-8B4A-11D0-8D11-00A0C91BC942}") = "libpng", "..\..\3rdparty\libpng\libpng.vcxproj", "{01BEE73E-6F42-4714-9CE6-D968CE1F49D6}"
	ProjectSection(ProjectDependencies) = postProject
		{AD989D7F-F15F-4F22-9014-3059B6FC8C9E} = {AD989D7F-F15F-4F22-9014-3059B6FC8C9E}
		{B1C6E4EE-CFAF-452B-A6DC-70CC90415519} = {B1C6E4EE-CFAF-452B-A6DC-70CC90415519}
	EndProjectSection
EndProject
Project("{8BC9CEB8-8B4A-11D0-8D11-00A0C91BC942}") = "libtiff", "..\..\3rdparty\libtiff\libtiff.vcxproj", "{97B29ACD-CF80-4AE0-9C6C-B414484480AD}"
	ProjectSection(ProjectDependencies) = postProject
		{AD989D7F-F15F-4F22-9014-3059B6FC8C9E} = {AD989D7F-F15F-4F22-9014-3059B6FC8C9E}
		{B1C6E4EE-CFAF-452B-A6DC-70CC90415519} = {B1C6E4EE-CFAF-452B-A6DC-70CC90415519}
	EndProjectSection
EndProject
Project("{8BC9CEB8-8B4A-11D0-8D11-00A0C91BC942}") = "libwebp", "..\..\3rdparty\libwebp\libwebp.vcxproj", "{3C5375B9-04EE-4136-A826-929B32175B32}"
	ProjectSection(ProjectDependencies) = postProject
		{AD989D7F-F15F-4F22-9014-3059B6FC8C9E} = {AD989D7F-F15F-4F22-9014-3059B6FC8C9E}
	EndProjectSection
EndProject
Project("{8BC9CEB8-8B4A-11D0-8D11-00A0C91BC942}") = "opencv_core", "..\core\opencv_core.vcxproj", "{AB3B808D-2A2D-4F03-BFA5-E35F5CE8487B}"
	ProjectSection(ProjectDependencies) = postProject
		{AD989D7F-F15F-4F22-9014-3059B6FC8C9E} = {AD989D7F-F15F-4F22-9014-3059B6FC8C9E}
		{B1C6E4EE-CFAF-452B-A6DC-70CC90415519} = {B1C6E4EE-CFAF-452B-A6DC-70CC90415519}
	EndProjectSection
EndProject
Project("{8BC9CEB8-8B4A-11D0-8D11-00A0C91BC942}") = "opencv_highgui", "..\highgui\opencv_highgui.vcxproj", "{ADB636AC-2860-4C5C-B9B2-81810FF3D5F8}"
	ProjectSection(ProjectDependencies) = postProject
		{AD989D7F-F15F-4F22-9014-3059B6FC8C9E} = {AD989D7F-F15F-4F22-9014-3059B6FC8C9E}
		{AB3B808D-2A2D-4F03-BFA5-E35F5CE8487B} = {AB3B808D-2A2D-4F03-BFA5-E35F5CE8487B}
		{D565070C-0587-4ADF-815A-29ACA1BB11AB} = {D565070C-0587-4ADF-815A-29ACA1BB11AB}
		{5344FDCB-ABC0-484D-8BAC-5D174C1C1850} = {5344FDCB-ABC0-484D-8BAC-5D174C1C1850}
		{9AC488EE-D55B-416F-8725-C7F6930F7C77} = {9AC488EE-D55B-416F-8725-C7F6930F7C77}
	EndProjectSection
EndProject
Project("{8BC9CEB8-8B4A-11D0-8D11-00A0C91BC942}") = "opencv_imgcodecs", "..\imgcodecs\opencv_imgcodecs.vcxproj", "{D565070C-0587-4ADF-815A-29ACA1BB11AB}"
	ProjectSection(ProjectDependencies) = postProject
		{A8104AFF-8102-49F8-ACD3-0E4A059E559F} = {A8104AFF-8102-49F8-ACD3-0E4A059E559F}
		{AD989D7F-F15F-4F22-9014-3059B6FC8C9E} = {AD989D7F-F15F-4F22-9014-3059B6FC8C9E}
		{FC470206-6F71-4925-BE63-6DB515EF3A44} = {FC470206-6F71-4925-BE63-6DB515EF3A44}
		{D27AE347-08BC-4938-B473-6365CAB8E3C2} = {D27AE347-08BC-4938-B473-6365CAB8E3C2}
		{01BEE73E-6F42-4714-9CE6-D968CE1F49D6} = {01BEE73E-6F42-4714-9CE6-D968CE1F49D6}
		{97B29ACD-CF80-4AE0-9C6C-B414484480AD} = {97B29ACD-CF80-4AE0-9C6C-B414484480AD}
		{3C5375B9-04EE-4136-A826-929B32175B32} = {3C5375B9-04EE-4136-A826-929B32175B32}
		{AB3B808D-2A2D-4F03-BFA5-E35F5CE8487B} = {AB3B808D-2A2D-4F03-BFA5-E35F5CE8487B}
		{5344FDCB-ABC0-484D-8BAC-5D174C1C1850} = {5344FDCB-ABC0-484D-8BAC-5D174C1C1850}
		{B1C6E4EE-CFAF-452B-A6DC-70CC90415519} = {B1C6E4EE-CFAF-452B-A6DC-70CC90415519}
	EndProjectSection
EndProject
Project("{8BC9CEB8-8B4A-11D0-8D11-00A0C91BC942}") = "opencv_imgproc", "..\imgproc\opencv_imgproc.vcxproj", "{5344FDCB-ABC0-484D-8BAC-5D174C1C1850}"
	ProjectSection(ProjectDependencies) = postProject
		{AD989D7F-F15F-4F22-9014-3059B6FC8C9E} = {AD989D7F-F15F-4F22-9014-3059B6FC8C9E}
		{AB3B808D-2A2D-4F03-BFA5-E35F5CE8487B} = {AB3B808D-2A2D-4F03-BFA5-E35F5CE8487B}
	EndProjectSection
EndProject
Project("{8BC9CEB8-8B4A-11D0-8D11-00A0C91BC942}") = "opencv_perf_video", "opencv_perf_video.vcxproj", "{7027CF88-DD53-484B-BA80-B46FB6DA29B2}"
	ProjectSection(ProjectDependencies) = postProject
		{AD989D7F-F15F-4F22-9014-3059B6FC8C9E} = {AD989D7F-F15F-4F22-9014-3059B6FC8C9E}
		{AB3B808D-2A2D-4F03-BFA5-E35F5CE8487B} = {AB3B808D-2A2D-4F03-BFA5-E35F5CE8487B}
		{ADB636AC-2860-4C5C-B9B2-81810FF3D5F8} = {ADB636AC-2860-4C5C-B9B2-81810FF3D5F8}
		{D565070C-0587-4ADF-815A-29ACA1BB11AB} = {D565070C-0587-4ADF-815A-29ACA1BB11AB}
		{5344FDCB-ABC0-484D-8BAC-5D174C1C1850} = {5344FDCB-ABC0-484D-8BAC-5D174C1C1850}
		{F8C4B526-3B70-4DA0-8A2F-72D0DB317492} = {F8C4B526-3B70-4DA0-8A2F-72D0DB317492}
		{3486F694-BCDD-41B5-8932-3101B43443BD} = {3486F694-BCDD-41B5-8932-3101B43443BD}
		{9AC488EE-D55B-416F-8725-C7F6930F7C77} = {9AC488EE-D55B-416F-8725-C7F6930F7C77}
	EndProjectSection
EndProject
Project("{8BC9CEB8-8B4A-11D0-8D11-00A0C91BC942}") = "opencv_test_video", "opencv_test_video.vcxproj", "{02AC9AD7-7B80-49C3-917C-A05F48F19049}"
	ProjectSection(ProjectDependencies) = postProject
		{AD989D7F-F15F-4F22-9014-3059B6FC8C9E} = {AD989D7F-F15F-4F22-9014-3059B6FC8C9E}
		{AB3B808D-2A2D-4F03-BFA5-E35F5CE8487B} = {AB3B808D-2A2D-4F03-BFA5-E35F5CE8487B}
		{ADB636AC-2860-4C5C-B9B2-81810FF3D5F8} = {ADB636AC-2860-4C5C-B9B2-81810FF3D5F8}
		{D565070C-0587-4ADF-815A-29ACA1BB11AB} = {D565070C-0587-4ADF-815A-29ACA1BB11AB}
		{5344FDCB-ABC0-484D-8BAC-5D174C1C1850} = {5344FDCB-ABC0-484D-8BAC-5D174C1C1850}
		{F8C4B526-3B70-4DA0-8A2F-72D0DB317492} = {F8C4B526-3B70-4DA0-8A2F-72D0DB317492}
		{3486F694-BCDD-41B5-8932-3101B43443BD} = {3486F694-BCDD-41B5-8932-3101B43443BD}
		{9AC488EE-D55B-416F-8725-C7F6930F7C77} = {9AC488EE-D55B-416F-8725-C7F6930F7C77}
	EndProjectSection
EndProject
Project("{8BC9CEB8-8B4A-11D0-8D11-00A0C91BC942}") = "opencv_ts", "..\ts\opencv_ts.vcxproj", "{F8C4B526-3B70-4DA0-8A2F-72D0DB317492}"
	ProjectSection(ProjectDependencies) = postProject
		{AD989D7F-F15F-4F22-9014-3059B6FC8C9E} = {AD989D7F-F15F-4F22-9014-3059B6FC8C9E}
		{AB3B808D-2A2D-4F03-BFA5-E35F5CE8487B} = {AB3B808D-2A2D-4F03-BFA5-E35F5CE8487B}
		{ADB636AC-2860-4C5C-B9B2-81810FF3D5F8} = {ADB636AC-2860-4C5C-B9B2-81810FF3D5F8}
		{D565070C-0587-4ADF-815A-29ACA1BB11AB} = {D565070C-0587-4ADF-815A-29ACA1BB11AB}
		{5344FDCB-ABC0-484D-8BAC-5D174C1C1850} = {5344FDCB-ABC0-484D-8BAC-5D174C1C1850}
		{9AC488EE-D55B-416F-8725-C7F6930F7C77} = {9AC488EE-D55B-416F-8725-C7F6930F7C77}
	EndProjectSection
EndProject
Project("{8BC9CEB8-8B4A-11D0-8D11-00A0C91BC942}") = "opencv_video", "opencv_video.vcxproj", "{3486F694-BCDD-41B5-8932-3101B43443BD}"
	ProjectSection(ProjectDependencies) = postProject
		{AD989D7F-F15F-4F22-9014-3059B6FC8C9E} = {AD989D7F-F15F-4F22-9014-3059B6FC8C9E}
		{AB3B808D-2A2D-4F03-BFA5-E35F5CE8487B} = {AB3B808D-2A2D-4F03-BFA5-E35F5CE8487B}
		{5344FDCB-ABC0-484D-8BAC-5D174C1C1850} = {5344FDCB-ABC0-484D-8BAC-5D174C1C1850}
	EndProjectSection
EndProject
Project("{8BC9CEB8-8B4A-11D0-8D11-00A0C91BC942}") = "opencv_videoio", "..\videoio\opencv_videoio.vcxproj", "{9AC488EE-D55B-416F-8725-C7F6930F7C77}"
	ProjectSection(ProjectDependencies) = postProject
		{AD989D7F-F15F-4F22-9014-3059B6FC8C9E} = {AD989D7F-F15F-4F22-9014-3059B6FC8C9E}
		{AB3B808D-2A2D-4F03-BFA5-E35F5CE8487B} = {AB3B808D-2A2D-4F03-BFA5-E35F5CE8487B}
		{D565070C-0587-4ADF-815A-29ACA1BB11AB} = {D565070C-0587-4ADF-815A-29ACA1BB11AB}
		{5344FDCB-ABC0-484D-8BAC-5D174C1C1850} = {5344FDCB-ABC0-484D-8BAC-5D174C1C1850}
	EndProjectSection
EndProject
Project("{8BC9CEB8-8B4A-11D0-8D11-00A0C91BC942}") = "zlib", "..\..\3rdparty\zlib\zlib.vcxproj", "{B1C6E4EE-CFAF-452B-A6DC-70CC90415519}"
	ProjectSection(ProjectDependencies) = postProject
		{AD989D7F-F15F-4F22-9014-3059B6FC8C9E} = {AD989D7F-F15F-4F22-9014-3059B6FC8C9E}
	EndProjectSection
EndProject
Project("{2150E333-8FDC-42A3-9474-1A3956D46DE8}") = "3rdparty", "3rdparty", "{DD95F935-934A-4FD3-BFE3-89AE9B3E2AF0}"
EndProject
Project("{2150E333-8FDC-42A3-9474-1A3956D46DE8}") = "CMakeTargets", "CMakeTargets", "{E3A8E0A9-84B7-4F88-9FC9-9D85AB3052C6}"
EndProject
Project("{2150E333-8FDC-42A3-9474-1A3956D46DE8}") = "modules", "modules", "{95E1BA0C-E635-48E4-82BB-83B3AFE34F78}"
EndProject
Project("{2150E333-8FDC-42A3-9474-1A3956D46DE8}") = "tests accuracy", "tests accuracy", "{9E2E95E7-4AF4-47B8-8031-8D2C5D1E53CF}"
EndProject
Project("{2150E333-8FDC-42A3-9474-1A3956D46DE8}") = "tests performance", "tests performance", "{D4C7A4A9-E24E-4F4D-8386-9F8FDD50FBA1}"
EndProject
Global
	GlobalSection(SolutionConfigurationPlatforms) = preSolution
		Debug|Win32 = Debug|Win32
		Release|Win32 = Release|Win32
	EndGlobalSection
	GlobalSection(ProjectConfigurationPlatforms) = postSolution
		{A5F07E83-656B-4A31-8281-77398A340123}.Debug|Win32.ActiveCfg = Debug|Win32
		{A5F07E83-656B-4A31-8281-77398A340123}.Debug|Win32.Build.0 = Debug|Win32
		{A5F07E83-656B-4A31-8281-77398A340123}.Release|Win32.ActiveCfg = Release|Win32
		{A5F07E83-656B-4A31-8281-77398A340123}.Release|Win32.Build.0 = Release|Win32
		{5EB0983E-0E94-4A63-A5EF-F8B62ECD7E2B}.Debug|Win32.ActiveCfg = Debug|Win32
		{5EB0983E-0E94-4A63-A5EF-F8B62ECD7E2B}.Release|Win32.ActiveCfg = Release|Win32
		{A8104AFF-8102-49F8-ACD3-0E4A059E559F}.Debug|Win32.ActiveCfg = Debug|Win32
		{A8104AFF-8102-49F8-ACD3-0E4A059E559F}.Debug|Win32.Build.0 = Debug|Win32
		{A8104AFF-8102-49F8-ACD3-0E4A059E559F}.Release|Win32.ActiveCfg = Release|Win32
		{A8104AFF-8102-49F8-ACD3-0E4A059E559F}.Release|Win32.Build.0 = Release|Win32
		{41E4C3A6-6276-423E-A88C-2D422ED70855}.Debug|Win32.ActiveCfg = Debug|Win32
		{41E4C3A6-6276-423E-A88C-2D422ED70855}.Release|Win32.ActiveCfg = Release|Win32
		{8569CF10-78A8-4B26-9DCF-1BA65A142468}.Debug|Win32.ActiveCfg = Debug|Win32
		{8569CF10-78A8-4B26-9DCF-1BA65A142468}.Release|Win32.ActiveCfg = Release|Win32
		{AD989D7F-F15F-4F22-9014-3059B6FC8C9E}.Debug|Win32.ActiveCfg = Debug|Win32
		{AD989D7F-F15F-4F22-9014-3059B6FC8C9E}.Debug|Win32.Build.0 = Debug|Win32
		{AD989D7F-F15F-4F22-9014-3059B6FC8C9E}.Release|Win32.ActiveCfg = Release|Win32
		{AD989D7F-F15F-4F22-9014-3059B6FC8C9E}.Release|Win32.Build.0 = Release|Win32
		{FC470206-6F71-4925-BE63-6DB515EF3A44}.Debug|Win32.ActiveCfg = Debug|Win32
		{FC470206-6F71-4925-BE63-6DB515EF3A44}.Debug|Win32.Build.0 = Debug|Win32
		{FC470206-6F71-4925-BE63-6DB515EF3A44}.Release|Win32.ActiveCfg = Release|Win32
		{FC470206-6F71-4925-BE63-6DB515EF3A44}.Release|Win32.Build.0 = Release|Win32
		{D27AE347-08BC-4938-B473-6365CAB8E3C2}.Debug|Win32.ActiveCfg = Debug|Win32
		{D27AE347-08BC-4938-B473-6365CAB8E3C2}.Debug|Win32.Build.0 = Debug|Win32
		{D27AE347-08BC-4938-B473-6365CAB8E3C2}.Release|Win32.ActiveCfg = Release|Win32
		{D27AE347-08BC-4938-B473-6365CAB8E3C2}.Release|Win32.Build.0 = Release|Win32
		{01BEE73E-6F42-4714-9CE6-D968CE1F49D6}.Debug|Win32.ActiveCfg = Debug|Win32
		{01BEE73E-6F42-4714-9CE6-D968CE1F49D6}.Debug|Win32.Build.0 = Debug|Win32
		{01BEE73E-6F42-4714-9CE6-D968CE1F49D6}.Release|Win32.ActiveCfg = Release|Win32
		{01BEE73E-6F42-4714-9CE6-D968CE1F49D6}.Release|Win32.Build.0 = Release|Win32
		{97B29ACD-CF80-4AE0-9C6C-B414484480AD}.Debug|Win32.ActiveCfg = Debug|Win32
		{97B29ACD-CF80-4AE0-9C6C-B414484480AD}.Debug|Win32.Build.0 = Debug|Win32
		{97B29ACD-CF80-4AE0-9C6C-B414484480AD}.Release|Win32.ActiveCfg = Release|Win32
		{97B29ACD-CF80-4AE0-9C6C-B414484480AD}.Release|Win32.Build.0 = Release|Win32
		{3C5375B9-04EE-4136-A826-929B32175B32}.Debug|Win32.ActiveCfg = Debug|Win32
		{3C5375B9-04EE-4136-A826-929B32175B32}.Debug|Win32.Build.0 = Debug|Win32
		{3C5375B9-04EE-4136-A826-929B32175B32}.Release|Win32.ActiveCfg = Release|Win32
		{3C5375B9-04EE-4136-A826-929B32175B32}.Release|Win32.Build.0 = Release|Win32
		{AB3B808D-2A2D-4F03-BFA5-E35F5CE8487B}.Debug|Win32.ActiveCfg = Debug|Win32
		{AB3B808D-2A2D-4F03-BFA5-E35F5CE8487B}.Debug|Win32.Build.0 = Debug|Win32
		{AB3B808D-2A2D-4F03-BFA5-E35F5CE8487B}.Release|Win32.ActiveCfg = Release|Win32
		{AB3B808D-2A2D-4F03-BFA5-E35F5CE8487B}.Release|Win32.Build.0 = Release|Win32
		{ADB636AC-2860-4C5C-B9B2-81810FF3D5F8}.Debug|Win32.ActiveCfg = Debug|Win32
		{ADB636AC-2860-4C5C-B9B2-81810FF3D5F8}.Debug|Win32.Build.0 = Debug|Win32
		{ADB636AC-2860-4C5C-B9B2-81810FF3D5F8}.Release|Win32.ActiveCfg = Release|Win32
		{ADB636AC-2860-4C5C-B9B2-81810FF3D5F8}.Release|Win32.Build.0 = Release|Win32
		{D565070C-0587-4ADF-815A-29ACA1BB11AB}.Debug|Win32.ActiveCfg = Debug|Win32
		{D565070C-0587-4ADF-815A-29ACA1BB11AB}.Debug|Win32.Build.0 = Debug|Win32
		{D565070C-0587-4ADF-815A-29ACA1BB11AB}.Release|Win32.ActiveCfg = Release|Win32
		{D565070C-0587-4ADF-815A-29ACA1BB11AB}.Release|Win32.Build.0 = Release|Win32
		{5344FDCB-ABC0-484D-8BAC-5D174C1C1850}.Debug|Win32.ActiveCfg = Debug|Win32
		{5344FDCB-ABC0-484D-8BAC-5D174C1C1850}.Debug|Win32.Build.0 = Debug|Win32
		{5344FDCB-ABC0-484D-8BAC-5D174C1C1850}.Release|Win32.ActiveCfg = Release|Win32
		{5344FDCB-ABC0-484D-8BAC-5D174C1C1850}.Release|Win32.Build.0 = Release|Win32
		{7027CF88-DD53-484B-BA80-B46FB6DA29B2}.Debug|Win32.ActiveCfg = Debug|Win32
		{7027CF88-DD53-484B-BA80-B46FB6DA29B2}.Debug|Win32.Build.0 = Debug|Win32
		{7027CF88-DD53-484B-BA80-B46FB6DA29B2}.Release|Win32.ActiveCfg = Release|Win32
		{7027CF88-DD53-484B-BA80-B46FB6DA29B2}.Release|Win32.Build.0 = Release|Win32
		{02AC9AD7-7B80-49C3-917C-A05F48F19049}.Debug|Win32.ActiveCfg = Debug|Win32
		{02AC9AD7-7B80-49C3-917C-A05F48F19049}.Debug|Win32.Build.0 = Debug|Win32
		{02AC9AD7-7B80-49C3-917C-A05F48F19049}.Release|Win32.ActiveCfg = Release|Win32
		{02AC9AD7-7B80-49C3-917C-A05F48F19049}.Release|Win32.Build.0 = Release|Win32
		{F8C4B526-3B70-4DA0-8A2F-72D0DB317492}.Debug|Win32.ActiveCfg = Debug|Win32
		{F8C4B526-3B70-4DA0-8A2F-72D0DB317492}.Debug|Win32.Build.0 = Debug|Win32
		{F8C4B526-3B70-4DA0-8A2F-72D0DB317492}.Release|Win32.ActiveCfg = Release|Win32
		{F8C4B526-3B70-4DA0-8A2F-72D0DB317492}.Release|Win32.Build.0 = Release|Win32
		{3486F694-BCDD-41B5-8932-3101B43443BD}.Debug|Win32.ActiveCfg = Debug|Win32
		{3486F694-BCDD-41B5-8932-3101B43443BD}.Debug|Win32.Build.0 = Debug|Win32
		{3486F694-BCDD-41B5-8932-3101B43443BD}.Release|Win32.ActiveCfg = Release|Win32
		{3486F694-BCDD-41B5-8932-3101B43443BD}.Release|Win32.Build.0 = Release|Win32
		{9AC488EE-D55B-416F-8725-C7F6930F7C77}.Debug|Win32.ActiveCfg = Debug|Win32
		{9AC488EE-D55B-416F-8725-C7F6930F7C77}.Debug|Win32.Build.0 = Debug|Win32
		{9AC488EE-D55B-416F-8725-C7F6930F7C77}.Release|Win32.ActiveCfg = Release|Win32
		{9AC488EE-D55B-416F-8725-C7F6930F7C77}.Release|Win32.Build.0 = Release|Win32
		{B1C6E4EE-CFAF-452B-A6DC-70CC90415519}.Debug|Win32.ActiveCfg = Debug|Win32
		{B1C6E4EE-CFAF-452B-A6DC-70CC90415519}.Debug|Win32.Build.0 = Debug|Win32
		{B1C6E4EE-CFAF-452B-A6DC-70CC90415519}.Release|Win32.ActiveCfg = Release|Win32
		{B1C6E4EE-CFAF-452B-A6DC-70CC90415519}.Release|Win32.Build.0 = Release|Win32
	EndGlobalSection
	GlobalSection(NestedProjects) = preSolution
		{A8104AFF-8102-49F8-ACD3-0E4A059E559F} = {DD95F935-934A-4FD3-BFE3-89AE9B3E2AF0}
		{FC470206-6F71-4925-BE63-6DB515EF3A44} = {DD95F935-934A-4FD3-BFE3-89AE9B3E2AF0}
		{D27AE347-08BC-4938-B473-6365CAB8E3C2} = {DD95F935-934A-4FD3-BFE3-89AE9B3E2AF0}
		{01BEE73E-6F42-4714-9CE6-D968CE1F49D6} = {DD95F935-934A-4FD3-BFE3-89AE9B3E2AF0}
		{97B29ACD-CF80-4AE0-9C6C-B414484480AD} = {DD95F935-934A-4FD3-BFE3-89AE9B3E2AF0}
		{3C5375B9-04EE-4136-A826-929B32175B32} = {DD95F935-934A-4FD3-BFE3-89AE9B3E2AF0}
		{B1C6E4EE-CFAF-452B-A6DC-70CC90415519} = {DD95F935-934A-4FD3-BFE3-89AE9B3E2AF0}
		{5EB0983E-0E94-4A63-A5EF-F8B62ECD7E2B} = {E3A8E0A9-84B7-4F88-9FC9-9D85AB3052C6}
		{41E4C3A6-6276-423E-A88C-2D422ED70855} = {E3A8E0A9-84B7-4F88-9FC9-9D85AB3052C6}
		{8569CF10-78A8-4B26-9DCF-1BA65A142468} = {E3A8E0A9-84B7-4F88-9FC9-9D85AB3052C6}
		{AD989D7F-F15F-4F22-9014-3059B6FC8C9E} = {E3A8E0A9-84B7-4F88-9FC9-9D85AB3052C6}
		{AB3B808D-2A2D-4F03-BFA5-E35F5CE8487B} = {95E1BA0C-E635-48E4-82BB-83B3AFE34F78}
		{ADB636AC-2860-4C5C-B9B2-81810FF3D5F8} = {95E1BA0C-E635-48E4-82BB-83B3AFE34F78}
		{D565070C-0587-4ADF-815A-29ACA1BB11AB} = {95E1BA0C-E635-48E4-82BB-83B3AFE34F78}
		{5344FDCB-ABC0-484D-8BAC-5D174C1C1850} = {95E1BA0C-E635-48E4-82BB-83B3AFE34F78}
		{F8C4B526-3B70-4DA0-8A2F-72D0DB317492} = {95E1BA0C-E635-48E4-82BB-83B3AFE34F78}
		{3486F694-BCDD-41B5-8932-3101B43443BD} = {95E1BA0C-E635-48E4-82BB-83B3AFE34F78}
		{9AC488EE-D55B-416F-8725-C7F6930F7C77} = {95E1BA0C-E635-48E4-82BB-83B3AFE34F78}
		{02AC9AD7-7B80-49C3-917C-A05F48F19049} = {9E2E95E7-4AF4-47B8-8031-8D2C5D1E53CF}
		{7027CF88-DD53-484B-BA80-B46FB6DA29B2} = {D4C7A4A9-E24E-4F4D-8386-9F8FDD50FBA1}
	EndGlobalSection
	GlobalSection(ExtensibilityGlobals) = postSolution
	EndGlobalSection
	GlobalSection(ExtensibilityAddIns) = postSolution
	EndGlobalSection
EndGlobal
